{
  "version": 4,
  "terraform_version": "0.12.24",
  "serial": 29,
  "lineage": "9625b50f-3076-1cba-bc1c-9408ce4bd004",
  "outputs": {
    "aws_instance": {
      "value": "ec2-54-224-117-63.compute-1.amazonaws.com",
      "type": "string"
    },
    "aws_secuirty_group": {
      "value": {
        "arn": "arn:aws:ec2:us-east-1:324576235387:security-group/sg-0a5d6a888b0d9c42f",
        "description": "Managed by Terraform",
        "egress": [
          {
            "cidr_blocks": [
              "0.0.0.0/0"
            ],
            "description": "",
            "from_port": 0,
            "ipv6_cidr_blocks": [],
            "prefix_list_ids": [],
            "protocol": "-1",
            "security_groups": [],
            "self": false,
            "to_port": 0
          }
        ],
        "id": "sg-0a5d6a888b0d9c42f",
        "ingress": [
          {
            "cidr_blocks": [
              "0.0.0.0/0"
            ],
            "description": "",
            "from_port": 22,
            "ipv6_cidr_blocks": [],
            "prefix_list_ids": [],
            "protocol": "tcp",
            "security_groups": [],
            "self": false,
            "to_port": 22
          },
          {
            "cidr_blocks": [
              "0.0.0.0/0"
            ],
            "description": null,
            "from_port": 80,
            "ipv6_cidr_blocks": [],
            "prefix_list_ids": [],
            "protocol": "tcp",
            "security_groups": [],
            "self": false,
            "to_port": 80
          }
        ],
        "name": "Demiliterzed_SG",
        "name_prefix": null,
        "owner_id": "324576235387",
        "revoke_rules_on_delete": false,
        "tags": {
          "name": "Http_Server_SG_TEST"
        },
        "timeouts": null,
        "vpc_id": "vpc-924b8ee8"
      },
      "type": [
        "object",
        {
          "arn": "string",
          "description": "string",
          "egress": [
            "set",
            [
              "object",
              {
                "cidr_blocks": [
                  "list",
                  "string"
                ],
                "description": "string",
                "from_port": "number",
                "ipv6_cidr_blocks": [
                  "list",
                  "string"
                ],
                "prefix_list_ids": [
                  "list",
                  "string"
                ],
                "protocol": "string",
                "security_groups": [
                  "set",
                  "string"
                ],
                "self": "bool",
                "to_port": "number"
              }
            ]
          ],
          "id": "string",
          "ingress": [
            "set",
            [
              "object",
              {
                "cidr_blocks": [
                  "list",
                  "string"
                ],
                "description": "string",
                "from_port": "number",
                "ipv6_cidr_blocks": [
                  "list",
                  "string"
                ],
                "prefix_list_ids": [
                  "list",
                  "string"
                ],
                "protocol": "string",
                "security_groups": [
                  "set",
                  "string"
                ],
                "self": "bool",
                "to_port": "number"
              }
            ]
          ],
          "name": "string",
          "name_prefix": "string",
          "owner_id": "string",
          "revoke_rules_on_delete": "bool",
          "tags": [
            "map",
            "string"
          ],
          "timeouts": [
            "object",
            {
              "create": "string",
              "delete": "string"
            }
          ],
          "vpc_id": "string"
        }
      ]
    }
  },
  "resources": [
    {
      "mode": "data",
      "type": "aws_ami",
      "name": "aws-latest-2-latest",
      "provider": "provider.aws",
      "instances": [
        {
          "schema_version": 0,
          "attributes": {
            "architecture": "x86_64",
            "block_device_mappings": [
              {
                "device_name": "/dev/xvda",
                "ebs": {
                  "delete_on_termination": "true",
                  "encrypted": "false",
                  "iops": "0",
                  "snapshot_id": "snap-0e1167baa50e9c0ff",
                  "volume_size": "8",
                  "volume_type": "gp2"
                },
                "no_device": "",
                "virtual_name": ""
              }
            ],
            "creation_date": "2020-04-07T17:30:33.000Z",
            "description": "Amazon Linux 2 AMI 2.0.20200406.0 x86_64 HVM gp2",
            "executable_users": null,
            "filter": [
              {
                "name": "name",
                "values": [
                  "amzn2-ami-hvm-*"
                ]
              }
            ],
            "hypervisor": "xen",
            "id": "ami-0323c3dd2da7fb37d",
            "image_id": "ami-0323c3dd2da7fb37d",
            "image_location": "amazon/amzn2-ami-hvm-2.0.20200406.0-x86_64-gp2",
            "image_owner_alias": "amazon",
            "image_type": "machine",
            "kernel_id": null,
            "most_recent": true,
            "name": "amzn2-ami-hvm-2.0.20200406.0-x86_64-gp2",
            "name_regex": null,
            "owner_id": "137112412989",
            "owners": [
              "amazon"
            ],
            "platform": null,
            "product_codes": [],
            "public": true,
            "ramdisk_id": null,
            "root_device_name": "/dev/xvda",
            "root_device_type": "ebs",
            "root_snapshot_id": "snap-0e1167baa50e9c0ff",
            "sriov_net_support": "simple",
            "state": "available",
            "state_reason": {
              "code": "UNSET",
              "message": "UNSET"
            },
            "tags": {},
            "virtualization_type": "hvm"
          }
        }
      ]
    },
    {
      "mode": "data",
      "type": "aws_ami",
      "name": "aws_linux_2_latest",
      "provider": "provider.aws",
      "instances": [
        {
          "schema_version": 0,
          "attributes": {
            "architecture": "x86_64",
            "block_device_mappings": [
              {
                "device_name": "/dev/xvda",
                "ebs": {
                  "delete_on_termination": "true",
                  "encrypted": "false",
                  "iops": "0",
                  "snapshot_id": "snap-0e1167baa50e9c0ff",
                  "volume_size": "8",
                  "volume_type": "gp2"
                },
                "no_device": "",
                "virtual_name": ""
              }
            ],
            "creation_date": "2020-04-07T17:30:33.000Z",
            "description": "Amazon Linux 2 AMI 2.0.20200406.0 x86_64 HVM gp2",
            "executable_users": null,
            "filter": [
              {
                "name": "name",
                "values": [
                  "amzn2-ami-hvm-*"
                ]
              }
            ],
            "hypervisor": "xen",
            "id": "ami-0323c3dd2da7fb37d",
            "image_id": "ami-0323c3dd2da7fb37d",
            "image_location": "amazon/amzn2-ami-hvm-2.0.20200406.0-x86_64-gp2",
            "image_owner_alias": "amazon",
            "image_type": "machine",
            "kernel_id": null,
            "most_recent": true,
            "name": "amzn2-ami-hvm-2.0.20200406.0-x86_64-gp2",
            "name_regex": null,
            "owner_id": "137112412989",
            "owners": [
              "amazon"
            ],
            "platform": null,
            "product_codes": [],
            "public": true,
            "ramdisk_id": null,
            "root_device_name": "/dev/xvda",
            "root_device_type": "ebs",
            "root_snapshot_id": "snap-0e1167baa50e9c0ff",
            "sriov_net_support": "simple",
            "state": "available",
            "state_reason": {
              "code": "UNSET",
              "message": "UNSET"
            },
            "tags": {},
            "virtualization_type": "hvm"
          }
        }
      ]
    },
    {
      "mode": "data",
      "type": "aws_ami_ids",
      "name": "aws_linux_2_latest_ids",
      "provider": "provider.aws",
      "instances": [
        {
          "schema_version": 0,
          "attributes": {
            "executable_users": null,
            "filter": null,
            "id": "3395604195",
            "ids": [
              "ami-06a27f284df69c4c8",
              "ami-0dbf44492faf633b6",
              "ami-003ed39e9c7072ffc",
              "ami-0f1460d67186e424d",
              "ami-0f525cd73b9ccb5aa",
              "ami-084844adb19f7453a",
              "ami-05a2375b6f111cbd8",
              "ami-0d5e1ddbc9d36d2b1",
              "ami-0e8cfd31bc768d708",
              "ami-04d4f8fce15d9d816",
              "ami-06bf5f796d2a2dbe6",
              "ami-04566180a8971fbd6",
              "ami-0e2b3fc9008dc59ba",
              "ami-08e60e2eeafdcff1c",
              "ami-0adf4bb49a0973ffc",
              "ami-0d7dca108f66859d5",
              "ami-0fc4d54482a2e5fd7",
              "ami-066011e90c38332ae",
              "ami-07c7706bc065e7e8a",
              "ami-0ad8f3aaba4f8f627",
              "ami-0479068458efbff83",
              "ami-0ef40370daf6c5e2b",
              "ami-0f541114dc4d03beb",
              "ami-0440dbcd9a234f7c3",
              "ami-021dd659f3b3b0f9c",
              "ami-05ff14fd02e80a2ad",
              "ami-0c8b155b10d75ca40",
              "ami-04dfb2f47740d8cd7",
              "ami-0a9c37694512713cb",
              "ami-0cd64d22f48ef6ccc",
              "ami-0df1599e91246a084",
              "ami-0b157fecb8405cc9a",
              "ami-0323c3dd2da7fb37d",
              "ami-026a50a56f2887627",
              "ami-0189ad65da9b6574b",
              "ami-0ce2e5b7d27317779",
              "ami-02f55863fb09f62b1",
              "ami-02623b86cbd4b282e",
              "ami-09358e05652fceef2",
              "ami-05eac6d722283342f",
              "ami-080870010d1618d3a",
              "ami-0cc19fe529ad810ff",
              "ami-0ff4d2099bafacf98",
              "ami-0915e09cc7ceee3ab",
              "ami-0aff68d244cd33eb4",
              "ami-042b683c8f62e57ce",
              "ami-0305d9d352fd641e8",
              "ami-082619a92606c40d7",
              "ami-0f4779a33cd6ff9df",
              "ami-044867047e7fe7605",
              "ami-068c764174f2e4b1e",
              "ami-0bbe3627256eecdcf",
              "ami-0a6251e7627cc28bf",
              "ami-0749cd5aa4477afe4",
              "ami-0f15d55736fd476da",
              "ami-03bd50b8ac8b2d518",
              "ami-029cc87a315700ad4",
              "ami-0e5bb2367e692b807",
              "ami-09a4c8ebc86960705",
              "ami-08f8c9ec4505a6004",
              "ami-0669be65eb861eef0",
              "ami-00d7b027822cc1571",
              "ami-08a23f4c989e7dbd0",
              "ami-04da3441b20d2fe06",
              "ami-09edd32d9b0990d49",
              "ami-08087103f9850bddd",
              "ami-07cbb38732f41c582",
              "ami-097f4caabfa00903c",
              "ami-038741d706695f84a",
              "ami-0c7b93d5c13446449",
              "ami-07f79ee361f3aebc3",
              "ami-080809908a78fdf47",
              "ami-00d17860bcdeebb56",
              "ami-018023405117210e4",
              "ami-082843fbab8a09c00",
              "ami-024fc86e5f1f6f268",
              "ami-06f641c1f1611c109",
              "ami-0ca28403c353d2f5a",
              "ami-0252858acd80a898f",
              "ami-0ad31b9342b441a2b",
              "ami-0c055006b6e3bbd95",
              "ami-024ac367a878d8a8c",
              "ami-02176184c75e9f955",
              "ami-02c0d28907b6d79c3",
              "ami-0f94754140af123bc",
              "ami-0ca192a76623fc030",
              "ami-0ecc5b82c1abfa3a3",
              "ami-07dd208448654d0d3",
              "ami-0f58b04f04f67bb4f",
              "ami-09d17aacaf60c0709",
              "ami-0077c964d2717d101",
              "ami-096be46e08bca292a",
              "ami-007651a7682608a5c",
              "ami-086bf3f4a50947480",
              "ami-0c0cf1eb499f61142",
              "ami-06df3720430edd743",
              "ami-0fa922f9a1aaf4216",
              "ami-0030eb10c9b447332",
              "ami-0b03ee1f72092706d",
              "ami-0361f038d17c95c07",
              "ami-099ea9248901126d8",
              "ami-00c0a7f16553fb803",
              "ami-0602b37c9757e5edb",
              "ami-09e911f2fcf94cf79",
              "ami-01955b1403c93075b",
              "ami-09d321b7f8352ff00",
              "ami-087fd25060b58e1e2",
              "ami-01f8f47985aa27468",
              "ami-06f19cd3e35eee7cc",
              "ami-07202b2ad7976090e",
              "ami-0be1dbf13b802b49f",
              "ami-03c2448bef3b19130",
              "ami-0f44ec5a66330499f",
              "ami-0aaac1a43dea04780",
              "ami-04d3946021fcb8c53",
              "ami-099d5c89757defe92",
              "ami-0fa3ba6ce492e6842",
              "ami-095f4dabd63b0aaf0",
              "ami-0caeeb8c95d8a66d0",
              "ami-02d7fb7af4753d553",
              "ami-08f44d2733b66ff47",
              "ami-0752cb283e4b8012e",
              "ami-0b53092902f26fbd7",
              "ami-091e9e92d4f78029d",
              "ami-009fb9f8bc9372ac0",
              "ami-0e79a61485f4fd6f2",
              "ami-0d8be5f3da9b463e2",
              "ami-055eefaa1e9c75777",
              "ami-020a2bbb681412971",
              "ami-026d359cd32932721",
              "ami-06f2a0971c16242d9",
              "ami-0af3fadf16822d385",
              "ami-0fbb5ecd27a8baf3a",
              "ami-09fa5bc26ee8c029a",
              "ami-0276caf2e70ff3a4f",
              "ami-03b4f7f2a94c30c3d",
              "ami-04ab32c764a05ea3a",
              "ami-0548cd1f669cb7c1f",
              "ami-0ef03aef86672f198",
              "ami-02258a05a62ee84ae",
              "ami-0c60653ea79a9eaca",
              "ami-0c69548de846305fa",
              "ami-06112a1ec96cd24e0",
              "ami-0b0bdf146635983f6",
              "ami-0334e796c1270146e",
              "ami-0d62a424144132d13",
              "ami-0a2f858622cd85ebf",
              "ami-09fdd3c6211a9a336",
              "ami-0cb8b251f59bff34d",
              "ami-05a1dce991fddff58",
              "ami-02e3af002c0d057af",
              "ami-0dd8696eda7bd0812",
              "ami-0308e54dc19ce1ef7",
              "ami-0f63604d9e881dfb0",
              "ami-0b4c741d5a8988933",
              "ami-06633932c6ba1188a",
              "ami-0befb95d279df506b",
              "ami-0e064440448dcb19e",
              "ami-03ea22e7997e76956",
              "ami-0c5fe5bcb685ad353",
              "ami-01ca8ffbc4c26128a",
              "ami-0368da4e6a7fd90be",
              "ami-09a5b0b7edf08843d",
              "ami-0feab53ac473cb536",
              "ami-013d5efcee0ab137d",
              "ami-05f01b9f545ec782f",
              "ami-0c351638db9e34476",
              "ami-00f69adbdc780866c",
              "ami-0aba0ea987d0d7530",
              "ami-0fb4907c54ad856ba",
              "ami-0108234771fa38236",
              "ami-0fb56fd01858eb7a8",
              "ami-04972f9c6c8e9e02b",
              "ami-086e52dd854f6ea70",
              "ami-07a555f63a9cdba84",
              "ami-0e798997bffc85a9e",
              "ami-0c07190b8f9563348",
              "ami-04e6c600f4c1b26a2",
              "ami-0c4d19700a935a3a5",
              "ami-06a1fc0ab8189da72",
              "ami-046aea45e617c11e9",
              "ami-0bcfd086900940e05",
              "ami-063e288a8097d30ce",
              "ami-0600a25db9678d9ad",
              "ami-0fa127233e951e390",
              "ami-0cb6709cd4d329ace",
              "ami-035b5a1f1dbeca0e6",
              "ami-0746727f496d17bd8",
              "ami-0908c002b16583b4f",
              "ami-0ec02c5445d1b8847",
              "ami-0cf03975b1728f901",
              "ami-02d27fe23d8b0ad31",
              "ami-09268036a4da0dc0d",
              "ami-011b174cde59e957d",
              "ami-081b0875b2d4ee3b5",
              "ami-01e00bb834ca3a208",
              "ami-02632777d4d8a447a",
              "ami-053c9789f0c3020fe",
              "ami-0c97ec995c1e094d1",
              "ami-090d009e135267a36",
              "ami-0eefaa2ef616b28bf",
              "ami-036ef185ec913cde5",
              "ami-0aff9f0b65993c62d",
              "ami-0bc6c3f6a1de1508b",
              "ami-0029b93274abae28b",
              "ami-0e361eb2e5af29ea0",
              "ami-0c63a11b6d804c85a",
              "ami-0cbd05535d6c7feec",
              "ami-09d1250aa94dbf47a",
              "ami-050f26fbbcff7eb2a",
              "ami-0b40e984057095c8e",
              "ami-0acbb4ff9a9bf5283",
              "ami-08b2e95d934062160",
              "ami-09125c5ac14dca1c5",
              "ami-05024ea4d1bb55631",
              "ami-09d496c26aa745869",
              "ami-01652280c5135f94b",
              "ami-07cfdde6ae2bc398d",
              "ami-0f23429e49e4af1ac",
              "ami-0ea7555c4dcded03a",
              "ami-00b25fd879c209d21",
              "ami-0925fcca21c04008d",
              "ami-0d077208f1ad7dc1e",
              "ami-0781ac483ca09f939",
              "ami-05b7a70cf285690c6",
              "ami-0d060069112afc217",
              "ami-01ee75535b220f9cf",
              "ami-0624214fdab8967a6",
              "ami-0d2c224634e189f09",
              "ami-0d4a83f73518d43b0",
              "ami-0b36aea95cf2eaf4e",
              "ami-094e1237e3ab85f49",
              "ami-0c2ef88ac93c8d04c",
              "ami-0d4848029d16ec0ae",
              "ami-045eef5b1d8e7c517",
              "ami-05a0515996801301c",
              "ami-0dd061cafee4a3f1c",
              "ami-00cc1944d6b0be074",
              "ami-0893bc3ce7a73d66c",
              "ami-014689822172960ea",
              "ami-0a559409ead2aec48",
              "ami-0d373fa5015bc43be",
              "ami-03d9cf8bf634bab95",
              "ami-05f055b1029e78bfa",
              "ami-0dc7713312a7ec987",
              "ami-0a3285df975ccb48b",
              "ami-0f4b1f8d2125f83b3",
              "ami-0b0f1270c1c3e53f0",
              "ami-0f395d515bae89df4",
              "ami-0303d8991057f484c",
              "ami-0a4e0658d80ee7bf1",
              "ami-034ec437b6c1ee2da",
              "ami-09022a083aa6187fd",
              "ami-094f2c3cc2fa3e442",
              "ami-05df42b060c93acc3",
              "ami-09387ab46134e8080",
              "ami-0bd5c755a7f8cebc1",
              "ami-08bb00d3ce43f2f41",
              "ami-014ebb46ab2cbe6e0",
              "ami-07c4cae9d1b419287",
              "ami-01c708dfd4f9c85a5",
              "ami-0f9d5a7cb9668c44b",
              "ami-02bbd22270f87122e",
              "ami-04b10192bedb98484",
              "ami-05c3c3d96e8c551e3",
              "ami-0f7618920a71f81aa",
              "ami-0bd5ebbd8982413d2",
              "ami-04c9e4e3ea8f165d8",
              "ami-0e66d2c30bb8c1448",
              "ami-034429b11553fc954",
              "ami-0b1dfe3a72474f48a",
              "ami-0307289c86abc8141",
              "ami-037c938a392d9c50c",
              "ami-0d426577403eff2c9",
              "ami-0b458ec298993330b",
              "ami-07fcd14c4facdd511",
              "ami-03c0e0d4166c584bc",
              "ami-0ed1f9132589ba228",
              "ami-0e53fa9a5a07943ea",
              "ami-0ccd5f59d0e0f88cd",
              "ami-0eee4a69a1a20d401",
              "ami-0b84a6afc7586e6cf",
              "ami-0c7e654cc88a47a3e",
              "ami-0472ea09819d116bf",
              "ami-0e8ac2494d9e5a0f1",
              "ami-03df4e9afb5e30f57",
              "ami-0d531e3faff8814bc",
              "ami-023741f8744b966d4",
              "ami-0f4bee69a5067f996",
              "ami-0489e3688ebe8a3b2",
              "ami-0ef817937ed78a1d4",
              "ami-0e37e6799aeafe44d",
              "ami-026f92a087677baf0",
              "ami-0b89cbcf32ac80d09",
              "ami-035fae52f2445d6e2",
              "ami-003c4e6943a13deeb",
              "ami-001817364f03cc1ef",
              "ami-0fd583af33a40c2e1",
              "ami-021d3aeea293e78a7",
              "ami-0f94b830600589c3f",
              "ami-0b94b519e20b12208",
              "ami-052312e4e975601a3",
              "ami-0f742519292545ae8",
              "ami-0608dbbd7f7a3b4d6",
              "ami-032f8600d640f1a13",
              "ami-006880485835c3e0c",
              "ami-01e6491b47ef97909",
              "ami-0a014debc63b29b4d",
              "ami-02ae32d3f1d0998bb",
              "ami-0bc75b699e5e2d0fe",
              "ami-07c6b1cc614b8a4c2",
              "ami-03245cf2a7da55855",
              "ami-0eae6100ae3627dca",
              "ami-0121d8347f8191f90",
              "ami-0dbdff7e33d39edb2",
              "ami-005b72ebc2ad19808",
              "ami-04ad8b8cda3fe3c43",
              "ami-0c050279273d17f89",
              "ami-09159efdb16db3821",
              "ami-070c7cc1887f1e4da",
              "ami-05d8eb76acd014fc9",
              "ami-0651188e7cb8f0cac",
              "ami-0e9026b242e749880",
              "ami-04ce8046f17f7a9f9",
              "ami-0e3e212ed34aa83bb",
              "ami-081348b8705111f5c",
              "ami-06d627f1ab267b447",
              "ami-00bc74646d2880fc8",
              "ami-08069cf3b461d3c69",
              "ami-01e01e83fc83c9297",
              "ami-0e6eb72841cc2b02d",
              "ami-0a9f45f570c5d3254",
              "ami-0fdfbacca16ddc58d",
              "ami-02286b47b7c7eadbe",
              "ami-077e7dd5a5b709f49",
              "ami-03c74403ad5cee37b",
              "ami-0ce0c3d363b216536",
              "ami-02cc1c3825c561f9a",
              "ami-0a1c68f445afa62f7",
              "ami-05142d1b1d2c4e5e7",
              "ami-0de1e6ab648c7685d",
              "ami-06844b4dd7f630798",
              "ami-09bbe69e8951b7356",
              "ami-08bbfb00ad279e9c6",
              "ami-04dac4dfff1c3ca4d",
              "ami-0e21ec2e00b6af617",
              "ami-0b7c44bad3c281251",
              "ami-01fa0f7bad9a22238",
              "ami-0b2597180cb531f91",
              "ami-0e934f4cfcc99a3ea",
              "ami-0a7b67c6ffc3f4dcd",
              "ami-02fc0cb4aa47ce2e9",
              "ami-08341205aecc3fc09",
              "ami-00260870073180c07",
              "ami-0a761759c5131df31",
              "ami-05df49979ec4d9166",
              "ami-0f8150df74a21cd72",
              "ami-034a74af1c283eb56",
              "ami-00b85bb95b018efed",
              "ami-0b2e588efc0196771",
              "ami-0b1adc7086293812c",
              "ami-0664469a347977877",
              "ami-07c823abadcab1ed6",
              "ami-020d0a8c1448bb5cc",
              "ami-0a10b5a5bdca4b8e6",
              "ami-096810a8399d2557a",
              "ami-0dc142bbbd2af9e61",
              "ami-0e34104f573364165",
              "ami-094998247dbf931ad",
              "ami-08bf5f54919fada4a",
              "ami-0cb8796b42180088e",
              "ami-03576ba17b3cad960",
              "ami-02e37646d1d893292",
              "ami-09cf935e7695d162c",
              "ami-0b58447df3e7bbab8",
              "ami-08d4870c0efcba51a",
              "ami-052b7edb9020e81c6",
              "ami-013c0aabb300064ac",
              "ami-05bd138a6e90db1ff",
              "ami-0cff44bf4b99728a4",
              "ami-0c6b70829f09deef6",
              "ami-0cd14f5d158988296",
              "ami-07060c4f769674d03",
              "ami-0249d04276074a45c",
              "ami-0ca6cba9c31c0a9ca",
              "ami-0864d3e28d32f6035",
              "ami-0960549995fc20051",
              "ami-0051716bcc26f5d4f",
              "ami-068364621a4ff0932",
              "ami-0c50f231894e3139d",
              "ami-088587dde4945455e",
              "ami-0d86a335fb7b19b76",
              "ami-049a67c485ba5742c",
              "ami-0426dcd9cc55d04fc",
              "ami-06c60ef62cf4bd3c9",
              "ami-046f175662d6261a2",
              "ami-01beb1d7455015c25",
              "ami-028ca0a05c5f6818b",
              "ami-061a5f2ee2ccc7349",
              "ami-0a0a76686595c4bbe",
              "ami-088fb42c8db4e6350",
              "ami-0a69c3cb4b1b7078c",
              "ami-08917908134fa7307",
              "ami-0d3c95eafde054b8d",
              "ami-07e3d32bb8b076f54",
              "ami-03e00f8846d2d7293",
              "ami-0e9e83ecf766e0ca2",
              "ami-0f9c9b822c973cc94",
              "ami-02ddd4aa97b4f4674",
              "ami-0a0db2c70c7c161a4",
              "ami-0264985c7ee2cf9ef",
              "ami-0b940a1059f928462",
              "ami-0f6b9007404751ea2",
              "ami-00b7a6facbba2308c",
              "ami-0ea82fdb6ce70243c",
              "ami-01679e2354194a6db",
              "ami-0b1884702006d0aee",
              "ami-0108cbe10796c8554",
              "ami-051e46bf53205e8dc",
              "ami-0cff4c33bbc6883c4",
              "ami-0c3d1eb0e0ab508c3",
              "ami-081ed7b3a50bce288",
              "ami-0c2a655dfbe9aef55",
              "ami-0be3ad487b0f8145c",
              "ami-0143bcdba78484e6e",
              "ami-0b11adc9ab02afe2e",
              "ami-0230398fbcc90d4dd",
              "ami-0779a3d6cdc5b0174",
              "ami-08cfffe68b296ce12",
              "ami-0059e4dc793c598fc",
              "ami-05d664b2ac5734bb5",
              "ami-034b5ecd48ecfc941",
              "ami-0d331726819e421f5",
              "ami-07fc2dd9e0d7741ed",
              "ami-00ee026382d0a8303",
              "ami-04a8e0df11e0026d5",
              "ami-0fc61db8544a617ed",
              "ami-00b99db251c4b691a",
              "ami-01edc7b8cebc1e51e",
              "ami-0f90a34c9df977efb",
              "ami-0f93a1bcb21450b18",
              "ami-0a752ed414a763ae6",
              "ami-08492946f97e67870",
              "ami-0e2a8509db267f072",
              "ami-0a79b70001264b442",
              "ami-051db19d3f3770151",
              "ami-0dbb717f493016a1a",
              "ami-0f37a49dc21ada382",
              "ami-0a7ce8242f8cb3a94",
              "ami-03d7bb62671766e1e",
              "ami-0f6127e61a87f8677",
              "ami-04f94a03f151839d7",
              "ami-09ea06f2ec4506f69",
              "ami-0d60208a0da1e08e0",
              "ami-0447213f06afa4217",
              "ami-05c4ace517d28e53a",
              "ami-0598ee014e7b89689",
              "ami-066c43f0abf4bfd2e",
              "ami-0f0980471f934e8af",
              "ami-01158e6d905c5ed46",
              "ami-0dd1a1803c9171efc",
              "ami-0973bc1f558f5def1",
              "ami-000dbfddbb743f0a3",
              "ami-0447f14b25b48eccd",
              "ami-08ac00d99a673bad0",
              "ami-048e6f7f616f9d59f",
              "ami-026d25c7e1d2affe8",
              "ami-0582e4c984a1e848a",
              "ami-0f9b856bc134c15ce",
              "ami-0486ccc8da71ff508",
              "ami-0aa7ea54ac6a726f2",
              "ami-0a34756991bfc94f0",
              "ami-0068cd63259e9f24c",
              "ami-06f756c804bd20315",
              "ami-05e07a7aa67997ae5",
              "ami-0216350bfa14c4da8",
              "ami-0cfed76b0dda5d283",
              "ami-062c482b34db4e4e0",
              "ami-0e953d5f6c58476e6",
              "ami-01fbc92d24852df9b",
              "ami-03b398f4a304ff210",
              "ami-0efe037d191ed089d",
              "ami-0064f85425371fb6a",
              "ami-0902d4cc090fed682",
              "ami-0c6fc11c052751d35",
              "ami-05e10687ee27a4322",
              "ami-0ec2cbf7dd935df08",
              "ami-0854245e554858119",
              "ami-095d73d5068ebbc22",
              "ami-050e82ce72d3e5764",
              "ami-0f81c964d1d6ad7c6",
              "ami-0fe405f314b4460ee",
              "ami-07bb49666407c206b",
              "ami-045b36fe3221d92b4",
              "ami-087ff3232f334e777",
              "ami-0b555fe773011c50e",
              "ami-0ed75e80b3b56ee9e",
              "ami-09f520d1bf2c3d77e",
              "ami-0c4c77d3f0a970683",
              "ami-0b9ba2f9009e53a56",
              "ami-00d27523b8b2dd406",
              "ami-06d9d3f11f9ba975d",
              "ami-073249445dca24d71",
              "ami-0aa2461d45684495f",
              "ami-0d9d00318f020d7b9",
              "ami-060e9c3b992173dad",
              "ami-081af858b99745d02",
              "ami-0bee2bf0f4e931aec",
              "ami-07354ea81b91f50e9",
              "ami-0b2df03d16ee0d4d4",
              "ami-03e8bc01080393423",
              "ami-02f564043983dc381",
              "ami-033fbd0488ce9da39",
              "ami-0e1412123dd453156",
              "ami-03af78f5cb0144f8c",
              "ami-09df662e979c508e7",
              "ami-0fd2c55c5582bcafb",
              "ami-084005d53d64cc176",
              "ami-07f07db2c289cc9cb",
              "ami-05b4a9cb4bdce9271",
              "ami-0b134b93fac36a524",
              "ami-0dc29be8e450cc56b",
              "ami-00f9d8740acf2e260",
              "ami-0299d8650ea0b4cdf",
              "ami-029de4a21cea77993",
              "ami-0855b98561d3195d1",
              "ami-0867a7592d826eca4",
              "ami-005e916dd4720f7eb",
              "ami-02551e8ec88e9716d",
              "ami-0b9d587a142842d5d",
              "ami-02610ec3edbd6cad8",
              "ami-04190f89e16288935",
              "ami-06553942dee04c5bc",
              "ami-0f3a51be45a13f8fd",
              "ami-06db4c55bf02794e9",
              "ami-0b70bdc0686251881",
              "ami-0d3cb1fe9580de68d",
              "ami-0bf35f1f6951916ed",
              "ami-0bf09180a377b7c87",
              "ami-063d9ae9b345b0962",
              "ami-0a0a01c258ba2723f",
              "ami-0a8c725e923d37671",
              "ami-002b56c2136c207d7",
              "ami-05e349467ebecf961",
              "ami-0590043038b3f3159",
              "ami-00043ff468d078003",
              "ami-07c5e7fdb708b7357",
              "ami-0aab79090aae2f162",
              "ami-004f08838a008e27c",
              "ami-04bd7b77a9b775d9a",
              "ami-0cb48304d831dd652",
              "ami-0078f5b4d02b5071a",
              "ami-0bb194f857f2f37c8",
              "ami-0c9a62050f2e5262d",
              "ami-0612c83237c57eea9",
              "ami-00a8f3b59eec913dc",
              "ami-098616968d61e549e",
              "ami-0cf906f660429ea4a",
              "ami-0d393622d1b4113e8",
              "ami-00988273f50d130a3",
              "ami-063ae6fa769482e22",
              "ami-077e84d27b1c16bb2",
              "ami-044ff22e194ea0ba3",
              "ami-0b42eb1b6f0aa8d40",
              "ami-04e6f46a80cba26fc",
              "ami-05470ed7d1a846f4f",
              "ami-047ed5a497900911c",
              "ami-055d5684ed5864e51",
              "ami-0d343a8d94532b3ee",
              "ami-058ff302c002891df",
              "ami-0d01544017000562c",
              "ami-0f3a56188ead07b02",
              "ami-066efe064d2a21f31",
              "ami-018ce7de990c3e47e",
              "ami-02228464660ed40c7",
              "ami-0fe9d8b6587daca04",
              "ami-0e60f00bd12077457",
              "ami-0c14126e86c13af6f",
              "ami-0d6dc117b1f4b10b7",
              "ami-01cf8334bcb413d5f",
              "ami-097ae3ff8bcf9be7d",
              "ami-00699f74a52216aa7",
              "ami-019d044d12fc68403",
              "ami-0520ab1985815648e",
              "ami-0510ad5f256f17a55",
              "ami-0340a97e9fe6a0390",
              "ami-09481fd50adf34931",
              "ami-0442b226700209a7a",
              "ami-0d24249332e3f9d97",
              "ami-00ab4a6c0c86316c9",
              "ami-0db593e7fdaafafd5",
              "ami-09025ca99ced70c87",
              "ami-0f875edc1cfe5eb8a",
              "ami-088a6d041250c0819",
              "ami-0cd77f04a65e335f1",
              "ami-0b30063d76558a6fd",
              "ami-0560a04cad0a24d83",
              "ami-0d45a6b34e79024c5",
              "ami-092c68f1d3b63302a",
              "ami-0d842172ed08364e5",
              "ami-06f1c67494a51799f",
              "ami-05323e1c235abebed",
              "ami-00fd64ec33349a0d7",
              "ami-0d2abcf4f045376da",
              "ami-05c6f24f319ac8479",
              "ami-011c17107d65584b0",
              "ami-01e46a44488cc64aa",
              "ami-007391974d5177b98",
              "ami-031814549a4b2892c",
              "ami-06d5b80309c3eee60",
              "ami-0bf3e2c598f50ba82",
              "ami-03302790ebd687e19",
              "ami-0ef9e2c8be8f059fc",
              "ami-026c9e9b45725ea5c",
              "ami-0d4fb65189c3b8d49",
              "ami-0854b2ef9380d1958",
              "ami-0123c9ef2e1f580e8",
              "ami-07e6e0b220deb29ac",
              "ami-094a644f1fb9e4ce3",
              "ami-069cb9ebf9cd7d49a",
              "ami-0478b31fedc3edd83",
              "ami-011c49e55816b12e7",
              "ami-0aa25a18ad613fa92",
              "ami-00cf06bc32ecb9169",
              "ami-0a76425b48c1bef22",
              "ami-0c3f6e7019c95c010",
              "ami-0f340ccb9b1fba45c",
              "ami-0df1edd8a972e2a58",
              "ami-064b9ee0f776c92ea",
              "ami-0e5c754ffe370f039",
              "ami-0bb5a80f30d76d15e",
              "ami-0e83846ffa233d2ec",
              "ami-0cdb91d69dcfaa91e",
              "ami-0384aac674b58fcee",
              "ami-06465b8853bf890cd",
              "ami-0259a35b209a6659b",
              "ami-06a5a23c69f841634",
              "ami-0a7cc8e70add7a496",
              "ami-0201e85862a80474e",
              "ami-047fdb99e9be58ae6",
              "ami-0b13b33b6fa46ecce",
              "ami-0531f05a54a09666c",
              "ami-0eac7c58891042934",
              "ami-0f39c08226d6c85a9",
              "ami-08abb3d74e734d551",
              "ami-0bf0fed31851b61ab",
              "ami-052ed73909f46d937",
              "ami-0f66d4809b1090abe",
              "ami-05c592db39fa94869",
              "ami-05f2a83bacbc48cc6",
              "ami-0a887e401f7654935",
              "ami-07a93e763bc022111",
              "ami-0be7ff7a3ffebb3f4",
              "ami-0493b42cb00aec5c0",
              "ami-02bc4425285c870a3",
              "ami-03d2b5f7635339c0a",
              "ami-0d9db47f7d86c2af3",
              "ami-072e8778acd6ca8c6",
              "ami-0b803066d884076ef",
              "ami-014a2d1701453f7d2",
              "ami-004306cbf716e1858",
              "ami-088a08e07e1ee9f6b",
              "ami-00e3d3a92c97899d1",
              "ami-0514bd54a00daea65",
              "ami-0c467d771ae017ab9",
              "ami-0b5416ece85527a84",
              "ami-0e85ad4052da0a7ea",
              "ami-0d367e1a952c19d67",
              "ami-09922bc9f04426d24",
              "ami-011c5ef4d0afaf9d1",
              "ami-02be27abdb95878a0",
              "ami-0e59ed0d70c4d2ffb",
              "ami-04f1a55ee3f74c503",
              "ami-082de0a04bbbb3554",
              "ami-0c7bdfa5317225250",
              "ami-04e62758e6fd9bb9f",
              "ami-0e85766e0a5cf7da4",
              "ami-002cc39e7bf021a77",
              "ami-012299a304a567768",
              "ami-0522d1795b5f44b02",
              "ami-0df69b325a0decdca",
              "ami-01a3fb28ea1af6574",
              "ami-04b78e3b7e59c364e",
              "ami-08d2aae4b7d5f0f1e",
              "ami-0335c86a1623871e5",
              "ami-08aa569420ce4634c",
              "ami-0c29ec75a658ca645",
              "ami-0ca1b1803a0837d78",
              "ami-0def4b3fd439def88",
              "ami-01e8071eed4693f42",
              "ami-0bf61205546d2d202",
              "ami-0bbc7baf5f2dfc81b",
              "ami-07ee5fff1e39c2728",
              "ami-0ee1515bc480a9305",
              "ami-055a0464fb4c9b461",
              "ami-010e096d319f0abd1",
              "ami-0edeed1b5e4f5024d",
              "ami-04caed96a95ea48e3",
              "ami-036a5d8e9311f5e51",
              "ami-051b35f021e0c4f32",
              "ami-0269d0539213c44e4",
              "ami-04516b657d50067c8",
              "ami-012bfed5f550aeca7",
              "ami-055e6031317beff48",
              "ami-0fe34df37e28deb02",
              "ami-0efea10137c077fc4",
              "ami-0c60b97cae5e54e63",
              "ami-01460ee1e8a63fdd4",
              "ami-0250e4cf486a6626d",
              "ami-0ad90736e6ec1caed",
              "ami-0f84a64e99954797e",
              "ami-08f9a90aa9a205d48",
              "ami-0bdea4943a4645cae",
              "ami-0d33fd0a34be1221c",
              "ami-0aed30e23f756ce74",
              "ami-027d4e802ceff9534",
              "ami-070708938b1ead3de",
              "ami-0cc21869819b2f34e",
              "ami-054b483a6af8f34c4",
              "ami-0dc406d9d7d43482e",
              "ami-0ffb0610b3ad905e9",
              "ami-07fd0b193651373dc",
              "ami-07b3b991094ddfa82",
              "ami-03a2b4ba4459c4472",
              "ami-0e431d8869eff7da0",
              "ami-0480837621f37b3ae",
              "ami-0dd154ee1a92c28ef",
              "ami-062b1528dfe4a5f66",
              "ami-0a26e30bc3e0141b4",
              "ami-0f969b429284d6156",
              "ami-0c64a749b9de19c45",
              "ami-0408e427d5affe30c",
              "ami-03f5b83b415629f7e",
              "ami-0fa3ba54047ba6502",
              "ami-0f642020ca6cf56b1",
              "ami-0b74b1f0fb1927078",
              "ami-0cc7ed50ae044a076",
              "ami-05e0eb29d0ebdd479",
              "ami-06f4c5ad84b739307",
              "ami-09d8f3a42dcfe8a83",
              "ami-0df15619943e8cb69",
              "ami-080946b6a4bbbc434",
              "ami-0a14c40242240d049",
              "ami-08ce199f269635f4a",
              "ami-0b661afa845ba7f6d",
              "ami-046c0e92cb3960890",
              "ami-037aec25f9fedb1a7",
              "ami-0c432819b3c5c2305",
              "ami-0107336fc41301de2",
              "ami-0a4ffcbe840922b5a",
              "ami-00396b6e1e0edf620",
              "ami-054e316826ec18d07",
              "ami-02ff8e68603297210",
              "ami-038ff3ff758f68095",
              "ami-0af7e3e92d71966ef",
              "ami-007a0bb53d129f594",
              "ami-0dc4a31a09cccd088",
              "ami-0f89cb3c8b4a86fd9",
              "ami-0dddab621d4e9a60c",
              "ami-0bbd030368f217854",
              "ami-0ed6b1c3bfd4ee43a",
              "ami-0eb0d992a0b1c64fa",
              "ami-03a1b02890fe0b1c1",
              "ami-079b8815c205483df",
              "ami-079085f8d67732d0a",
              "ami-0aa6832d9d9ac9f4c",
              "ami-0b886e1db9636d5c2",
              "ami-05b6d6674c62ed648",
              "ami-09d92d882399fbde6",
              "ami-0d0aefce61fb4f14a",
              "ami-0dbcc294eb199214f",
              "ami-0e7b72c1d5cd34884",
              "ami-0ecd3fe41b7c6c994",
              "ami-0da281b3a592ebc12",
              "ami-009ad079f333560d5",
              "ami-058b2de69c4709a9d",
              "ami-093a8d04aa1823e29",
              "ami-01f54a9e08b8480a6",
              "ami-05dc89d45aea9c474",
              "ami-01e1c68b9c0b3c06a",
              "ami-03d2f3c325610fb6c",
              "ami-0a741c0a8fae63d05",
              "ami-0c33d33f3fb69521d",
              "ami-07c311298af06c76f",
              "ami-00cb4c0d60b9476f4",
              "ami-02ef8b21db4b1bb27",
              "ami-08b83cf82c6ab3c22",
              "ami-0d473ad3610348baf",
              "ami-06cc4672e78482edd",
              "ami-0ce0dc492411d01de",
              "ami-041fccbd349ee1c83",
              "ami-0a1c68c541387f192",
              "ami-0b3ea18f0ec5aecd6",
              "ami-0d9e19963d550d4d7",
              "ami-082df2abac14cc1f7",
              "ami-0754a72285b14eefb",
              "ami-0eff00c1dab7e24cc",
              "ami-0ff30129fb2cca011",
              "ami-08870a5c704c89a06",
              "ami-080abc1a6234cabc3",
              "ami-0cb7732bd9e211243",
              "ami-0f52d521bc1bdb5f0",
              "ami-085e070e366982f6f",
              "ami-0f482d2adde2d9206",
              "ami-002efffcac49856d6",
              "ami-0fa7c3ae2b9c259b6",
              "ami-0cb098b602f18e305",
              "ami-0d466c7496960921e",
              "ami-0b63e6be1ca3f7500",
              "ami-030ef1942eedd4113",
              "ami-0e2ff28bfb72a4e45",
              "ami-0c6ea59da552efe5e",
              "ami-03736048a69f59e6d",
              "ami-0e85829bc902ddb65",
              "ami-03a9875367a2a3caa",
              "ami-056807e883f197989",
              "ami-04517ed529416fadf",
              "ami-022998223b333c96e",
              "ami-0c66786e774a4e7f3",
              "ami-030d46ec68b1afb20",
              "ami-052855f4e964b0ef7",
              "ami-00e3c971e45d3595e",
              "ami-0ddb7700168bbb6db",
              "ami-0bb190a7d89932a0e",
              "ami-0c38bb1899ad0b177",
              "ami-0b1e10d8086220eca",
              "ami-0d63b3416af2d9846",
              "ami-0eee6807d378e1538",
              "ami-03db149175a345d63",
              "ami-0a9e7a1c895d9711b",
              "ami-0b9915fd1e51c6230",
              "ami-08db8761abbe60023",
              "ami-0ef587d41265d72d2",
              "ami-01cd8a35a3017ced6",
              "ami-0e6e4af419c7ec1db",
              "ami-0fd1bbf3adf035706",
              "ami-058f0d9344766469d",
              "ami-0b0de367f403569be",
              "ami-0b6e91f31de8def0f",
              "ami-0e61bdf9689df58ad",
              "ami-09d2e2e5b42fa67e9",
              "ami-07e9d3616ca059c9f",
              "ami-0635d547b25440525",
              "ami-076f27937841e12d1",
              "ami-0e70abb9312eb34e5",
              "ami-0fa78801d8b411773",
              "ami-0acb13c0bc09824d5",
              "ami-0568cb849ab6d87c3",
              "ami-06001ad95ef63eed0",
              "ami-01452ce92f84c9933",
              "ami-038cfee38b2513f6e",
              "ami-061ffb0a319b03517",
              "ami-044761dd545c01508",
              "ami-059cdbe7dce966e63",
              "ami-09d0094ddf59c04f7",
              "ami-0dc6e400e2d9e9499",
              "ami-082de62d5ae89a323",
              "ami-08e6d82749cb2ca54",
              "ami-03318c4973c90a655",
              "ami-014b0e64c25e837b9",
              "ami-0857f7890114f73ef",
              "ami-0955c0d51efe4e4be",
              "ami-0b0dd7221f45fb02d",
              "ami-032786ff8d39c3bf7",
              "ami-0b3bff10463f9e204",
              "ami-04d60bfe4d560442d",
              "ami-045ee12e3c24c3e15",
              "ami-07f9c1d2b9fbb36e5",
              "ami-09ed82f8bf87eb740",
              "ami-065904525b7c6d846",
              "ami-0ec2571e902829385",
              "ami-0e56ff92a51b67294",
              "ami-0842a40beda6ad71a",
              "ami-0a67fb92db8de94f1",
              "ami-06a39d87a1c1e0e1a",
              "ami-0dbe89b326614bbdc",
              "ami-0a6c50720f275c252",
              "ami-090bd2f2f88b0a815",
              "ami-0762f1d0c7d796d64",
              "ami-07272f9af28d32ae9",
              "ami-03156c9ee012d0e3f",
              "ami-085bdcae0246c7098",
              "ami-00a83d332a1ea3adb",
              "ami-05e3fa1e857807759",
              "ami-04b2418be76894465",
              "ami-035c9cd1670e3a723",
              "ami-055b6454f027a44da",
              "ami-0fe5436d53ee2d8bf",
              "ami-03099edb8d16b2d19",
              "ami-00ff2f58479678ebe",
              "ami-09045a90c8752ed45",
              "ami-0ff13fdd5c58c5549",
              "ami-0f0ef65a4b863faaa",
              "ami-0773a1f6577806647",
              "ami-0e5512afc771c1c61",
              "ami-0d78f09a23079d387",
              "ami-0604895857e68b003",
              "ami-08e35ba7fb81ed464",
              "ami-02657a38c38e8900a",
              "ami-0b6d84e45376c51b9",
              "ami-0cb5f991552cade7d",
              "ami-0360309b486048f57",
              "ami-026ed6f5a9c3cbe8c",
              "ami-00b117f3927b969bb",
              "ami-082a758bd4dbe4524",
              "ami-07a63940735aebd38",
              "ami-022bbea6bc1ee811e",
              "ami-02a021123103507e9",
              "ami-02845f60b51469607",
              "ami-00bff26e28612f203",
              "ami-052fc87fc8f7b021f",
              "ami-00a1653ef6cd2d5c7",
              "ami-07641a58d3bac07e8",
              "ami-042131396cd6240f5",
              "ami-0a9367eb9ed89b41c",
              "ami-01c7f81165598456f",
              "ami-05bc88a730d292bc3",
              "ami-0176fb85bc1f3b4b2",
              "ami-0a1faa5bf7c4605f7",
              "ami-095f4fb7ecaa8d461",
              "ami-0315d99b2650530ea",
              "ami-07b85d0a6688c750c",
              "ami-02c335e172897b026",
              "ami-0c0824ae72b71accd",
              "ami-09f19a62c896e9d9f",
              "ami-03d206fead1f1d9ff",
              "ami-07a21bde45c01b806",
              "ami-07c42bca4d75b7d9b",
              "ami-042a4faba6e03a2d7",
              "ami-043561f2f141cc916",
              "ami-02a62e87bd14dd4ce",
              "ami-098932297bdf4f412",
              "ami-0d51201aac9c5daaa",
              "ami-0c00d4b668751af4b",
              "ami-0b968e9fa984fc392",
              "ami-0c08b8980bac7d7b4",
              "ami-0ac695149faa5bdcd",
              "ami-0b071da09d10fe452",
              "ami-0c74ae1dccb4a523b",
              "ami-01e1ca6160d20f173",
              "ami-00913b837e551c6b1",
              "ami-01b5596f6e9a8724a",
              "ami-08e2cfbe44c9a35ae",
              "ami-0e30a78e823bec3f7",
              "ami-045569dadab665185",
              "ami-021d5b4ac25e05126",
              "ami-07013ddc1b49c5539",
              "ami-0e960674fb2159686",
              "ami-032a5634a8ea3004b",
              "ami-0cd6807aad88869a2",
              "ami-02ee33ea8aa4ed315",
              "ami-043f6a8e4d42306be",
              "ami-08a8cd05b71bad86d",
              "ami-0e6d6e385ae8e0a87",
              "ami-026d2686aa5277e55",
              "ami-0168e0701ba1bdeab",
              "ami-0302347242ca2ffb8",
              "ami-0ad7e5ec7b2c23efa",
              "ami-0444f8d2d2c48021e",
              "ami-03b67da9bf482e538",
              "ami-078cb9c90703dc1d5",
              "ami-02d8378ba681c4e8d",
              "ami-029e32226f5662a27",
              "ami-09c49cd324fe3a2fc",
              "ami-07e8495bc69ec266a",
              "ami-0b0b1d6cbed374013",
              "ami-07f0a17381db5d0c5",
              "ami-0495462464cb790ba",
              "ami-002910768f31dfb39",
              "ami-0470e0abd2a2c2621",
              "ami-029fb16a3cee594de",
              "ami-03f0ca47e7cc88ca6",
              "ami-078e23b47fd2183f1",
              "ami-061b338923c952a77",
              "ami-0c2530d6eea3e9dcc",
              "ami-02a001e4e08e8674c",
              "ami-06a5af0c0574a78ed",
              "ami-01f91102ecbe46a53",
              "ami-078d8d12c518bf742",
              "ami-084fc821b35649a54",
              "ami-07fad22c372d32b3a",
              "ami-0de9e8bc2856266f7",
              "ami-051735979d3f9c435",
              "ami-06854e645079525e8",
              "ami-0ec4fa9e09d99b6c3",
              "ami-03ddf75a0e3472b54",
              "ami-0bc67635cc019b667",
              "ami-0a18a56824d9254dc",
              "ami-086d55f0e6f4bcf81",
              "ami-0df1ea658bb06d3fe",
              "ami-092beb678239507e5",
              "ami-074ec7c9a077224e3",
              "ami-07cf3564bbf9b3d62",
              "ami-03833a765760f184c",
              "ami-0be36c108e6c5859d",
              "ami-0abe5447af1549b77",
              "ami-072289fae03c9b4dc",
              "ami-05e36ad54dd24dd3b",
              "ami-06047b7159537e985",
              "ami-01b6fd1a9b02b38b4",
              "ami-04810c6d825277414",
              "ami-009779b5202c2586e",
              "ami-0ec086881f4a17ea2",
              "ami-005ce6ab3e9e53626",
              "ami-0eddc9801fafe27a7",
              "ami-07189aee2f6c116fe",
              "ami-092f78a2bec910fca",
              "ami-0cf4db91cf13ec74f",
              "ami-0d0cc89f870265632",
              "ami-004095dd4c00022d6",
              "ami-0eaf30a4a48190fae",
              "ami-09665c8619cd32abf",
              "ami-06c58477fd156b7ad",
              "ami-03d390ea462151e7d",
              "ami-0b7fbf81b6d5e4ac5",
              "ami-03789b51bf8dfe6e4",
              "ami-0ffe3da897b75cafa",
              "ami-009525395d8ed19aa",
              "ami-02daaf23b3890d162",
              "ami-09e71b516c8006d15",
              "ami-08028e57674518493",
              "ami-00142b99795aa071c",
              "ami-05ce5197e713bea77",
              "ami-0b172e7146706ede3",
              "ami-0291491d6fb134b76",
              "ami-0a774308f6524a726",
              "ami-03b9ec1f30a2f20be",
              "ami-0f2a2750f5039dd04",
              "ami-0b44b3bf87e268d24",
              "ami-01e6c41586d48183e",
              "ami-09cc9a8f0cd1ad5a8",
              "ami-055e81b3e7b4969ea",
              "ami-089657fa25238062a",
              "ami-0c6bece5bc110efdb",
              "ami-092d49b660de95ff1",
              "ami-0b6834e49e6224236",
              "ami-001d1426265f61033",
              "ami-0d4b344fa2aea8c6f",
              "ami-09cb150c59e4533aa",
              "ami-0e61aef7896109787",
              "ami-09f14bd0cf314b080",
              "ami-081bde4c7a5cd9218",
              "ami-01c6185504df1d13e",
              "ami-0a824148f8f8c5908",
              "ami-07b05dc41044e4f5a",
              "ami-0431a73fa49c33acd",
              "ami-01f05bb8832e67ff1",
              "ami-06b58a0a36b3f8506",
              "ami-03cbf8ba64fcb0be3",
              "ami-0eced166362310794",
              "ami-038550d9d809c4c97",
              "ami-0ad2880dfad9d1882",
              "ami-01c009f7eebfe59d5",
              "ami-0a2641d70ff9808f0",
              "ami-086d48f3bf355504f",
              "ami-0b78260d600b61be8",
              "ami-0e3ceab2d0781f4e2",
              "ami-086c637ec8caec07b",
              "ami-06d88a6a873265938",
              "ami-09eec13fe8fd887e8",
              "ami-0ba671475422c9515",
              "ami-02a02fdebdc75445a",
              "ami-08cd90de07db0e5f9",
              "ami-0018e9fbdf029e61f",
              "ami-0a00eb94fe365aabf",
              "ami-054b3eee3b62afc1d",
              "ami-003f969e5625844fa",
              "ami-0339014bec5a251d6",
              "ami-07d3cee30c8b6f4fc",
              "ami-069f78dd091a0c610",
              "ami-0c09e5fdb87409a21",
              "ami-0718dd5bb36fdd89a",
              "ami-0d6e4db7ad07242e1",
              "ami-02a172b0393352993",
              "ami-0ff6207f6dceb0b0d",
              "ami-0f4a01f48e874a437",
              "ami-08778e2f54d4c2c26",
              "ami-05fc1e0459ee1c21e",
              "ami-0f91153b44905db8e",
              "ami-0fdb65ae9fd82f7ce",
              "ami-09f2114fecbe506e2",
              "ami-03c7a3f3e4c710cc9",
              "ami-0f22b6b21a60b7d00",
              "ami-00859ff7b735b5819",
              "ami-0f7677aec69f913aa",
              "ami-07203d9bef49a40f5",
              "ami-01ca5e21b71dc30ee",
              "ami-058b40ff697168d0b",
              "ami-0c684518c9e437f2e",
              "ami-0502e3f71428921ce",
              "ami-0b292a7bd538f2cc9",
              "ami-08259d0489f19ef5b",
              "ami-03f6bcaf2059a2cbd",
              "ami-0eda8b27ad84c9efa",
              "ami-06ee7c463eba7cdba",
              "ami-0da3376698efedd43",
              "ami-07272713591950169",
              "ami-08df7b236ed19e461",
              "ami-08745fe53fd9f5d8e",
              "ami-07f2bf5e6270998cd",
              "ami-0648e9ef87dddca92",
              "ami-0f81924348bcd01a1",
              "ami-03765519f27b34c28",
              "ami-0bb34d57ff66af6b1",
              "ami-03c4e9c6f525628a4",
              "ami-027118d54aab3ab4e",
              "ami-08b31007b341cd725",
              "ami-0348b70716f280a62",
              "ami-0664773b5a898cc82",
              "ami-06e0c1811013eddf1",
              "ami-04f2b25653eb06b73",
              "ami-0016c744fcd92936c",
              "ami-009be1161e50cd221",
              "ami-024a39e1e6f14f00f",
              "ami-02593e49a71661010",
              "ami-0683cdf79ea330f8c",
              "ami-090320fb6ef98c4a1",
              "ami-0e8d23abb1550a75a",
              "ami-0a3dbd9eef3129f5f",
              "ami-0e3fe61e835314c93",
              "ami-0df728ee1042b64bf",
              "ami-012c9c59c8ee89ee0",
              "ami-02f0b6edc0546a87f",
              "ami-05e39785faea58a88",
              "ami-09d069a04349dc3cb",
              "ami-0f1c5ba9130b9c92d",
              "ami-0833bb56f241ee002",
              "ami-00cc70209995cae08",
              "ami-035b3aa5a4eb0d806",
              "ami-050ec8664e095152f",
              "ami-02c5216bc12099315",
              "ami-0f213f957d1affacf",
              "ami-039538f751185f677",
              "ami-017348e5801f03a0c",
              "ami-00d651599904f13c7",
              "ami-0f131f67d8fab8d16",
              "ami-032b29e0c67d14e24",
              "ami-0ed79146d83054153",
              "ami-09a60ac7b0b178f9e",
              "ami-0d7d8dbd25d881150",
              "ami-0277af3b82f08e63a",
              "ami-0091ed6e473e70d20",
              "ami-0be9ec1305f6f5f24",
              "ami-01a9349e43d68832f",
              "ami-03289275ad46bbcf3",
              "ami-0856bed1a746a76bd",
              "ami-03c8f64ca9ebdc661",
              "ami-00a2133c9940bf8c3",
              "ami-062f7200baf2fa504",
              "ami-02a9560633d8c1728",
              "ami-091f045c3aae05a59",
              "ami-0e98ccceff552e8a8",
              "ami-0f638cec17b494f84",
              "ami-00afc256a955c31b5",
              "ami-0647b30c2530a08be",
              "ami-0d2b1cde5e6d7020f",
              "ami-09424656610ed8cb5",
              "ami-0faba20361563e803",
              "ami-0ab75073588fdfe5d",
              "ami-0196913a4743888c0",
              "ami-083c6010630a91cdb",
              "ami-007092a89ede24e62",
              "ami-0be4d1a45d5336fc9",
              "ami-053b8648b27c3e6f9",
              "ami-002ee751a46c73abc",
              "ami-0730212bffaa1732a",
              "ami-0dcd5e8447f086187",
              "ami-087a82f6b78a07557",
              "ami-0ce20d6ab90f4de30",
              "ami-09dbd3d47a721cd07",
              "ami-01f5ef4309869e8e3",
              "ami-04fbeea6212c9c60a",
              "ami-096f45aa210b69904",
              "ami-0f45fb932d7c07d51",
              "ami-0cbf05b16a1a2f6d3",
              "ami-0ab635730f95f2e75",
              "ami-09d05d7a6b7b899b6",
              "ami-00d82bd037564c4a2",
              "ami-07a94ce4041910ee4",
              "ami-0df648f69046ff33a",
              "ami-055f4604113da043d",
              "ami-09a4c313c737d908a",
              "ami-0472f76716a7a8ffe",
              "ami-001bfc7420ecf7669",
              "ami-0cfce90d1d571102d",
              "ami-0c4de5e874e6fae37",
              "ami-0cc2907d17b7a8ac8",
              "ami-0c37557b31263df2b",
              "ami-09d3b05aa0c70d7d4",
              "ami-0645bf721690094a1",
              "ami-026a05a18271fe0e3",
              "ami-09f2c4c4a61820757",
              "ami-025ed45832b817a35",
              "ami-0698bcaf8bd9ef56d",
              "ami-08e68326c36bf3710",
              "ami-0f7a4c869d2a56ac1",
              "ami-0b25025c5128d9138",
              "ami-03488d5c7c6fae99e",
              "ami-040ddcf70f6ac2411",
              "ami-045565871c0771faf",
              "ami-02bd97932dabc037b",
              "ami-01f3805b0d9c471ca",
              "ami-016b1f69db9e61457",
              "ami-05b31f87143806525",
              "ami-06915b0d7697898dc",
              "ami-03a8b02763da2a8b7",
              "ami-0cac646c8fc167c21",
              "ami-0b6dbe74b237c408f",
              "ami-0d825ce8849ce6f0b",
              "ami-0421fa64d64d64556",
              "ami-0826ded19dfb0e12f",
              "ami-075eba70b18c5dde8",
              "ami-0005e42880ea345d6",
              "ami-0bdf7d6d7c4ce3ed7",
              "ami-0924505ed8b40adad",
              "ami-03d84ab845d24c946",
              "ami-0d527b86cd7b95338",
              "ami-0529e7815e81b14f8",
              "ami-026c819e4156dc760",
              "ami-0133f7a3fff75df0d",
              "ami-0a3cff8a75aa540b4",
              "ami-0817e58a324b8b338",
              "ami-07518881491131823",
              "ami-0927e610cfc3d8f95",
              "ami-0b98d7f73c7d1bb71",
              "ami-049f61f49736a6ab7",
              "ami-0baca490e7de5e0fb",
              "ami-0ef0e6f526bf6e9f0",
              "ami-055caf87893c9dcda",
              "ami-0d582b39ec802060a",
              "ami-06fe37a44a82974b2",
              "ami-031c93dfee424bf96",
              "ami-06e8b5e20b79df8e9",
              "ami-012c02db344fdf8b2",
              "ami-06dfcde624780e4c0",
              "ami-04132307f3030589c",
              "ami-0b0095a310db39871",
              "ami-044c6e714717f3eb9",
              "ami-0d679c9703c2b1661",
              "ami-0962330670840f9b8",
              "ami-07ed4ec3521a1fe92",
              "ami-022d47e0f48849471",
              "ami-006668674e5150470",
              "ami-0d79eecaf28f8e7ff",
              "ami-008518a0709c8bde8",
              "ami-00068cd7555f543d5",
              "ami-0c9e7070ba2856f49",
              "ami-05f23c795093ae325",
              "ami-035240afa793cddbb",
              "ami-095e367b4af268089",
              "ami-08d6eb63df386167f",
              "ami-06ede270c880aa7f9",
              "ami-0496ad2bb0356abb7",
              "ami-0cc4e505d334ac1db",
              "ami-08a26bbbbc7d5f501",
              "ami-0e27be3c8c0cc0426",
              "ami-07cf083eb41b4c399",
              "ami-0adfc0fff5fb69149",
              "ami-0d20b4dbffd9cb832",
              "ami-0f36ec948925e423a",
              "ami-042daf2535ca1cfc3",
              "ami-09c3e56f006220223",
              "ami-08fedc8308e33040a",
              "ami-0ace57c41eb70064d",
              "ami-07f68f6666e83d31d",
              "ami-007f059bd593ef8c4",
              "ami-0eda2253653e74efc",
              "ami-0e54cfcbff69a789a",
              "ami-0bdb4aa2584e8e556",
              "ami-0d463272ecbb65041",
              "ami-0a559aa3bb5b96995",
              "ami-06332387e8ff2df7f",
              "ami-0bf5c692049a73e1d",
              "ami-0ec1a8aa06089565d",
              "ami-02aafe27d53c6f1ec",
              "ami-09bcb444d392ab0f4",
              "ami-0980935f80b2f41bd",
              "ami-02c32b10bc920b9f7",
              "ami-0b79a0df853b68682",
              "ami-0b7b4fc380bad1f61",
              "ami-025e9d1c4433bd32b",
              "ami-03a3474c4b4bacba3",
              "ami-0010e840204e3182b",
              "ami-0f1415c0aca38aa94",
              "ami-0046353c06d4a326f",
              "ami-0ad6567ae0a817577",
              "ami-07ada03273db55e97",
              "ami-0ceb6951bdd99be0c",
              "ami-01970cc843402cb46",
              "ami-04429621fea2eda1e",
              "ami-0795ae6584e7f8070",
              "ami-0eefedf253ede0ecd",
              "ami-084151ce6a205f760",
              "ami-02278c99dc08975a9",
              "ami-07d6c8e62ce328a10",
              "ami-04f83dff5e8d1c25d",
              "ami-05bffb7883a5b2c7c",
              "ami-08bf4bb9519c5cbbb",
              "ami-09e515a2f58fc7a93",
              "ami-0694ca4417a5850fb",
              "ami-0a29752eb59bd5f43",
              "ami-0b335002243e5a9ff",
              "ami-0150d67948f262ab3",
              "ami-0f41f7d883421395b",
              "ami-0dd7d98263d0e28cc",
              "ami-0d717eaac8c7e23cb",
              "ami-04b549b3880e01601",
              "ami-05e59b90e784a0623",
              "ami-0b4e9d3945ccf4e74",
              "ami-087b76ec5e2a2b63b",
              "ami-0a28a1ad6f52a7332",
              "ami-0f5603691c04e666c",
              "ami-04e3a10465bed4189",
              "ami-09e595ac95c50c47b",
              "ami-025502bb832b5efcd",
              "ami-0216c99589fe68acd",
              "ami-0c4c380a3a9588d3c",
              "ami-0952a20604d34206f",
              "ami-04aa750eefb4f4133",
              "ami-02a61d28928bb7f9b",
              "ami-07dfb87d6e7ca4d3e",
              "ami-0d7f5023a09142617",
              "ami-01a3831cf42a2bb63",
              "ami-06c0d500dca9b9436",
              "ami-0dc7faa84e8fb0b04",
              "ami-0e102d7b186c925ae",
              "ami-0ca701b5290d27a1d",
              "ami-0c470a28fc1eb9b31",
              "ami-043eebeabcc4e3d35",
              "ami-0df6cfabfbe4385b7",
              "ami-0e83525f58b2878f0",
              "ami-0ca3f30db6994a2ff",
              "ami-09bfedafcb3b9889d",
              "ami-0b84afb18c43907ba",
              "ami-097e3d1cdb541f43e",
              "ami-0d21095cdfb1566c2",
              "ami-068d6d02d8775ec52",
              "ami-01a471cc6a3cbbaa5",
              "ami-01320196d47bc6dfa",
              "ami-09ccc07b3d5df2bc6",
              "ami-063690c75d69a8f15",
              "ami-03ad8d6f6457130fc",
              "ami-00dc79254d0461090",
              "ami-01357967d6ec35094",
              "ami-0847ebfdef5044faa",
              "ami-0d08fa65f81355d86",
              "ami-0f2a750c87faba63c",
              "ami-0c65e6401a50512c5",
              "ami-03c75267ef7043f69",
              "ami-08fa2eb77f5afe360",
              "ami-067ca5bfa36ff7061",
              "ami-03ff27b271a57c9ff",
              "ami-0f489751e09e90349",
              "ami-022dfbe38014bcfe2",
              "ami-05fec5115367cc59a",
              "ami-0b5768dbb07139929",
              "ami-08e01b26c47f98d6b",
              "ami-0b4221bfc310438dc",
              "ami-0e730c8c1b3558e9b",
              "ami-0cd41375dc3782237",
              "ami-07840a1883e9a1e33",
              "ami-0834550339ee31f0a",
              "ami-0462e9c8069645520",
              "ami-08e2d0e96c8d20257",
              "ami-020f9d8cee4f66397",
              "ami-03501e05fa8613ac3",
              "ami-02e73710747e054c8",
              "ami-05f85649f111f3646",
              "ami-0d3d92693b41b1c11",
              "ami-0903de51d73101f96",
              "ami-0e449a1f540e1971c",
              "ami-0954a347b486839a6",
              "ami-0b7b0d0999fe91eae",
              "ami-06b0414c77527dc07",
              "ami-0e1d84418ca773299",
              "ami-0fbf39ab5a7712f56",
              "ami-0f65e87059040a06d",
              "ami-0c9403ab91965a240",
              "ami-05085b57e47cdc27d",
              "ami-0816886949d4dc430",
              "ami-0800cd791b79ea14f",
              "ami-041898fb3d86da8af",
              "ami-089f1be730619c0f8",
              "ami-061a738ce29a02b2f",
              "ami-050136c67e160ac14",
              "ami-05f636c995e30ab9f",
              "ami-050a512c2f62cf3fc",
              "ami-097b4f8e72e28db2d",
              "ami-08ea843a3d0a12ce4",
              "ami-06dd8ea479c27cdbb",
              "ami-0387ce6976edec186",
              "ami-06f0f64dfa3965ed5",
              "ami-07011813e03104ef0",
              "ami-00bd6a596e896bb4e",
              "ami-0d2aa2cf34d064555",
              "ami-0361adb513f74d321",
              "ami-0f846c06eb372f19a",
              "ami-07cdb165be5c12127",
              "ami-0f2ed60571af18410",
              "ami-0ef95618502dbae70",
              "ami-061ce2c602826525f",
              "ami-0ac6034010516f445",
              "ami-04670c8e8d4c718ac",
              "ami-0dd358444e8d791f0",
              "ami-0bcdd36bff9d04fae",
              "ami-00c298135c661ced7",
              "ami-0861cc6c04576e2c0",
              "ami-0b0626d79ffd791fe",
              "ami-0101f1338670ed552",
              "ami-0874dae3c344b8cb5",
              "ami-0e5de414aa86d7de7",
              "ami-0df07ca06a980805f",
              "ami-0948c21f945d1d39a",
              "ami-0bf0fb99ba2796336",
              "ami-0c1349c722fa75f5d",
              "ami-040532fc119c3965f",
              "ami-06f717810642c5bfd",
              "ami-05509e91651c765fa",
              "ami-07f7609b4ef9f9a97",
              "ami-0c859c21e1144213b",
              "ami-05482400e93e8c2d2",
              "ami-019fef48a05dc1700",
              "ami-0d051a0cf956b6834",
              "ami-0da98cd9ba1124041",
              "ami-0c03a4517cdb49c42",
              "ami-05f739b485f7dab42",
              "ami-0be858adbe75b93e1",
              "ami-077891d4731deb090",
              "ami-06ffc3532863354db",
              "ami-05d1e2965f815b79c",
              "ami-058f59704835cdd18",
              "ami-0a8cfa116d18fe740",
              "ami-0bdda4dcc17305df3",
              "ami-076d45502aa64cb59",
              "ami-0677611d5bf124658",
              "ami-0c4e2c0cd1217b83d",
              "ami-02cdf717b9e281c9c",
              "ami-066c23dd29d484648",
              "ami-02b49eb5e5c026da5",
              "ami-04024aa5e04444287",
              "ami-0777f1a0c14d1d1cb",
              "ami-09d06123b57a0ae88",
              "ami-0def7d57bc07cd668",
              "ami-0c5c8a395bdf53fa4",
              "ami-036299da488d4ba1c",
              "ami-0c557d9588f42edc8",
              "ami-0166c4963e9eaaafa",
              "ami-08f00521d7183b4f0",
              "ami-008a07c569b8da5ca",
              "ami-0c4e957aad9ca736b",
              "ami-097a7eb359a429d05",
              "ami-01435d4abb8836f9c",
              "ami-00e4da0ed7025bcad",
              "ami-0ee9e136178176e29",
              "ami-08fbee290c336c1dd",
              "ami-0990970b056c619eb",
              "ami-0ea32b4db41aa0d47",
              "ami-0392bafc801b7520f",
              "ami-0dcb57d166e925854",
              "ami-0e05db9a3e6a92d12",
              "ami-0547b1fd62b28a111",
              "ami-02c2bab84f4c66a4b",
              "ami-0798afa1a35ead00f",
              "ami-03d3de32d6227a7a7",
              "ami-08060db92d824f291",
              "ami-0efaddde9e18d37e1",
              "ami-0b56fac490f1fbfe7",
              "ami-084f07d75acedcefa",
              "ami-0f161e6034a6262d8",
              "ami-001261572d9ef9930",
              "ami-01b346b6c0c6e9f85",
              "ami-076d7667fab40efe9",
              "ami-0c129d98865a3b6f5",
              "ami-0ee43063d08ad19d2",
              "ami-0dda3a10b93f38b21",
              "ami-0c49319553bb6ea78",
              "ami-00374daafa3bfd36d",
              "ami-0b01768703b9eff7b",
              "ami-0dab340001198ee7a",
              "ami-0c8c6742165663db9",
              "ami-054ca6403a16df7fd",
              "ami-0afe331cf303d24a9",
              "ami-0e5a5a5e4342e4f9f",
              "ami-037d2c488bff5460c",
              "ami-0075fd0d9f7b2016e",
              "ami-08d870acbd199df8b",
              "ami-0a8a0aa5f972c8a15",
              "ami-04cd3e1e173414fba",
              "ami-013f05e769e044df7",
              "ami-0733961acd7bed99c",
              "ami-001b280a41e38d1c2",
              "ami-02e1f64cbeac42354",
              "ami-0a0cba72391ebc3b3",
              "ami-05bf528536af1fc62",
              "ami-078fc8038ddcd9672",
              "ami-0132c1073774c87a3",
              "ami-05680a73a42239d21",
              "ami-07f5fd8d7c8c7fcee",
              "ami-0f4699dfb8f9cbad8",
              "ami-0505e8591b6e476ad",
              "ami-0a26f51e5cd93dceb",
              "ami-0ef44e0a75d6829cf",
              "ami-0efc825d3882f058d",
              "ami-04edcb606fe0af76b",
              "ami-0d4d0a149b6bdff47",
              "ami-03065df12b8f77b02",
              "ami-04224b017df0c5d51",
              "ami-05774227c8941a068",
              "ami-0e22e98cd651d13da",
              "ami-076ad706bc318b166",
              "ami-0059ae22bae4ec35d",
              "ami-06dbf81822c5d802d",
              "ami-0277d42c17d2fd9f6",
              "ami-0585963de7ab8b964",
              "ami-0259ce67309f76e0b",
              "ami-0b2f191b2ddb13526",
              "ami-08198f90fe8bc57f0",
              "ami-0d5628765ec5d0c5a",
              "ami-08739803f18dcc019",
              "ami-08352ed43d7bc1518",
              "ami-041b86e9358b803bf",
              "ami-012f98d2efa5d0c58",
              "ami-0a28dee56cab9b2b2",
              "ami-01d93e1646c51d0a1",
              "ami-0aa35670faada186f",
              "ami-00c20050348520a65",
              "ami-0b4c2aeb5febcdf02",
              "ami-07cf2fadbfc68e7c7",
              "ami-07373a162e651767f",
              "ami-0f9e149bdcfdf597b",
              "ami-0d610b91934b59f58",
              "ami-00f6dc64ab32c1c4a",
              "ami-02fd54be7e88e6bbb",
              "ami-0e6b85574cf9aa9c9",
              "ami-0fd9a0c83c38e20ec",
              "ami-05c0906a16b9af929",
              "ami-0938883eb939af0be",
              "ami-09adc0c8ce84dbb15",
              "ami-00b484909a9bacd9f",
              "ami-0da5089baf511b65f",
              "ami-04f6790aca59339c8",
              "ami-0dcb5b8b51421367e",
              "ami-038f0e813bc98b7d8",
              "ami-0169d2f0f1549c29d",
              "ami-052019cf36e7ae092",
              "ami-074f2d8b3fda1e688",
              "ami-04634e15833400ccf",
              "ami-06191d186b526c958",
              "ami-03e43ca3afc5d79a3",
              "ami-00a1164673faf2ac3",
              "ami-077381babe7660807",
              "ami-0b69ea66ff7391e80",
              "ami-088a68683c8ebd614",
              "ami-0da7caff8302f095b",
              "ami-09c61c4850b7465cb",
              "ami-048031cd8adbdf4ab",
              "ami-0c1dc4b8944904ad8",
              "ami-0d2ce5292c4022020",
              "ami-0cb1316b6d1ed51f0",
              "ami-015a95702da94c1a4",
              "ami-0de7b822de2652a5d",
              "ami-046f32530b7a708d6",
              "ami-0c22a24155f24cc5d",
              "ami-08ce3adc062529a40",
              "ami-094758153a5353868",
              "ami-08f01263c6695a578",
              "ami-06ef6cd98463f897e",
              "ami-09fa55efd1e758c2b",
              "ami-01ef230ae4ee4a6c9",
              "ami-015f09d0e6f8d51c3",
              "ami-0066ea1a861b352f7",
              "ami-060a0d9880e5bf6e6",
              "ami-057d55a9912298290",
              "ami-04107e4cbe8432c72",
              "ami-0505d06b4a9b7886c",
              "ami-0ac8a419d951b9920",
              "ami-0081524d8e0babaee",
              "ami-0ff28cc7d26450968",
              "ami-0f790bd821e410d86",
              "ami-0b12b2eb6da1ca2d5",
              "ami-0938c065f4ed5f343",
              "ami-0df4cb8ff44eb0afa",
              "ami-0e040a3360f109603",
              "ami-02cb555e324696ced",
              "ami-064b7bb2321d2d81b",
              "ami-07dc8c4f4fb77bdb8",
              "ami-0373dcb8484690242",
              "ami-04b9300a85c0d867f",
              "ami-037153d152e66ecb4",
              "ami-0bdf72f9eb898aec5",
              "ami-00eb20669e0990cb4",
              "ami-0682580f6dfc04aaa",
              "ami-001efa431f19d816f",
              "ami-0ea69c718a8eed94a",
              "ami-05127195d9e7dee42",
              "ami-0029d218aacf7bccd",
              "ami-0ffc1f631da347f56",
              "ami-06de31b30de02e034",
              "ami-00cb8c7b58f4beafc",
              "ami-0fea309109cb34449",
              "ami-01dfb3d77de8d188a",
              "ami-072da37936f8c08e4",
              "ami-00da620a9ecc16ffe",
              "ami-094a29b8a706bdf90",
              "ami-07473b21bb7f70b35",
              "ami-0698df7f916ad5a9f",
              "ami-0bcef258fe3bed981",
              "ami-04dfac7e76297ec5b",
              "ami-0031442d33aa88b79",
              "ami-09297c7620a6f533c",
              "ami-0e9bafbad5eca4182",
              "ami-0180e79579e32b7e6",
              "ami-0b16d80945b1a9c7d",
              "ami-01a325c826e291b64",
              "ami-066ce9bb9f4cbb03d",
              "ami-088f7a17510b9f9c2",
              "ami-046d42920ca8ba1cf",
              "ami-095d9c2261e577d64",
              "ami-01e653e665822a56a",
              "ami-0e4cca4d28445d017",
              "ami-0b18eb59ff26c8393",
              "ami-09af1a0c7c9a40fa2",
              "ami-0421afe8059eaf884",
              "ami-03e7b0d5d034b478e",
              "ami-0c3d92683a7946ac3",
              "ami-08571c6cee1adbb62",
              "ami-0eb0119f55d589a03",
              "ami-01e370f796735b244",
              "ami-0484012ada3522476",
              "ami-0d3998d69ebe9b214",
              "ami-09469be1febc3ccaa",
              "ami-0d50009cca6b3931a",
              "ami-0d6d3657a839547fc",
              "ami-0264e8c9cd56835e5",
              "ami-010e3748f56b5d383",
              "ami-0afc41eee457447aa",
              "ami-03c6b78c829754420",
              "ami-04c07bbf74565a5bf",
              "ami-0a6f5f9c37351a490",
              "ami-021ce8df87964d25b",
              "ami-00a619d8e7699c263",
              "ami-0ee6ed8d9f8cef42a",
              "ami-07f9d9fbe7e50dde6",
              "ami-0dda31c07c303c093",
              "ami-075a23b7510f238a5",
              "ami-0a6f2ceb269c974fb",
              "ami-038f45d0565ea2bde",
              "ami-0a01aa2c705174018",
              "ami-01db3a3b3363491ad",
              "ami-0f8023926d75bf0c6",
              "ami-0516b9c0c131d33fd",
              "ami-079d4b892375e38bd",
              "ami-04cc409729ec379f3",
              "ami-09dea607c0dffd1b9",
              "ami-02f3fe4d8415df221",
              "ami-042cb8717d15565d3",
              "ami-0a2631e8be270135d",
              "ami-013944fd9b19100c5",
              "ami-0bad45c59c7581d37",
              "ami-0db47f1b196ddc2d1",
              "ami-0f73e72ff60649fc2",
              "ami-09dc97a9496169b58",
              "ami-06ea2dea85bf79fbc",
              "ami-039ecade7bb1c40f6",
              "ami-0fc432e50a25c1684",
              "ami-0bab9d6dffb52fef5",
              "ami-0f78b3f3f7c3d750a",
              "ami-0c9c6282dcec1fbb2",
              "ami-0ad635f293d01d672",
              "ami-0491a4669ab3fbe2d",
              "ami-04b69e31cf9230074",
              "ami-0c114b54d02827ae8",
              "ami-00448adafcd493ffd",
              "ami-0a422df1f8a5ce7a4",
              "ami-08826f7757af74c37",
              "ami-021ee54ed878e4556",
              "ami-0f748f2571bc32c12",
              "ami-01be52165747cf955",
              "ami-0b1a101be8a69bc49",
              "ami-0e4ed4a7c22fda47f",
              "ami-06c9ff30e5e3eba0e",
              "ami-09c5d2fc5886791e6",
              "ami-0b2220eb0212c8d66",
              "ami-0e858a20f0ffe5838",
              "ami-096ebef55e55fbee0",
              "ami-03411646d2bc2d4a3",
              "ami-08c7274dc79264f27",
              "ami-07c0bb3437337fb80",
              "ami-09036fcb477742eb6",
              "ami-06c2c729346a4ffc0",
              "ami-004852354728c0e51",
              "ami-0b5b391ed8ccaa538",
              "ami-0bdd095c2fbd0e692",
              "ami-0637be04b7a7f7b5a",
              "ami-0d609b328e1c9ca6a",
              "ami-0417b2646e1d2dc2a",
              "ami-0f1a8bbf72938c000",
              "ami-0a4d7e08ea5178c02",
              "ami-0fd18b144da8357b7",
              "ami-0c535eb8c5a80b962",
              "ami-016392fa0b61bde58",
              "ami-006da8413e239334a",
              "ami-03018cb15c1d8c2d8",
              "ami-0fc2d3999af754ea7",
              "ami-02a6356140ff4cb5e",
              "ami-0acab025ba296a4bd",
              "ami-0978646eea6551c7b",
              "ami-09ab00f8aa496dc8b",
              "ami-062b65f3a1372223d",
              "ami-084b80ab53457dd08",
              "ami-04a121d112e199e27",
              "ami-0b5265d1fe9857fc5",
              "ami-03bbb97e28dbb9259",
              "ami-04c42f7cd32678f93",
              "ami-001841570f72f0084",
              "ami-07296c6fc96a83776",
              "ami-032156b59fe72758b",
              "ami-0157c234f53c1a0e9",
              "ami-0058b03ae691e8341",
              "ami-0482857766847636f",
              "ami-0322947f0a6a9ed47",
              "ami-0fac5486e4cff37f4",
              "ami-0875a1e6c2db1cdc9",
              "ami-0c09d65d2051ada93",
              "ami-0b3b892651e52f03d",
              "ami-042702af6d35c19cf",
              "ami-0017d945a10387606",
              "ami-0f2e8e5663e16b436",
              "ami-06e46a15650294dfa",
              "ami-0e380e0a62d368837",
              "ami-07207754196c1a8fc",
              "ami-0a5f5d5b0f6f58199",
              "ami-0f1b9925c9ace2043",
              "ami-01c1c96b9aa69de37",
              "ami-04b2b21c2fb153b0a",
              "ami-0c721d6ec480e0b56",
              "ami-028f086ecb9b208e9",
              "ami-01b84e723afc11769",
              "ami-091a89827baba4a0b",
              "ami-0a1db81330a1a78ed",
              "ami-03a079b3de6758bb3",
              "ami-0246fcbf2afd9d8be",
              "ami-0dcd66b4651e9a8fc",
              "ami-06f0f9285b8a082de",
              "ami-0a73c693757fd8069",
              "ami-0ccc3eb11f32a53cb",
              "ami-041a69bc43dd9443a",
              "ami-01a6ac13012c4c7fc",
              "ami-0288ab9413a64bcdb",
              "ami-0b9f0c291599d82b7",
              "ami-092d1eddcb2e671f2",
              "ami-0bfe6e06e2d56b532",
              "ami-0072af0151fbe67b9",
              "ami-0c3ce932f8c5d4290",
              "ami-0c8452da4bb547c36",
              "ami-03a5eae522579fa5b",
              "ami-053c255d1b9c6c27e",
              "ami-03ee3b99425c35f80",
              "ami-0da4fc60917a23788",
              "ami-0f8d44f4286c4e6ff",
              "ami-06371c261e00ca6c7",
              "ami-092e8fd9cd1fdf0ba",
              "ami-03aae2f80abbf5cd8",
              "ami-09d9260a4dbd3bdd9",
              "ami-0f8d23b8689752fe6",
              "ami-09dff65be2498ec4a",
              "ami-0b5372ab3202bd20b",
              "ami-04da10d9c465ddc96",
              "ami-0e94341e1499f3706",
              "ami-07c0246daa6745d78",
              "ami-0f864c1adf8fede4f",
              "ami-09a6472f1c96cbdae",
              "ami-0ab55442394b48f28",
              "ami-0b85dec54588aa1e7",
              "ami-086440016b615bd5f",
              "ami-01ae443a7c6143c19",
              "ami-0d61868a79bdf9a45",
              "ami-0c74e60a9e6009fcc",
              "ami-05d9633668afe0c58",
              "ami-0c48153ff7c370696",
              "ami-0b1764f3d7d2e2316",
              "ami-0dd19b0f74c77f044",
              "ami-00a96e0df6e200897",
              "ami-025ccdbd0535aaa2c",
              "ami-0757fc5a639fe7666",
              "ami-0d5602f9d86b96d42",
              "ami-0aaa3a0f6876b748c",
              "ami-0c509141570009bb5",
              "ami-0de4df2e0b68bccc8",
              "ami-03436e75b6b90e058",
              "ami-07758d83078bf5e86",
              "ami-0ad82a384c06c911e",
              "ami-04c4b22bf59a18fe5",
              "ami-0b898040803850657",
              "ami-00b882ac5193044e4",
              "ami-02af865c0f3b337f2",
              "ami-0ae641b4b7ed88d72",
              "ami-06fb2eb20652dafea",
              "ami-0e261247a4b523354",
              "ami-07b2e2e6e4586930d",
              "ami-0651eb09bdaba0fed",
              "ami-035d7d4e805526d92",
              "ami-054c7523f88819252",
              "ami-0591f2bb7941334b4",
              "ami-09879ea5cc6c2e899",
              "ami-0c5d368e5a623a70e",
              "ami-0f9901f70b89a9fbd",
              "ami-02d6fe3428ff1a678",
              "ami-02429457561ab66af",
              "ami-07ae58c530821dc13",
              "ami-0def84ed7a98bb411",
              "ami-07854493ec9fe6402",
              "ami-067163231035289ca",
              "ami-0f478a3c518483a45",
              "ami-0ca309eacb93f38d6",
              "ami-0caaae106693e2075",
              "ami-0943a9147dad5d26d",
              "ami-0b2630f3f4ef13dc9",
              "ami-02de282323ca0863f",
              "ami-0608eebaa0cf5b00d",
              "ami-0bf9631e3ac8b7674",
              "ami-0e0760d162a4d2bd4",
              "ami-0ba15e491e39dcdef",
              "ami-067bcfc72ff7f44ce",
              "ami-06a79ef25cabfc1ef",
              "ami-0e28ca59a69274092",
              "ami-087b55492d64677e0",
              "ami-0df5862e6c4895797",
              "ami-0412873306f52f81b",
              "ami-06ae30187e87624cd",
              "ami-0756ed3b68a4f20fe",
              "ami-07e8e4048cb5b4578",
              "ami-0dfbb2df9f5fd796d",
              "ami-00bdbfc7fbe73870b",
              "ami-0c1076f21ae8d7159",
              "ami-037631db2176c8b9b",
              "ami-033783c0c0498da6c",
              "ami-0436c4b61d21a8e90",
              "ami-01517f43926c1d97f",
              "ami-0ff30d2fc06fa9c50",
              "ami-01e0dbf0f4407633d",
              "ami-092dfacf98cbfe77a",
              "ami-055f8bc23caeb6076",
              "ami-0163cb86891b869d9",
              "ami-06ce32f88be862af3",
              "ami-0d09143c6fc181fe3",
              "ami-05b28c5cf3188fa02",
              "ami-0dfd00a84f71d0e0e",
              "ami-0a55b648384dd48fc",
              "ami-08c4955bcc43b124e",
              "ami-0a6076b21f3d2941d",
              "ami-0200e65a38edfb7e1",
              "ami-024374d07c2d6603f",
              "ami-053e2ac42d872cc20",
              "ami-005548875cb3a3575",
              "ami-05c9fba3332ccbc43",
              "ami-0d334c42a27f3518a",
              "ami-02507631a9f7bc956",
              "ami-0cfe3ba108e6e3c7d",
              "ami-09b29fe183793d306",
              "ami-053f9b717a51a3a78",
              "ami-0c47b835d1590da5c",
              "ami-0848136f056c6c533",
              "ami-05750e07daf180dd7",
              "ami-07ce26e04b018d315",
              "ami-0920666c15c8d14df",
              "ami-0f637724b9de01b3a",
              "ami-031541bfc10a9a76a",
              "ami-0b3810dd95b48a575",
              "ami-005684c8dd6005530",
              "ami-04aa674a56f0a7627",
              "ami-059b247c2f693f654",
              "ami-085ead89685e13933",
              "ami-0ca4f7c3efd26cffb",
              "ami-0e7154089f667e3ea",
              "ami-0b4e2f7c72a4d5029",
              "ami-03d2308bba408c730",
              "ami-08faa69f6729eaf1f",
              "ami-073084a0f42e7ec2b",
              "ami-01b2298e394bef842",
              "ami-0f9814fe2ea159885",
              "ami-0bf271836325d7ccd",
              "ami-00a6ffe428007a433",
              "ami-01d60d427cafa18ea",
              "ami-0932f1d796b274cb0",
              "ami-0c1ccd2b3d795ee1d",
              "ami-0633542bd957a2a8d",
              "ami-09d9b21b0166aaa28",
              "ami-0c0c0824fd6ef87e3",
              "ami-068c6116e8e8154c0",
              "ami-0a438ad06b33632b2",
              "ami-0eee0b7e6fe9dfc6f",
              "ami-0742ab245a34f0c33",
              "ami-0293a1b220b858119",
              "ami-025cf9599c73d8951",
              "ami-06a46550686c39cc7",
              "ami-008ad2306bf61baff",
              "ami-0062deb7c3285bfdf",
              "ami-075c3245c7d51da49",
              "ami-06f1166b75f4c2965",
              "ami-000750b86ae489780",
              "ami-0ce1098a7f9ef6d67",
              "ami-0ba208e9491badd47",
              "ami-004cae71a8088c891",
              "ami-095cf8759898ee7a2",
              "ami-0804fafbfcf62139f",
              "ami-0ed10cc226dbad45f",
              "ami-076d3630f970aea33",
              "ami-0dd14f0b6f5ef11b7",
              "ami-0447bb355780578c6",
              "ami-0324ff3ee3bebb46a",
              "ami-0cc96feef8c6bbff3",
              "ami-06ddd6d23e1057885",
              "ami-0833d29454717ff52",
              "ami-00bc99694f0d8c0d2",
              "ami-04fd32edb4e0254e9",
              "ami-000ef209deed8f2f0",
              "ami-0ebe9f06394edcf7d",
              "ami-0eafe59d455c1671b",
              "ami-0b5397ae11d400256",
              "ami-035b3c7efe6d061d5",
              "ami-094023343f4ce95ff",
              "ami-0e70db31f7e942241",
              "ami-00e58f8044c7f8ad1",
              "ami-031eb9c5390c0f8f6",
              "ami-0d130bdfab2037f8a",
              "ami-091f37e900368fe1a",
              "ami-08e1d33a6a64499de",
              "ami-017bfe181606779d8",
              "ami-0cf21904bbdc31e86",
              "ami-01f1db40c7cbd1a37",
              "ami-0dde61416371df99a",
              "ami-036cea62390485c0b",
              "ami-08e5638fdf1e7d45f",
              "ami-080913e66aa933925",
              "ami-0efe60a8c6da161f6",
              "ami-075f66916f1b2c4bd",
              "ami-0455386c79cc657e3",
              "ami-05330560270527e07",
              "ami-0fccd2d62bce25967",
              "ami-05d519e5810a525e8",
              "ami-054a834a6f5841cbb",
              "ami-0aada7c357ad830de",
              "ami-04d28a845dc4d52dc",
              "ami-071a2902c1f3e36ea",
              "ami-0f812849f5bc97db5",
              "ami-081477ad0bee1101b",
              "ami-062da1c471a916aed",
              "ami-00c3ee50b6d0ff4a5",
              "ami-0ce76c644cd4ae2cb",
              "ami-0a5c1e0e9a1369701",
              "ami-0afe5bd9b93e37004",
              "ami-0434518d35a7eb53c",
              "ami-0cd0c66125d8619e5",
              "ami-0c47b776509549980",
              "ami-071e079e4f4a09ff3",
              "ami-05a4002eac9c0847f",
              "ami-0d927b2652503ed96",
              "ami-0bf0e496935d28ab7",
              "ami-043b0b85e841b3dd1",
              "ami-036f531df6bb232ff",
              "ami-0c4e82527c576912d",
              "ami-062f698af5c8dcfd8",
              "ami-00c3fc535b5003088",
              "ami-053d3d1f96eb02a01",
              "ami-02ebd87c3c2d5dde6",
              "ami-0e1fd0727c17f4c66",
              "ami-07b0bcbfbf38b7122",
              "ami-08fb4f90e290d7132",
              "ami-0255b8d4b603acc90",
              "ami-0caffe4d4f7ac4dda",
              "ami-086cd3055df11e8bc",
              "ami-01ac84e638195be8f",
              "ami-0600e42cbc2ff77b5",
              "ami-05b434b211531e2c1",
              "ami-066b079f862e048fe",
              "ami-0ddaacfb4076bed5d",
              "ami-037819cab8f2bd5e6",
              "ami-0a59b57ef08b7b176",
              "ami-0ab885484ec541883",
              "ami-0fc7dcfe12eac1c02",
              "ami-0cacf9ac854c0bb3d",
              "ami-0a702b128a44bbfeb",
              "ami-07639d12f995c73be",
              "ami-0e82a655bf9c18ab0",
              "ami-06054c8523a3a6679",
              "ami-0678e030fe9ab9ac4",
              "ami-05261d2c3850af9ec",
              "ami-0d3f0609703cfef00",
              "ami-06b7b9b94fd32c4ab",
              "ami-097636b050fa36501",
              "ami-08b71e219ffb17826",
              "ami-0a0504078d2f86e22",
              "ami-0c69c3abb09ba09b2",
              "ami-00ef5313a0e97e910",
              "ami-08d9c247d2f944dca",
              "ami-04bc1fe9ba7be22f3",
              "ami-08322e77c467cf557",
              "ami-0419bc991e90b82fd",
              "ami-0c0d2adc4882ae247",
              "ami-0c562f92a2121aacf",
              "ami-0cff37a35f8a79374",
              "ami-0d12f374fe4fc3626",
              "ami-06aedbdd316b56b11",
              "ami-003e1c48410ed0a92",
              "ami-034386c11cf558e3e",
              "ami-069b49d6315b8cdd7",
              "ami-003b78f18f246175e",
              "ami-0fdd55544e7d4cac7",
              "ami-0fd86d907c4c8fed1",
              "ami-0d40928957a4c83ab",
              "ami-0077cfcb445e1dfd4",
              "ami-00ab86e9adc60c1a1",
              "ami-0bc213dc857866046",
              "ami-0a52f8058317f5b35",
              "ami-09c9dfb849efa53f1",
              "ami-05ca11a79fafd6ebe",
              "ami-05603f16d12d9996f",
              "ami-058436d7e072250b3",
              "ami-05627342e1b34e637",
              "ami-05acfd2a183f5ee8c",
              "ami-0207154c3b0089a5c",
              "ami-084cacfdea18809c2",
              "ami-09f7d7e8727f4004b",
              "ami-04352eea3fb45cc5f",
              "ami-0756fbca465a59a30",
              "ami-0f4463ddc92a7c816",
              "ami-0e05097610fae5559",
              "ami-06e441c14766d8bb7",
              "ami-0b0ae551a867891da",
              "ami-0750ab1027b6314c7",
              "ami-00cf4737e238866a3",
              "ami-0f7cc2a4e9cb93130",
              "ami-0e7126260e3c3f9b0",
              "ami-0fe343aab1a91e683",
              "ami-0dd387866de2504e4",
              "ami-0e0540a6e5c7d82c3",
              "ami-0a44b5d141a907c17",
              "ami-0febaa72062adfec9",
              "ami-0ff0b38862095aa49",
              "ami-0d3c6c4e0913a4c0b",
              "ami-0804f7afcaa5e8db1",
              "ami-0c6b1d09930fac512",
              "ami-0599cf11bd7f06277",
              "ami-09e031a3bd19e4f97",
              "ami-092fbe8c5a4d036e3",
              "ami-0dd806e83aa8a0109",
              "ami-02bf293f8576122d1",
              "ami-0ec9d4b8ce897bbfc",
              "ami-0d6a97756106acbb3",
              "ami-07a1313a5c3d40220",
              "ami-0720bea6ec9656f74",
              "ami-048e0d3e70bef2d34",
              "ami-09f8a574df9ff06e7",
              "ami-09f40743e83c1c55f",
              "ami-0bedac503bc5e0626",
              "ami-0dacb22182cf8f5f4",
              "ami-0a5f3853e61c6d7d9",
              "ami-0d9583e8f95c7bd7a",
              "ami-0c20ff9c60df35515",
              "ami-0bed4b436ab2a9136",
              "ami-0ca6540ad285ca85d",
              "ami-0222efb76f01fe498",
              "ami-029591943099c8b8d",
              "ami-0c7b75384c43ebafa",
              "ami-0222a2b5077341de1",
              "ami-01ba66322117957ab",
              "ami-0b3c962c4cdc69d34",
              "ami-01eddf3eb1a1899a4",
              "ami-0e4e3f9950ac52de6",
              "ami-0cb2dfc25a0bc1891",
              "ami-09dffbd6ad0cd6564",
              "ami-0e301e5363bd378e1",
              "ami-095c8d767827f903a",
              "ami-0b7bc9b8fb8d553f6",
              "ami-044330d27b8d7a6e7",
              "ami-06bc585fc5516f89b",
              "ami-09340d4e5fef50b1f",
              "ami-087ddfb16e3c8f331",
              "ami-0934cf5aa63cd9e4b",
              "ami-092848a7986a848be",
              "ami-038728233f7300734",
              "ami-079375011a2feb7cf",
              "ami-036b203c93f3de0b1",
              "ami-0602ab7c039d2a4f9",
              "ami-0aeafa924ccbbb7b1",
              "ami-0c85512e150bde0d2",
              "ami-070ab779e7090d770",
              "ami-0523ff1699c9ef3f5",
              "ami-0f942ac10a338af45",
              "ami-09b2b923ebde9c970",
              "ami-0e2b588a37264f1cb",
              "ami-02b5b8dab90e057c4",
              "ami-00144db1528d8942d",
              "ami-0d8d467ddca09f9ea",
              "ami-0163de2019ebc3352",
              "ami-0b2e5d7bc29e85492",
              "ami-051db8b4bc4e61645",
              "ami-088d300a97d033d44",
              "ami-0469e2cca686d90e7",
              "ami-0a90a818b2c4033b9",
              "ami-01c9fdba8bd8ae663",
              "ami-09f3c394663f55ceb",
              "ami-02c7b51e49089f996",
              "ami-03137f2c6a3656b65",
              "ami-0ab131013adcde190",
              "ami-0881c828b07358dc0",
              "ami-09fc1fdd5a12d852f",
              "ami-01c925ff0a3b39ae8",
              "ami-0f0313e174f222bb1",
              "ami-00da010bf2205a040",
              "ami-0f8d05a3eabb2929d",
              "ami-054a0ac054a30dd6c",
              "ami-09a4f29fc582dc058",
              "ami-0d85a77a93eb7c2b0",
              "ami-02ab719979bcfb9b9",
              "ami-005e68292eb398f58",
              "ami-0c90f800c341fc70b",
              "ami-05e9d23d24a872967",
              "ami-007a030e84c8b9650",
              "ami-0d14a67869a4bfd4d",
              "ami-0deb321f7b1c07d4c",
              "ami-069426c1ff056a4b4",
              "ami-0007cb5da3921cc1a",
              "ami-0dc5d70c85090aae3",
              "ami-0f4270e90e6306c97",
              "ami-06ea83d17fd424a25",
              "ami-01c4b145fe170c80a",
              "ami-04086adf9876be634",
              "ami-02bdf5cd9aad4e764",
              "ami-0f1a88adc8f9655c8",
              "ami-016ff58827a995bc0",
              "ami-02f29bfdbf332b7f3",
              "ami-04107056106561625",
              "ami-01c727dc2fa953a55",
              "ami-095c97eb2d2e856f8",
              "ami-02fc78501d8270941",
              "ami-03b0b8372fa2fbe17",
              "ami-077ec9cd981adea43",
              "ami-0d11bbcd0aa594f27",
              "ami-093afa6061e61931c",
              "ami-05673d809cbe59f27",
              "ami-0bc08634af113cccb",
              "ami-03e13a3b6e7815f1f",
              "ami-0be9e1908fe51a590",
              "ami-01eb53ea4285be7e9",
              "ami-09dfac33e054f303e",
              "ami-003dae68d018759d1",
              "ami-0f416ce1a51a30715",
              "ami-0a399f59161729e22",
              "ami-0877e0c7449e93699",
              "ami-087a6127ba9676bb6",
              "ami-085854121fbe05405",
              "ami-046fd519c4156252a",
              "ami-04f091ac7d83d960c",
              "ami-03bbb6da0d6b41323",
              "ami-06e7eb0b116104bbb",
              "ami-0a77e9d30f8814773",
              "ami-0913a9ba58426a5c8",
              "ami-0d5bf1fc4ebb7d899",
              "ami-0544f6cb0d2dd5771",
              "ami-07a6d937089acd60c",
              "ami-06ac426160a2a9e42",
              "ami-0c910f1e298584fae",
              "ami-0db3becc97b84a76e",
              "ami-0cb2e5382e8e47d18",
              "ami-0a09b61a607dc1c83",
              "ami-06d4ebec2ded19c6d",
              "ami-08d350f3b1646c90d",
              "ami-0fdd36f502abaa1f9",
              "ami-048e9696eb52caaf8",
              "ami-043751b64ef03b720",
              "ami-043c6cc8122e1a6af",
              "ami-081a9e9d3506bcf56",
              "ami-0ab93380d6e47701e",
              "ami-0658a809b3e89b0c9",
              "ami-00f71e3be938f3077",
              "ami-0422aa8ec2e452870",
              "ami-0f8b01b1377483305",
              "ami-0a8c4ea1bd1ff7651",
              "ami-09d52511913f2928a",
              "ami-0f10cac30829fef45",
              "ami-0d87592fa197f6b87",
              "ami-0c19e7b19c912c15b",
              "ami-00f9843a2e2ef50f6",
              "ami-0ceb503872d89cce3",
              "ami-06ac396b7de0e0047",
              "ami-0abcb9f9190e867ab",
              "ami-02c1de421df89c58d",
              "ami-03a1e71fb42fc37dd",
              "ami-085b216d8c6c356bc",
              "ami-078b0186c671dbf4e",
              "ami-030ef18f8c358c3a2",
              "ami-0b31ca20f57db5713",
              "ami-0f445e3943423609f",
              "ami-0195bb53e6b5d1a9e",
              "ami-0d19c5c9673b48d6e",
              "ami-0067e1123ddbf2733",
              "ami-001c4fbb7311b50b6",
              "ami-03329009ab48034ba",
              "ami-0c7b5f894cefed1f3",
              "ami-02dda87df87071c7f",
              "ami-03e17ab1b42d2853a",
              "ami-02d1625a9af32f584",
              "ami-0d9f458329e942f90",
              "ami-05fe3f841ac4df3bb",
              "ami-00c495fbee7666f8c",
              "ami-0cb7959f92429410a",
              "ami-06ec2ea207616c078",
              "ami-00f74c3728d4ca27d",
              "ami-09462ef5f2de6c3ba",
              "ami-0fa00e52833dec089",
              "ami-0f6af2c4c7444f2fc",
              "ami-080bee4b4d6e238c6",
              "ami-0f58e03c33527cbac",
              "ami-092ebdf94be12433d",
              "ami-03f6945aa882353b7",
              "ami-02501654a4742e2db",
              "ami-0356d77d44e836373",
              "ami-053d72e061c10f375",
              "ami-03d9a9942ca9a5a70",
              "ami-0e9ffebb06a61cfbe",
              "ami-044c8bc8deee53373",
              "ami-02e75bd93c0e15e37",
              "ami-06f40222144feafb0",
              "ami-0fd45eac9a59d24ea",
              "ami-04dc871ee272a06a5",
              "ami-0fe4daff69955c943",
              "ami-0f9537914954bddd1",
              "ami-0a8f10aeb95f59ca8",
              "ami-066b19578def46d8f",
              "ami-0333f3a0fe8cebf66",
              "ami-0bee434a4d37b0877",
              "ami-035d99b2ef1c5c9b2",
              "ami-079b84ba0a8cc329a",
              "ami-0429a8894eaae7171",
              "ami-02f11f5662acf9377",
              "ami-085a82fbdf5eb9422",
              "ami-0d2c4d0eb33f5deaa",
              "ami-090fcc66694b7a8a6",
              "ami-08bcb7ab34b6e62bf",
              "ami-0dfdeb4b6d47a87a2",
              "ami-0afe304ce95391469",
              "ami-02691eea9fd224ffd",
              "ami-01ac4e28da63bac3c",
              "ami-060865e8b5914b4c4",
              "ami-0ff00f007c727c376",
              "ami-0259ee25c7fe9214d",
              "ami-0eb10af1c6d5dd2cb",
              "ami-0df9b757e7824e3e4",
              "ami-0d47f79272fe77514",
              "ami-04edd0e712fe8fd18",
              "ami-0f9b20b9789585aa4",
              "ami-0295228f2225d55a9",
              "ami-016ddc817bedb3d8e",
              "ami-0787571b4033204ad",
              "ami-0479e57b885cde2eb",
              "ami-0d71296e149f197dc",
              "ami-0356ce218c7cfa1ef",
              "ami-0ca3c4a43ad3799b1",
              "ami-0d7279e0c13593cb7",
              "ami-056f55426510a9a18",
              "ami-0f26c5cd74a4707b4",
              "ami-00b21f32c4929a15b",
              "ami-0617c50b76e1c51f6",
              "ami-023d43ae1ad4240f1",
              "ami-0eb0639c480ec80d5",
              "ami-072781620705f5e3b",
              "ami-00002c141987d373c",
              "ami-026c8837477801d91",
              "ami-0b98c3bc6007ddf7a",
              "ami-06b382aba6c5a4f2c",
              "ami-0b22896cb30dba87f",
              "ami-0771c28c5580e5716",
              "ami-0de53d8956e8dcf80",
              "ami-02013ed1a71752ea7",
              "ami-0ed2f29599018e745",
              "ami-02896f7313884c705",
              "ami-0a6a36557ea3b9859",
              "ami-0b057fabf316140f8",
              "ami-0ebf2c738e66321e6",
              "ami-05aa6b8208c783529",
              "ami-007571470797b8ffa",
              "ami-03762ad4020ae5ec9",
              "ami-0212d67aed8b0542f",
              "ami-0e0d88d4d879dcc62",
              "ami-0426753cd2d6df7f0",
              "ami-09ec84ebae92ef6ec",
              "ami-02da3a138888ced85",
              "ami-04aa1bc9d1b9bfbe7",
              "ami-08b43bfe7a0d16eeb",
              "ami-0fd0ae64eb509cc23",
              "ami-00f8fb8ed06007c1f",
              "ami-096b5898281e68ea3",
              "ami-05f79ab77fc13e20a",
              "ami-058ce12ad1cf79908",
              "ami-01c3e1db051469f19",
              "ami-0a242674f3a845740",
              "ami-04c33c70150b24b7f",
              "ami-0ae06a5196c3efe0c",
              "ami-0f4d0952efe16321a",
              "ami-0947ab0aec035256c",
              "ami-06af24a741666b422",
              "ami-0df22313645fe08ff",
              "ami-03eb9a7509b22fc31",
              "ami-0e956bf907f65771c",
              "ami-009c007dc55e58300",
              "ami-003de9e9bc8648928",
              "ami-0822c2a7ced428401",
              "ami-00f6baad4e0330f28",
              "ami-011fbb7376313f1a2",
              "ami-0ed0f75160b80ab16",
              "ami-069c894b48d1e640e",
              "ami-09a50048ee40a9d14",
              "ami-067a732ff35bf3d73",
              "ami-0e31636bea21d1622",
              "ami-091f15206391b7f45",
              "ami-0f30fd4198a632873",
              "ami-035e191fd3ba2de06",
              "ami-00a4173a450c91328",
              "ami-076998907611bf205",
              "ami-0d06ad4b8a1b37381",
              "ami-0a9ac99928438b763",
              "ami-071feca45f79a1238",
              "ami-05433a3597c0b1c33",
              "ami-0cc4523d6ef9b51b0",
              "ami-01196f7c955a90496",
              "ami-056fd46101b1500fd",
              "ami-0a9a0ba7439ac9b41",
              "ami-09e6366b7fc487877",
              "ami-0d8587685f9bdcf47",
              "ami-0767a42a4d9197f04",
              "ami-095775a2445cb7ff7",
              "ami-0eeb334a4b083a5ea",
              "ami-08453d1e978f3b453",
              "ami-0d19f5402a2c1c6bc",
              "ami-09476f90cacc785c5",
              "ami-04bfee437f38a691e",
              "ami-09d61de62a73cbd3b",
              "ami-07bd11aeec8089ae7",
              "ami-0eeeef929db40543c",
              "ami-09a7630ca9ee4ee22",
              "ami-0697d3ce947a3fd0e",
              "ami-0b5fc9b94174bbc4b",
              "ami-00bdca0af4c09f41b",
              "ami-06ee898763ff92e43",
              "ami-0621e2b8a36646602",
              "ami-046e4dec07d9d301b",
              "ami-051f0397536f4094c",
              "ami-07df83c78b902ac8d",
              "ami-09ef42cc316457206",
              "ami-043401e0345cb2857",
              "ami-0fa386ca2df1a9fbc",
              "ami-08dfa3c0f30dfaf2f",
              "ami-074928df400a41fb4",
              "ami-0dc3ef27b96b41710",
              "ami-09248d19cc5e2b2eb",
              "ami-0b58b6bf910ef1dbb",
              "ami-0ba232cba8be272e3",
              "ami-069d73bef9e2b8fbb",
              "ami-019c98ba08df326ab",
              "ami-044e5d26edf54fb2a",
              "ami-0ce30c3177be68d5f",
              "ami-03666bc64cd3f076b",
              "ami-0e49af06b89c83113",
              "ami-0dffebfda40795cbe",
              "ami-0b3684e47e54e4650",
              "ami-03c889ade7dc7b8f0",
              "ami-0b459d142a48ea1ab",
              "ami-06a0f017fc728e785",
              "ami-04175a5fb0e95f225",
              "ami-048d27b3c5aaef1d3",
              "ami-0eee37e72dbdb1b22",
              "ami-063b980dcb08d8e09",
              "ami-01a7fe15d3fe4885f",
              "ami-06a7f990e4323f5cc",
              "ami-09ca3c85ab60fc71c",
              "ami-04a0ec64e098eb567",
              "ami-03b87957aead065ea",
              "ami-0dc68de2fa7e9b8c3",
              "ami-0c3cbcb60e1fb9037",
              "ami-071fe258b068f0669",
              "ami-0c4a713f5f603fe1d",
              "ami-071879dcfaa82ceaf",
              "ami-03f90b05be913cbdb",
              "ami-0d96d570269578cd7",
              "ami-003c401895188b246",
              "ami-0e83b9c9f477cbc34",
              "ami-087379093eeda94ae",
              "ami-01b43d86b8d626b47",
              "ami-0c79e6ba6d505cacd",
              "ami-00c75f237212125f5",
              "ami-0549fa4d1b8c389e5",
              "ami-039dcbdf93899a7ab",
              "ami-0c5b63ec54dd3fc38",
              "ami-0de0b13514617a168",
              "ami-0528d51adcaf1e087",
              "ami-04d78e68806ca4599",
              "ami-06adb7e40193b1bf3",
              "ami-0800297674ba361b6",
              "ami-09ed3fe662c592ce8",
              "ami-04b30c8f30506b433",
              "ami-0b727657945c49563",
              "ami-032564940f9afd5c0",
              "ami-0796380bc6e51157f",
              "ami-034004f11a6ca94ec",
              "ami-0e1e50d972622c30d",
              "ami-0927e2d4ee2019b17",
              "ami-0627f27e8926eb40b",
              "ami-011a85ba0ae2013bf",
              "ami-0bf2fb355727b7faf",
              "ami-0b580fabcc7e0e3af",
              "ami-0453f529bad531334",
              "ami-0b1e4e9f35ae8d9fd",
              "ami-0a5fc84f7b1bb9d18",
              "ami-00df49bfcfc4d2af3",
              "ami-07e4bd6fc613a8767",
              "ami-0cb819622dba7f5f8",
              "ami-0295471aeeea59fa7",
              "ami-09ea6563d66ac62cc",
              "ami-0f8776282f835efc5",
              "ami-031507b307be48f22",
              "ami-014810e050a2986e9",
              "ami-06d05688c3123fdbe",
              "ami-0e83400df42c7e3b0",
              "ami-0751c509c3884ab20",
              "ami-0cf6ddb8cae80f2b4",
              "ami-0557d3d9995d30c61",
              "ami-0c0a385a7931b62ef",
              "ami-0ed09707129320e93",
              "ami-04dbeff4a1c080b2d",
              "ami-0d94f68826ea2847f",
              "ami-0c4415bb829d65d47",
              "ami-0243013bb6125d872",
              "ami-09f491f8801a335f6",
              "ami-0f645fb50e0b74869",
              "ami-0f5788229b53809c9",
              "ami-084a0f59766bb77df",
              "ami-0ca768833476ebd38",
              "ami-0ee2c0acf7399a3a9",
              "ami-088c7a5abb4d82a8a",
              "ami-09aba1c7a0a12d25f",
              "ami-0ecbd746f6f223df2",
              "ami-0c928744fd8021b35",
              "ami-0e373a2446b389bf4",
              "ami-026316982cbea6b3f",
              "ami-0b95941aa287cc725",
              "ami-0f4fd163227644b72",
              "ami-0a565090c8f751743",
              "ami-048d87a5c953ad1b1",
              "ami-0ea1a8ab3926a92e4",
              "ami-09a706a24845d0723",
              "ami-019179082417a153a",
              "ami-02d257fff663eadda",
              "ami-091b9026f986065bc",
              "ami-0aa33414ba7cca728",
              "ami-073fac225bfbff8dc",
              "ami-0542c50e720e20d74",
              "ami-08b77cd874f8df8d6",
              "ami-0330a0faf28ec301e",
              "ami-0ce22649c8baf2736",
              "ami-07cd6d235dda303aa",
              "ami-08ff246905d61f152",
              "ami-083beca63b6044c57",
              "ami-046d0589c885f3ec8",
              "ami-0e1381a85f294679b",
              "ami-08567960b37e03209",
              "ami-0ea44dd06b096fe4e",
              "ami-09661863800858351",
              "ami-0cc8a41f778c35f75",
              "ami-062558bfb6957ece7",
              "ami-0633bfd80723eb16f",
              "ami-01b2af50f47712dbf",
              "ami-0e5656f0b21a96819",
              "ami-0903076e2192661bc",
              "ami-02d41727be96eaa98",
              "ami-09c346cdd3a1133e1",
              "ami-0ea83da52c9aac7ea",
              "ami-0efa668594ecf324e",
              "ami-026e3f65823c50068",
              "ami-0217d483951e4cec3",
              "ami-090bf1033991cc0de",
              "ami-035be7bafff33b6b6",
              "ami-074e79ff43d863acb",
              "ami-0550db5e10101490d",
              "ami-014490597273a0341",
              "ami-04358410d28eaab63",
              "ami-0c24db5df6badc35a",
              "ami-00a0ec1744b47e7e3",
              "ami-0305e6e556ba3247a",
              "ami-0871ae9e379c8be5b",
              "ami-050fdacbc39dffd05",
              "ami-06bec82fb46167b4f",
              "ami-06ccbf38203563067",
              "ami-01e3b8c3a51e88954",
              "ami-0f308e6a47992946e",
              "ami-09d092c1b054832df",
              "ami-0919d912e0e33d247",
              "ami-0cd2dd3198972a68c",
              "ami-095016c5ff0ab7ae6",
              "ami-098c8e582ca818cff",
              "ami-0c7ccaf5a9bdb7cfe",
              "ami-0dfb113ba32d3a0bb",
              "ami-0188dba142ccbb39a",
              "ami-020ceb446d001d0cf",
              "ami-0535f41948e183a50",
              "ami-05b1bf1ea0ce91f93",
              "ami-0bd7078773382dca8",
              "ami-06186aef97b2d2be6",
              "ami-0b054d5dcc6a929f9",
              "ami-05a96cb800b5e510f",
              "ami-08cd08fcdf478dd19",
              "ami-0e6831d662be271f9",
              "ami-0b46ad34061d76c46",
              "ami-0aec2450bfc8270ee",
              "ami-0c25c43252244a484",
              "ami-04b25ab87fc72c455",
              "ami-0b4a7221721882f69",
              "ami-0bcfc9e7c5f2f7fe4",
              "ami-00d5b274250c7dfb6",
              "ami-05957f1e8baad22de",
              "ami-09911178ee9fe7c44",
              "ami-01f01259619eac229",
              "ami-0ec04464220086161",
              "ami-0c36656e0bcffa486",
              "ami-04b3dcb64173810bb",
              "ami-055585fb55d05c134",
              "ami-00e95a9222311e8ed",
              "ami-01122d42970cb1d74",
              "ami-0900bdc9e743c27de",
              "ami-0c887dc24ef21caef",
              "ami-056a9578240a0ed85",
              "ami-04c75c97122c0589a",
              "ami-020180c69a1c35a8e",
              "ami-07e7211f28bc1130c",
              "ami-0ac82a55299eeb3f8",
              "ami-0a6fc313f5e20f902",
              "ami-0c5a94fcd0b8a17bf",
              "ami-08882c768debcf68a",
              "ami-0956066f38cb2d92c",
              "ami-0cef07b106129a311",
              "ami-084a682017040e931",
              "ami-0005c1ba532bc31e3",
              "ami-0fa907e11fe25489b",
              "ami-0df8257d69ad7af35",
              "ami-0ae1a30fb83074e39",
              "ami-0c1d6cd562bd1302e",
              "ami-0bd4c35d4ff86bf9a",
              "ami-0e70ca35833c965e9",
              "ami-0db402e45ef906a26",
              "ami-0a84fcdf67c188408",
              "ami-0179c6b52f3aa0ea2",
              "ami-04d2ebe06240a5a25",
              "ami-02f14f1e619244d79",
              "ami-0dd08c31071ba0915",
              "ami-072a695c4f7039b2a",
              "ami-04b54891fc395dfc6",
              "ami-0601b94d82dd34c33",
              "ami-04d2ee0fe78b0fe56",
              "ami-0e6fe8064c979eea6",
              "ami-0b48a00c415cd44b5",
              "ami-09d4b0433c3d08284",
              "ami-0ed9fbb6accaa70ba",
              "ami-025f4816964498a18",
              "ami-09ae02fc417765f4c",
              "ami-057dc350619a0bf58",
              "ami-0b68f331ef81ba777",
              "ami-045c1cd72792236cc",
              "ami-0e9cb8fe0ed66344a",
              "ami-041aa2c90b2b3cfdc",
              "ami-019ad80d651f0f1ea",
              "ami-0ca736932c8931783",
              "ami-0e24aee0334f94155",
              "ami-0beb4c77738e339cc",
              "ami-01852192cec7c4770",
              "ami-0f9e8c4a1305ecd22",
              "ami-0a4b759b63b333b0e",
              "ami-082a51998a2828b4a",
              "ami-012b19f1736b6aae8",
              "ami-0a478f0b7688b3f77",
              "ami-0e9adaba65fec394a",
              "ami-05a6fc42b2d69d3f3",
              "ami-0dfb76ccc8db336d4",
              "ami-0782242e79c83b213",
              "ami-00ec2c9db6d48cd44",
              "ami-0ba0b96806bf03d31",
              "ami-0c55353c85ac52c96",
              "ami-0cc46b3d7956578d4",
              "ami-023eb48c326923c46",
              "ami-01da3f1cd74812492",
              "ami-0096050c653edc9ba",
              "ami-027792c3cc6de7b5b",
              "ami-0b4eb1d8782fc3aea",
              "ami-0adb1f68b9940905a",
              "ami-06222a0796918817a",
              "ami-0ac39ffee0ccd5455",
              "ami-003ba7ba6bcc9f14d",
              "ami-04d361da2f45cc57e",
              "ami-01f709776cea92c89",
              "ami-0db6d495a5be4e8e0",
              "ami-0ec2a3d5613c236ae",
              "ami-01f6d3ba372a49c97",
              "ami-0dc4fc1e0b9bb7ed3",
              "ami-0c48bd194db5df0b0",
              "ami-0f78717cb15ab06bd",
              "ami-0f9911c5a9a3416aa",
              "ami-0a2a27fa9e44d813b",
              "ami-025b539fa1b4a64a6",
              "ami-0d398fc7d3a437f2a",
              "ami-0080e4c5bc078760e",
              "ami-053ecc0ca2efb4be1",
              "ami-02c6024b3d5467e4a",
              "ami-0eeed11370add96b1",
              "ami-0696427f28500d0ee",
              "ami-0d547c662ae592966",
              "ami-0bdcaaf5b35d5dcf0",
              "ami-06a991221bcbeb3c9",
              "ami-02691a4da8615f148",
              "ami-0f8c82faeb08f15da",
              "ami-00ffbd996ef2211e3",
              "ami-00fc7481b84be120b",
              "ami-092a151140d4e23d0",
              "ami-0d5b184ce246904dc",
              "ami-0ea41565c83bafbc4",
              "ami-0720eb742adb70b8b",
              "ami-072168a811de59402",
              "ami-01620a8c455b05ef8",
              "ami-04302bfce851831bb",
              "ami-0ba6ac5c89daac570",
              "ami-05cb8a67bb83229fa",
              "ami-09a765d7f1e35ed80",
              "ami-00ca07274420706f4",
              "ami-03acfbe63d572effe",
              "ami-058258c7a9179421f",
              "ami-07ea134ab0c6d299b",
              "ami-0e851dee3d33f685e",
              "ami-00a9d4a05375b2763",
              "ami-0585b833b27b71540",
              "ami-0250c6fd3e1aa7e85",
              "ami-0ed01d55057a93ab1",
              "ami-01d7bd713339f5d86",
              "ami-09f7aa555cb8a0114",
              "ami-0508e80afb7bc6711",
              "ami-09479453c5cde9639",
              "ami-01f9cf39c2e3ba774",
              "ami-0d19227302e8e4bb5",
              "ami-0d2b1c67235b6ca08",
              "ami-0d1b431e2be20b997",
              "ami-0bd56a9c61b95c760",
              "ami-04bac0759711624d7",
              "ami-09f163a36f77e19ef",
              "ami-07b3e98ccf33657c4",
              "ami-0a880776c6af102a7",
              "ami-069f4436ad85590f0",
              "ami-0d33428f65e372a6f",
              "ami-05208462700548a97",
              "ami-0f66dc1dddf4fb164",
              "ami-0dc3ee304278015f5",
              "ami-027c84bad1272c79c",
              "ami-0adfeaeafdf72a0a3",
              "ami-0824cdb8607c7efc6",
              "ami-02157978fdc014038",
              "ami-0fded22cfabccc092",
              "ami-0111d10a63b1d706c",
              "ami-04ea9176d35a0f750",
              "ami-0999e24469e9f1772",
              "ami-0aaabd7179ae0efd1",
              "ami-0a9c1f05aba5f1d78",
              "ami-0b43a86ca5818973e",
              "ami-06453272d427bd438",
              "ami-094853ef2ad78d2b2",
              "ami-07b49bf6de9082b4c",
              "ami-00d2a06d6dd390d70",
              "ami-0cdf00dcd2b77d124",
              "ami-009d6802948d06e52",
              "ami-0b8d0d6ac70e5750c",
              "ami-0010aba6944e97f9b",
              "ami-0484cefb8f48dafe8",
              "ami-0a6b7e0cc0b1f464f",
              "ami-045f1b3f87ed83659",
              "ami-0877672d78f1a99c6",
              "ami-00f08d1bc5e95ced3",
              "ami-031f00787b494f049",
              "ami-024a8ab8d13401d70",
              "ami-002f3e88c08d81ef6",
              "ami-038a24558e3a38586",
              "ami-051f53edf6c315d03",
              "ami-0ac41a7c2be2567e9",
              "ami-0ebe1a3d17882b588",
              "ami-0293be2c5f946916d",
              "ami-0447ea4437c05a436",
              "ami-0bcba7a1ec173801a",
              "ami-0b71c336a7091cfac",
              "ami-0dbf7f754ac7b812a",
              "ami-0b6be7d384b820458",
              "ami-0235c43f598eba373",
              "ami-03907f16c267348a9",
              "ami-0d9cb7ba04c4bbede",
              "ami-071dd743cb11df395",
              "ami-0ac1cd261b0bc4d3d",
              "ami-05e07d30f513f27a2",
              "ami-0b64b4f7022c87277",
              "ami-0eabc4464d7df5719",
              "ami-017b013ef58a362fb",
              "ami-0184675ff8c65c0bc",
              "ami-066db1295a21665ff",
              "ami-0a2c25a8172eec71c",
              "ami-0bbb9dca0032a126e",
              "ami-0fdb3737ee9d7f633",
              "ami-08641d8c287efe912",
              "ami-0957999ab59ab7cd6",
              "ami-07bbbc7a1246f4882",
              "ami-04c927cb6c7ac0932",
              "ami-032e0a48676164500",
              "ami-03e305e8b791e44b3",
              "ami-03c278388740274fc",
              "ami-08205c44812f15491",
              "ami-0fd619614eb7100d9",
              "ami-0fe2108e7298eeaf6",
              "ami-061c6e06a2815f2c8",
              "ami-07782e684fd8b9be2",
              "ami-06aca3d5396a7d4ad",
              "ami-0abcd3b26684b4c92",
              "ami-0c7143db5bdab247a",
              "ami-0b37ed31f20c95e3d",
              "ami-05d4c9092e05f469a",
              "ami-0d3348bce8bdde5a6",
              "ami-047daf3f2b162fc35",
              "ami-022315c01e6080e9d",
              "ami-0572339ae7c082185",
              "ami-067dbf37f93bdfe71",
              "ami-0ba1ad2e9131a430a",
              "ami-0bf399cdf35e4237a",
              "ami-0e204fe2e3299c7d1",
              "ami-09dd7c6be3d7c2a95",
              "ami-076a69c676faa86f3",
              "ami-09296301949bafa29",
              "ami-0d9e4916c30de5277",
              "ami-07fea26df21828bd2",
              "ami-09fd71bded3f00f5e",
              "ami-027b89864de1995bd",
              "ami-0c823128fdb097562",
              "ami-07aa4de8f700a770f",
              "ami-04b7c35c6698d6ccc",
              "ami-0138a863b82c61f65",
              "ami-0c2ad399d9c2d9db6",
              "ami-0f375e232f1029800",
              "ami-03be9b0021a65ad16",
              "ami-0c22ef071706d1aa9",
              "ami-0018056923823b87d",
              "ami-0ec74d6b6b29b5fa6",
              "ami-0ad5743816d822b81",
              "ami-0951af97cf4d55b69",
              "ami-046c19a3f3bbdcb5d",
              "ami-060392551cf46bf90",
              "ami-053419ed0f3fbd2b9",
              "ami-045f7be1680c9abba",
              "ami-0f5877b212b9257ba",
              "ami-02945975a7f8e4b83",
              "ami-00201cb7464443517",
              "ami-05aa25a9ea0734137",
              "ami-0a35964596574f4c8",
              "ami-0e5ec7c9dd6f717a3",
              "ami-0adead9a2243d84d3",
              "ami-074f561db88512bd1",
              "ami-08756b7f1c9638587",
              "ami-0f86ba5b07ecca0b8",
              "ami-0a1b0d32953d01da1",
              "ami-0baaa6e9f07aee6c3",
              "ami-013be31976ca2c322",
              "ami-020635c16bf5a82ad",
              "ami-0524a378ae0dfba5c",
              "ami-03ba4bfcdd4461ad2",
              "ami-012e2230d93afd210",
              "ami-01b701d1a348a0d00",
              "ami-0a0b913ef3249b655",
              "ami-0538d69ff91b76c98",
              "ami-0657ef58f812642c9",
              "ami-0b9a52174a7585995",
              "ami-03055ec82e10bc0ba",
              "ami-0e3aaef5d05ec1199",
              "ami-0ef2e08bccfedc10c",
              "ami-0a60924a101186864",
              "ami-0dbb518d3e400dd70",
              "ami-011ff830fdc4184aa",
              "ami-0406e41f93b9edcee",
              "ami-09b4921f0cb150a72",
              "ami-0b06eb65070df2a4b",
              "ami-0fb2dca992af734f2",
              "ami-044fd430f1fd3b163",
              "ami-0fd8b1245d1435bf3",
              "ami-07df96c1d8e62161d",
              "ami-0b9750a5856891754",
              "ami-0a6be20ed8ce1f055",
              "ami-094a8df7b15678100",
              "ami-0af8dc9d28a9aed78",
              "ami-0e0e0d5bbfb3508be",
              "ami-07a8025bf6c79b171",
              "ami-07eb698ce660402d2",
              "ami-04b9db133edf582bd",
              "ami-0f4f60c19bfbe0a18",
              "ami-0947e70b4757ca156",
              "ami-0822b8643faaec88a",
              "ami-0922553b7b0369273",
              "ami-0d4a357eea339d12d",
              "ami-0f4f9c270a69954b2",
              "ami-0376a5267e22cb8de",
              "ami-0136556060ebd873c",
              "ami-0e98cc49c548d97c4",
              "ami-0ea3d3b4703c3715e",
              "ami-0088d877847543557",
              "ami-03adb8813ffd80f0b",
              "ami-03dbe154e98523e6d",
              "ami-028163689b209d39a",
              "ami-0e6d2e8684d4ccb3e",
              "ami-0aa9b70a12f8a24aa",
              "ami-09d6c00f1321aba54",
              "ami-0dd80e7d647f3c809",
              "ami-00958447b16ad1cf9",
              "ami-0d0286682a10a4f0a",
              "ami-0199bb092c525b783",
              "ami-0c9cbf93aaa4481eb",
              "ami-022d1ce4a28dd510a",
              "ami-054c75c8856d7e59d",
              "ami-061f4960cccce8088",
              "ami-01bf06955af6a54fd",
              "ami-05a6781fe1e534b06",
              "ami-0347423924d0ba2c5",
              "ami-0cade34ebdd01b19c",
              "ami-0b824702006417aaa",
              "ami-03a33752e538fe184",
              "ami-01a55aac338d94e86",
              "ami-0df95b280c28bc251",
              "ami-0178a3dd66e6ec234",
              "ami-0646e365b9fa5e04f",
              "ami-094501ef743526f6d",
              "ami-07c82425de5268c97",
              "ami-0f854910a1d8c9cf4",
              "ami-07928b1ed0e1ec954",
              "ami-0cd49453914f78a34",
              "ami-09fd99d9e97c18fa1",
              "ami-0ac1f3dd48cf88445",
              "ami-0ee60e67918b963a0",
              "ami-09f0be2e7a739216e",
              "ami-06ddeee5b31a0308f",
              "ami-01663b6796bf3503b",
              "ami-0f50b5cee6e530524",
              "ami-0bdf5693acd64ac39",
              "ami-087b925b85b96dd0b",
              "ami-015de42a5d13d5a95",
              "ami-0322ea08ad3fe7e17",
              "ami-04b8d2919599ba1c2",
              "ami-02a90fbefaee6b508",
              "ami-099c3f2c37736f698",
              "ami-0228dfc03193e0632",
              "ami-09a58c83094280982",
              "ami-09f66bc456eeeff6b",
              "ami-061ff1b8cc67bcd14",
              "ami-0644a3891aab70c49",
              "ami-0aaac75139dac3549",
              "ami-07ecc9bd36de77fe0",
              "ami-0cb3b6ceaf926000a",
              "ami-0d08839fb598a678d",
              "ami-0e330c03d6a0f7416",
              "ami-00d8c26f0d715712d",
              "ami-08bbdc78484979385",
              "ami-0c3c1af7b170d4fdd",
              "ami-0648aed4c757c6f83",
              "ami-079f90027a717decb",
              "ami-0ab65ab1bb5aace77",
              "ami-07599c5a7902edf54",
              "ami-0080df5248a027f8b",
              "ami-0711d16ae98c1422d",
              "ami-07fc810054af11209",
              "ami-08774ed3dc0c11c72",
              "ami-0f6d3377ec17e2dec",
              "ami-0b9a214f40c38d5eb",
              "ami-0871146076491b0db",
              "ami-07c3d0782019bdd61",
              "ami-06e8a403ff85bc4f6",
              "ami-0440e4f6b9713faf6",
              "ami-0ba2328ac2fd119a9",
              "ami-0879a9f9ddf32d97e",
              "ami-0e3eac5e7ecd4c917",
              "ami-0466e26ccc0e752c1",
              "ami-0f477bbc73442b1ba",
              "ami-0ebf60d991db0c2c8",
              "ami-08725d79ad15548c4",
              "ami-01b2a3ada92efc3cc",
              "ami-02ca3da51fcd4fe08",
              "ami-0b00317b6cebc6026",
              "ami-0c1e6836668353ff9",
              "ami-0254e5972ebcd132c",
              "ami-0815052d27fed3c8d",
              "ami-01b060445d8ba92ab",
              "ami-0a1b42430e00103d3",
              "ami-0b0e0e0b0bf53e8ed",
              "ami-0548f3b504c92b6b6",
              "ami-06c93be112f880acd",
              "ami-091bbc83b27f92634",
              "ami-0dfb1662fcc845c55",
              "ami-07f61c3e18538c70c",
              "ami-0920fa86d5a85a07a",
              "ami-07fddfb226ef19eba",
              "ami-008e6aeaf7c62303c",
              "ami-08754ab1cfa16262f",
              "ami-00580d4b60737260b",
              "ami-082bccab7bdc92ac6",
              "ami-04afc7230080fc13e",
              "ami-0f8da8d9ccb71f2f6",
              "ami-0c49f98b99864ce3d",
              "ami-0bc019c1f4c542bc1",
              "ami-0a6c5640206c3995d",
              "ami-0a3d21473ef37f5dd",
              "ami-09994a343440ce0cd",
              "ami-06aa50d8f3062885a",
              "ami-019d763d02ed9041e",
              "ami-0b2ae3c6bda8b5c06",
              "ami-0c9d808268b9e7a7e",
              "ami-00ae69e6778b687bf",
              "ami-0121da4ba8ac3392d",
              "ami-0e6c19a07b40eedbc",
              "ami-0e8db3d1e6ab9ff7e",
              "ami-0fb2a75a1f42f66e9",
              "ami-0f803ffc97af88319",
              "ami-038f752e01b8fbf5f",
              "ami-00576d537c9fa337f",
              "ami-0832902489da96471",
              "ami-08e9387763a8b1181",
              "ami-0e85d0e8b960c2a8c",
              "ami-043686cb47d1e9271",
              "ami-0d09c12db649f8716",
              "ami-0cbec5b13bb472a1a",
              "ami-01a08c6ee16883980",
              "ami-06b7d0d256ca08d22",
              "ami-0ae96aa56c4239e00",
              "ami-06e79974637eba0af",
              "ami-01a20e40e3bb839d8",
              "ami-085bf0bfc3f9daafd",
              "ami-066108aae77068869",
              "ami-01096d47d68256b54",
              "ami-00c929ec11f3d315b",
              "ami-04b3d6a6fb83f9c6e",
              "ami-02c836255530b07fa",
              "ami-0e4bcd382fa125031",
              "ami-0ec30fff7ff4f396e",
              "ami-0a42690ca13ea220d",
              "ami-09296237cb0c2dd83",
              "ami-0f5c6243ef3d9279f",
              "ami-0126d9013d9b4951b",
              "ami-0f53c963e9c36c555",
              "ami-0bafb6939daa04f47",
              "ami-0bb8e3226607b8732",
              "ami-0fa7226b7687bf24e",
              "ami-061091dbb2b1e27d2",
              "ami-09bf18f0d16a91566",
              "ami-07b427311e52e9109",
              "ami-027447d2b7312df2d",
              "ami-03cd3777b3daece84",
              "ami-0f20e9d327c5cb45a",
              "ami-06ea7729e394412c8",
              "ami-0e9838c64812933e2",
              "ami-0badcc32d038e76b6",
              "ami-06c579700bee2df81",
              "ami-06d2fe9ac46ae2eca",
              "ami-0f6b77eccb5d69368",
              "ami-05b47745292b62b8e",
              "ami-02b52b2629b1aa48e",
              "ami-00bc61ffa36eeb774",
              "ami-07711d2067b1be3ed",
              "ami-0e680f03457a82073",
              "ami-0f99107f6cf10d86f",
              "ami-0b2dc6be20dc2840c",
              "ami-05b860f4a6b0211ae",
              "ami-019fde8ea5d28e9de",
              "ami-0374c1255361f6fe3",
              "ami-0830eaea5bccffcb8",
              "ami-08b89b71d66d0c5b4",
              "ami-032ae8a91d0e70905",
              "ami-01b915c2d1c5673d4",
              "ami-0751b0d36addf5e29",
              "ami-0166bec58ea72de8a",
              "ami-012f813349ba7771d",
              "ami-0593555f507485cc4",
              "ami-0cf9b8668c73140bc",
              "ami-085be108715abc9d1",
              "ami-062fb79cecb1436cc",
              "ami-039d8e69552fdf284",
              "ami-079f8dcc7b2994e81",
              "ami-0a716f006d0e61fda",
              "ami-0ecc4ff50abebe3b2",
              "ami-091ec6d0be8af533f",
              "ami-07e1801a505c0acf0",
              "ami-04fd5d8a1d8ef3edc",
              "ami-02c3fdb7901ac341e",
              "ami-0b3acc7e53cfbc167",
              "ami-0d28bb449cbcd2fa2",
              "ami-0313c507ad7d7315d",
              "ami-06d137bb114f9a863",
              "ami-022c10692d7baf024",
              "ami-0430a5807d6279c38",
              "ami-064d033354fd7ccc4",
              "ami-03c2a644a2f37e2cb",
              "ami-048486555686d18a0",
              "ami-03a47595d0126bd82",
              "ami-00129b193dc81bc31",
              "ami-01dd400f7ec6878a2",
              "ami-04968491ae4e56fee",
              "ami-079861debaf8a1a97",
              "ami-0cf979277fbc17793",
              "ami-0a6f88e2b2f257591",
              "ami-018b69903df0473a1",
              "ami-0b704fca4cc82999e",
              "ami-0009c3f63fca71e34",
              "ami-0747e38435660668d",
              "ami-0159e1eda10345afe",
              "ami-0ed339d8998a60769",
              "ami-04b157a56e7e61e7a",
              "ami-0a4dda386472ffc83",
              "ami-07b0dd5fcc6bf95e7",
              "ami-0841def5b019c7bc4",
              "ami-0e33d65569cbfd9d3",
              "ami-0b03550e60a23172d",
              "ami-0f686c64c5fb9828c",
              "ami-04681a1dbd79675a5",
              "ami-00b94673edfccb7ca",
              "ami-0422d936d535c63b1",
              "ami-0130c3a072f3832ff",
              "ami-0c7d8678e345b414c",
              "ami-0ff8a91507f77f867",
              "ami-0df51bbdb09841968",
              "ami-0b709e0777e3fdf25",
              "ami-00f0abdef923519b0",
              "ami-0023040df18933030",
              "ami-0c356294eb7b51ee1",
              "ami-0c0860e99bb54b499",
              "ami-0f89ae81e11584305",
              "ami-0ff848ceff5b7474d",
              "ami-027fce40a8d37b16b",
              "ami-0748131363234b555",
              "ami-08a1ff7d53e80b772",
              "ami-0fef2bff3c2e2da93",
              "ami-0fbb2c4c2b6c88635",
              "ami-08ca0ea6a4ffd29dc",
              "ami-07e4937aa1428a3d8",
              "ami-53c4dc2c",
              "ami-84c0d8fb",
              "ami-5bd6ce24",
              "ami-112e366e",
              "ami-596d7a26",
              "ami-a4252ddb",
              "ami-644a431b",
              "ami-884e41f7",
              "ami-5db3be22",
              "ami-1db2bf62",
              "ami-58b1bc27",
              "ami-96bfb2e9",
              "ami-e5a4a99a",
              "ami-440b083b",
              "ami-78000307",
              "ami-7101020e",
              "ami-437d7e3c",
              "ami-7d787b02",
              "ami-fbc1c684",
              "ami-d1c9cdae",
              "ami-cc0c08b3",
              "ami-a4c5c0db",
              "ami-a8c5c0d7",
              "ami-00976a3c38aaac1a2",
              "ami-0051f4828527649d0",
              "ami-0ba2fcbf9fa378762",
              "ami-0fd6854902340b407",
              "ami-05790a6a634720a0d",
              "ami-0cf7334021cf520cd",
              "ami-04aff6080778a2a2d",
              "ami-081cd886fcb7767df",
              "ami-0c3d250fc78e07254",
              "ami-0275bc895f149578c",
              "ami-7a221405",
              "ami-595f6926",
              "ami-434c7a3c",
              "ami-e24b7d9d",
              "ami-be7e48c1",
              "ami-7b4c6504",
              "ami-854b62fa",
              "ami-ec614f93",
              "ami-b0604ecf",
              "ami-e193bc9e",
              "ami-1e99b661",
              "ami-cfb49bb0",
              "ami-5bae8124",
              "ami-91d7f8ee",
              "ami-b1daf5ce",
              "ami-05fdd27a",
              "ami-2becc354",
              "ami-63032c1c",
              "ami-3c062943",
              "ami-6356761c",
              "ami-ca4464b5",
              "ami-05a9f37a",
              "ami-32bee74d",
              "ami-d20657ad",
              "ami-b70554c8",
              "ami-980554e7",
              "ami-7105540e",
              "ami-1019486f",
              "ami-f316478c",
              "ami-cfe4b2b0",
              "ami-e7174698",
              "ami-b41445cb",
              "ami-2411405b",
              "ami-7d114002",
              "ami-a9e9bfd6",
              "ami-92e9bfed",
              "ami-083465d0369f47a16",
              "ami-01ab0aa6fae82072c",
              "ami-077f25211c0568fdd",
              "ami-0631820bf25ed2dce",
              "ami-0ea6c35e1ba961dda",
              "ami-402e793f",
              "ami-493c6b36",
              "ami-822671fd",
              "ami-e3396e9c",
              "ami-1f316660",
              "ami-85386ffa",
              "ami-043b6c7b",
              "ami-922f78ed",
              "ami-dc2572a3",
              "ami-053b6c7a",
              "ami-153a6d6a",
              "ami-a52077da",
              "ami-832473fc",
              "ami-ad3d6ad2",
              "ami-892671f6",
              "ami-d43a6dab",
              "ami-c3386fbc",
              "ami-1e3a6d61",
              "ami-2f366150",
              "ami-6ed28611",
              "ami-51d2862e",
              "ami-ddb9eca2",
              "ami-c7beebb8",
              "ami-58b6e327",
              "ami-e6a7f299",
              "ami-cfb2e7b0",
              "ami-d781d4a8",
              "ami-b15603ce",
              "ami-74580d0b",
              "ami-75580d0a",
              "ami-704f1a0f",
              "ami-8d4f1af2",
              "ami-194c1966",
              "ami-184c1967",
              "ami-1a4c1965",
              "ami-465c0939",
              "ami-9fdf94e0",
              "ami-ddbdf6a2",
              "ami-18125a67",
              "ami-44155d3b",
              "ami-c4e4adbb",
              "ami-c58bc5ba",
              "ami-5488c62b",
              "ami-29783656",
              "ami-2d8ec052",
              "ami-dfca85a0",
              "ami-3b7d3244",
              "ami-caf2beb5",
              "ami-090b5303b54f5b35a",
              "ami-01a681672ca8e9de1",
              "ami-003db261b3fbed1e3",
              "ami-063f3448775e0f9eb",
              "ami-0f4de43b53d2f8210",
              "ami-0855dffb57fe73119",
              "ami-0ec0b5f31f5fb358c",
              "ami-0e3653a4aa00fe60f",
              "ami-6d720012",
              "ami-9d0d7fe2",
              "ami-dea4d5a1",
              "ami-6bc6ac14",
              "ami-e1cea49e",
              "ami-790b6306",
              "ami-ccfc9bb3",
              "ami-7bfc9b04",
              "ami-69f89f16",
              "ami-9df790e2",
              "ami-1296f16d",
              "ami-5a89ee25",
              "ami-d78ceba8",
              "ami-b882e5c7",
              "ami-13bfd86c",
              "ami-fea6c181",
              "ami-2a4d2a55",
              "ami-ce4720b1",
              "ami-1c761163",
              "ami-a0f793df",
              "ami-c7ea8eb8",
              "ami-cceb8fb3",
              "ami-93f490ec",
              "ami-316d094e",
              "ami-0f305470",
              "ami-35284c4a",
              "ami-26234759",
              "ami-4224403d",
              "ami-0d71c6dd9557531ff",
              "ami-8130adfe",
              "ami-2c33ae53",
              "ami-7233ae0d",
              "ami-db3aa7a4",
              "ami-7237aa0d",
              "ami-4734a738",
              "ami-032cf8735721ff546",
              "ami-5253c32d",
              "ami-091e8876",
              "ami-bf1385c0",
              "ami-e216809d",
              "ami-5268fe2d",
              "ami-1415836b",
              "ami-5f35a120",
              "ami-5737a328",
              "ami-c21286bd",
              "ami-6b118514",
              "ami-f414808b",
              "ami-e5e7729a",
              "ami-dee772a1",
              "ami-15ab236a",
              "ami-3dab2342",
              "ami-3bab2344",
              "ami-35ab234a",
              "ami-36ab2349",
              "ami-30ab234f",
              "ami-c5aa22ba",
              "ami-aeaa22d1",
              "ami-80820aff",
              "ami-82820afd",
              "ami-9d820ae2",
              "ami-9e820ae1",
              "ami-66820a19",
              "ami-5b820a24",
              "ami-4ce06833",
              "ami-06966b3cef4aa5057",
              "ami-8024aaff",
              "ami-5f2fa120",
              "ami-ecac2293",
              "ami-e0f47a9f",
              "ami-80f57bff",
              "ami-bdf27cc2",
              "ami-87f57bf8",
              "ami-a3f678dc",
              "ami-223bb45d",
              "ami-5923ac26",
              "ami-457af53a",
              "ami-8378f7fc",
              "ami-9876f9e7",
              "ami-c976f9b6",
              "ami-afd15ed0",
              "ami-95ee61ea",
              "ami-f7d05f88",
              "ami-a93ab6d6",
              "ami-e91f9396",
              "ami-881e92f7",
              "ami-14119d6b",
              "ami-50830f2f",
              "ami-dee06ca1",
              "ami-54ca472b",
              "ami-abc845d4",
              "ami-36c44949",
              "ami-40ce433f",
              "ami-14c5486b",
              "ami-0fc44970",
              "ami-c63ebcb9",
              "ami-62cc411d",
              "ami-cf3dbfb0",
              "ami-12ce436d",
              "ami-46c77939",
              "ami-7cf14703",
              "ami-82f244fd",
              "ami-9109beee",
              "ami-dff741a0",
              "ami-3161cc4e",
              "ami-bbad00c4",
              "ami-45d5783a",
              "ami-3cd57843",
              "ami-6ed97411",
              "ami-71d9740e",
              "ami-030bb663400ef78b6",
              "ami-46359339",
              "ami-f021878f",
              "ami-a92680d6",
              "ami-2022845f",
              "ami-c95ef8b6",
              "ami-f078a38f",
              "ami-467ca739",
              "ami-6178a31e",
              "ami-d87ba0a7",
              "ami-cb7ba0b4",
              "ami-5679a229",
              "ami-827ba0fd",
              "ami-b3469dcc",
              "ami-b7419ac8",
              "ami-e9409b96",
              "ami-9738e3e8",
              "ami-f9d10f86",
              "ami-66ca1419",
              "ami-3ed30d41",
              "ami-5bcf1124",
              "ami-139a476c",
              "ami-2fb71c52",
              "ami-66ac001b",
              "ami-aff65ad2",
              "ami-b52685c8",
              "ami-fe6ccf83",
              "ami-2a75d657",
              "ami-1576d568",
              "ami-d46ccfa9",
              "ami-076ac97a",
              "ami-d48e2da9",
              "ami-33ad0e4e",
              "ami-6faa0912",
              "ami-aba506d6",
              "ami-a3a300de",
              "ami-dadf7ca7",
              "ami-16a6056b",
              "ami-80da79fd",
              "ami-aca003d1",
              "ami-b4a003c9",
              "ami-55d97a28",
              "ami-3ba00346",
              "ami-afdc7fd2",
              "ami-70ee4f0d",
              "ami-a89532d5",
              "ami-2271d55f",
              "ami-b071d5cd",
              "ami-526bcf2f",
              "ami-bd71d5c0",
              "ami-c36acebe",
              "ami-5769cd2a",
              "ami-fabd1987",
              "ami-e4b71399",
              "ami-37bf1b4a",
              "ami-ebb71396",
              "ami-6eb01413",
              "ami-8fab0ff2",
              "ami-a70eabda",
              "ami-620eab1f",
              "ami-1b0bae66",
              "ami-8efa20f3",
              "ami-04ad7779",
              "ami-f973ab84",
              "ami-b270a8cf",
              "ami-3b74ac46",
              "ami-c014cbbd",
              "ami-6637e51b",
              "ami-bc09d9c1",
              "ami-991dcde4",
              "ami-afbb6ad2",
              "ami-45a27338",
              "ami-3138ef4c",
              "ami-f4fa2d89",
              "ami-3de63140",
              "ami-989a4de5",
              "ami-49f83234",
              "ami-c6ae64bb",
              "ami-2d935950",
              "ami-ee905a93",
              "ami-c139f6bc",
              "ami-703cf30d",
              "ami-553df228",
              "ami-fc23ec81",
              "ami-f626e98b",
              "ami-cb17d8b6",
              "ami-dd0ec1a0",
              "ami-28cb0755",
              "ami-1d13de60",
              "ami-2302cf5e",
              "ami-8b09c4f6",
              "ami-9406cbe9",
              "ami-8509c4f8",
              "ami-a56facd8",
              "ami-68a75915",
              "ami-07f163783dd09f8ad",
              "ami-c4a658b9",
              "ami-09265d59d258de122",
              "ami-0c637f8c22bb6bf8b",
              "ami-3aac5247",
              "ami-1ebd4363",
              "ami-0eafc19fa14624b15",
              "ami-05a7da722b24a1447",
              "ami-2bbe4056",
              "ami-0ab64877",
              "ami-0f3cb893da51f1127",
              "ami-ebbf4196",
              "ami-0a7e932c7de13d4fd",
              "ami-0228a541e802a4ae1",
              "ami-994db2e4",
              "ami-3c51ae41",
              "ami-07fc3cb791f32513e",
              "ami-1853ac65",
              "ami-0567a5d3768612fec",
              "ami-cad827b7",
              "ami-d89865a5",
              "ami-14cc2569",
              "ami-19be5364",
              "ami-a55ebdd8",
              "ami-f26b888f",
              "ami-d213f0af",
              "ami-0c12f171",
              "ami-7c15f601",
              "ami-d313f0ae",
              "ami-850fecf8",
              "ami-5211f22f",
              "ami-2e15f653",
              "ami-6a16f517",
              "ami-0213f07f",
              "ami-8305e6fe",
              "ami-bc09eac1",
              "ami-d20cefaf",
              "ami-550ae928",
              "ami-9706e5ea",
              "ami-1f3cdf62",
              "ami-173bd86a",
              "ami-4930d334",
              "ami-7336d50e",
              "ami-7d37d400",
              "ami-e6c4249b",
              "ami-a7a242da",
              "ami-dece2fa3",
              "ami-b7df39ca",
              "ami-d8c127a5",
              "ami-7b6e8906",
              "ami-3165824c",
              "ami-b28f69cf",
              "ami-bb8f69c6",
              "ami-ba8f69c7",
              "ami-bd8f69c0",
              "ami-be8f69c3",
              "ami-333eda4e",
              "ami-75d23608",
              "ami-58d03425",
              "ami-5cffe526",
              "ami-9ef8e2e4",
              "ami-b0fbe1ca",
              "ami-93fce6e9",
              "ami-fa120880",
              "ami-a41f05de",
              "ami-8a1d07f0",
              "ami-3ebda444",
              "ami-6cf7e916",
              "ami-12f9e768",
              "ami-d7c5dbad",
              "ami-23c5db59",
              "ami-e2c2dc98",
              "ami-85d0ceff",
              "ami-972937ed",
              "ami-6a071910",
              "ami-601e001a",
              "ami-3d716f47",
              "ami-40514f3a",
              "ami-c45947be",
              "ami-63a3bc19",
              "ami-62bda218",
              "ami-0744587d",
              "ami-e84a5692",
              "ami-6f534f15",
              "ami-674e521d",
              "ami-19524e63",
              "ami-e07e779a",
              "ami-fd797087",
              "ami-5e414e24",
              "ami-18484862",
              "ami-e34c4c99",
              "ami-e09aa09a",
              "ami-6c9ea416",
              "ami-d0bd85aa",
              "ami-5c9aa926",
              "ami-0a9fac70",
              "ami-04f4c47e",
              "ami-96f9c9ec",
              "ami-33013649",
              "ami-930235e9",
              "ami-ca0136b0",
              "ami-4f1d2a35",
              "ami-26ecc45c",
              "ami-48351d32",
              "ami-8c361ef6",
              "ami-d60921ac",
              "ami-4b351d31",
              "ami-0530187f",
              "ami-984d63e2",
              "ami-88fed1f2",
              "ami-01103c7b",
              "ami-93eec2e9",
              "ami-75eec20f",
              "ami-67113d1d",
              "ami-8c371bf6",
              "ami-bf0e22c5",
              "ami-c30c20b9",
              "ami-7c486406",
              "ami-c082afba",
              "ami-469db03c",
              "ami-0c81ac76",
              "ami-4183ae3b",
              "ami-5980ad23",
              "ami-5880ad22",
              "ami-48d1fc32",
              "ami-ded0fda4",
              "ami-34d3fe4e",
              "ami-303f124a",
              "ami-28456852",
              "ami-428aa838",
              "ami-e18aa89b",
              "ami-6e83a114",
              "ami-ff81a385",
              "ami-f6795a8c",
              "ami-97785bed",
              "ami-ca7a59b0",
              "ami-a4795ade",
              "ami-c87053b2",
              "ami-8d7655f7",
              "ami-7572510f",
              "ami-c46c4fbe",
              "ami-6173501b",
              "ami-d67152ac",
              "ami-86795cfc",
              "ami-7e785d04",
              "ami-3e456044",
              "ami-3a456040",
              "ami-567e5b2c",
              "ami-4a471c30",
              "ami-09401b73",
              "ami-c5401bbf",
              "ami-7d4d1607",
              "ami-a84c17d2",
              "ami-68431812",
              "ami-ac4f14d6",
              "ami-214d165b",
              "ami-ce4219b4",
              "ami-9e4f14e4",
              "ami-4442193e",
              "ami-324f1448",
              "ami-cd4219b7",
              "ami-52431828",
              "ami-184a1162",
              "ami-e24f1498",
              "ami-834813f9",
              "ami-5d4a1127",
              "ami-b0550eca",
              "ami-8f4912f5",
              "ami-454f143f",
              "ami-8d4912f7",
              "ami-8c4912f6",
              "ami-ab550ed1",
              "ami-ec346f96",
              "ami-7602590c",
              "ami-74da830e",
              "ami-4dd18837",
              "ami-21db825b",
              "ami-c9dd84b3",
              "ami-0bda8371",
              "ami-52da8328",
              "ami-ccdd84b6",
              "ami-6292cb18",
              "ami-2095cc5a",
              "ami-0c94cd76",
              "ami-8d97cef7",
              "ami-2597ce5f",
              "ami-6592cb1f",
              "ami-04722b7e",
              "ami-fa722b80",
              "ami-be7128c4",
              "ami-60752c1a",
              "ami-5b772e21",
              "ami-1a732a60",
              "ami-90772eea",
              "ami-7b732a01",
              "ami-63752c19",
              "ami-00742d7a",
              "ami-c5722bbf",
              "ami-30257c4a",
              "ami-b9227bc3",
              "ami-98247de2",
              "ami-f2277e88",
              "ami-a1277edb",
              "ami-be227bc4",
              "ami-4b580131",
              "ami-4a580130",
              "ami-4c590036",
              "ami-16247d6c",
              "ami-fb237a81",
              "ami-f6247d8c",
              "ami-58267f22",
              "ami-58227b22",
              "ami-91217feb",
              "ami-64227c1e",
              "ami-97e0bfed",
              "ami-eb1c4291",
              "ami-80e5bafa",
              "ami-c8d18eb2",
              "ami-c6d18ebc",
              "ami-01623d7b",
              "ami-ba623dc0",
              "ami-429fc038",
              "ami-cb9ec1b1",
              "ami-91633ceb",
              "ami-f29fc088",
              "ami-3566394f",
              "ami-e4633c9e",
              "ami-8c623df6",
              "ami-e3623d99",
              "ami-ba722dc0",
              "ami-6cc49616",
              "ami-43c19339",
              "ami-62b2e018",
              "ami-8ab0e2f0",
              "ami-b4b2e0ce",
              "ami-b089dbca",
              "ami-0bb2e071",
              "ami-08b2e072",
              "ami-b189dbcb",
              "ami-188cde62",
              "ami-09b2e073",
              "ami-a2b2e0d8",
              "ami-0cb2e076",
              "ami-8eb0e2f4",
              "ami-57b0e22d",
              "ami-a0b2e0da",
              "ami-f7b3e18d",
              "ami-aa8ddfd0",
              "ami-a58ddfdf",
              "ami-5db0e227",
              "ami-a88ddfd2",
              "ami-68b2e012",
              "ami-01b3e17b",
              "ami-388fdd42",
              "ami-04b3e17e",
              "ami-a8b2e0d2",
              "ami-ae85d7d4",
              "ami-198ad863",
              "ami-0a84d670",
              "ami-d38ad8a9",
              "ami-bb81d3c1",
              "ami-2e86d454",
              "ami-db8ad8a1",
              "ami-0b85d771",
              "ami-4585d73f",
              "ami-9587d5ef",
              "ami-6584d61f",
              "ami-a886d4d2",
              "ami-d78bd9ad",
              "ami-6c84d616",
              "ami-ccf2a2b6",
              "ami-93cb9be9",
              "ami-bdc898c7",
              "ami-46ce9e3c",
              "ami-2cc99956",
              "ami-5aca9a20",
              "ami-e4cb9b9e",
              "ami-36c8984c",
              "ami-4fce9e35",
              "ami-e5cb9b9f",
              "ami-9bcd9de1",
              "ami-4ed38334",
              "ami-4da8f837",
              "ami-bab6e6c0",
              "ami-07b8e87d",
              "ami-a17b2bdb",
              "ami-08772772",
              "ami-3b560641",
              "ami-ae5101d4",
              "ami-c21c4cb8",
              "ami-2e184854",
              "ami-33164649",
              "ami-59174723",
              "ami-461b4b3c",
              "ami-0719497d",
              "ami-0ef4a574",
              "ami-bff3a2c5",
              "ami-70f3a20a",
              "ami-19f2a363",
              "ami-86f2a3fc",
              "ami-80f5a4fa",
              "ami-2af3a250",
              "ami-43f7a639",
              "ami-d9f4a5a3",
              "ami-f3f3a289",
              "ami-70ce9f0a",
              "ami-93cf9ee9",
              "ami-c2b8e9b8",
              "ami-3881d042",
              "ami-8c97c6f6",
              "ami-a46b3ade",
              "ami-cb6d3cb1",
              "ami-ee6a3b94",
              "ami-e76d3c9d",
              "ami-267e2f5c",
              "ami-347d2c4e",
              "ami-007b2a7a",
              "ami-664e1f1c",
              "ami-be2b7ac4",
              "ami-a03869da",
              "ami-22085958",
              "ami-b91445c3",
              "ami-85f8aeff",
              "ami-13401669",
              "ami-3d1a4c47",
              "ami-3e83d444",
              "ami-1881d662",
              "ami-5583d42f",
              "ami-6a82d510",
              "ami-8683d4fc",
              "ami-b49acdce",
              "ami-e099ce9a",
              "ami-b99ec9c3",
              "ami-609ccb1a",
              "ami-309dca4a",
              "ami-a20078d8",
              "ami-190c7463",
              "ami-bb3e46c1",
              "ami-063c447c",
              "ami-c13e46bb",
              "ami-3d3d4547",
              "ami-2bc7be51",
              "ami-09c5bc73",
              "ami-ccf38ab6",
              "ami-00afd67a",
              "ami-fed6a784",
              "ami-0ad3a270",
              "ami-2ad3a250",
              "ami-3ad2a340",
              "ami-10d1a06a",
              "ami-5cd0a126",
              "ami-c0d4a5ba",
              "ami-56d4a52c",
              "ami-17d0a16d",
              "ami-99d3a2e3",
              "ami-fcd2a386",
              "ami-bbee9fc1",
              "ami-51d1a02b",
              "ami-f9d3a283",
              "ami-e7d2a39d",
              "ami-b6ed9ccc",
              "ami-b9ed9cc3",
              "ami-a5ee9fdf",
              "ami-2de29357",
              "ami-7ee69704",
              "ami-aeabdad4",
              "ami-bda4d5c7",
              "ami-677c0d1d",
              "ami-03790879",
              "ami-532c5d29",
              "ami-d01061aa",
              "ami-742e5f0e",
              "ami-772e5f0d",
              "ami-1b2d5c61",
              "ami-792e5f03",
              "ami-3f2f5e45",
              "ami-4110613b",
              "ami-632f5e19",
              "ami-fe2c5d84",
              "ami-672f5e1d",
              "ami-642f5e1e",
              "ami-831264f9",
              "ami-e413659e",
              "ami-72c8bf08",
              "ami-dfcdbaa5",
              "ami-b8592ec2",
              "ami-b65a2dcc",
              "ami-2e5a2d54",
              "ami-ad5a2dd7",
              "ami-2a5e2950",
              "ami-d45f28ae",
              "ami-72502708",
              "ami-ab5027d1",
              "ami-1a522560",
              "ami-d95126a3",
              "ami-2452275e",
              "ami-e752279d",
              "ami-7d502507",
              "ami-8f98f2f5",
              "ami-8d98f2f7",
              "ami-d4abc1ae",
              "ami-855832ff",
              "ami-6f751f15",
              "ami-1f0d6765",
              "ami-ab0569d1",
              "ami-c4701dbe",
              "ami-10ef8d6a",
              "ami-55e7852f",
              "ami-9ba7c4e1",
              "ami-3a533040",
              "ami-c291f7b8",
              "ami-218fe95b",
              "ami-744c2b0e",
              "ami-714c2b0b",
              "ami-00f3687a",
              "ami-f8f96282",
              "ami-09059d73",
              "ami-ed009897",
              "ami-31029a4b",
              "ami-b30199c9",
              "ami-02009878",
              "ami-b20e96c8",
              "ami-6d0f9717",
              "ami-6b0d9511",
              "ami-8e0a92f4",
              "ami-0d0d9577",
              "ami-2d4ed357",
              "ami-c24ed3b8",
              "ami-3d49d447",
              "ami-c652cfbc",
              "ami-6353ce19",
              "ami-9f1182e5",
              "ami-6f911b15",
              "ami-fad25980",
              "ami-0ac44f70",
              "ami-01cb407b",
              "ami-6b4cc411",
              "ami-c4ea63be",
              "ami-55ef662f",
              "ami-25ef665f",
              "ami-f6ed648c",
              "ami-f0ea638a",
              "ami-7aec6500",
              "ami-b4ea63ce",
              "ami-46ea633c",
              "ami-bfec65c5",
              "ami-6feb6215",
              "ami-16c64f6c",
              "ami-77d8510d",
              "ami-65c44d1f",
              "ami-76d8510c",
              "ami-2cc74e56",
              "ami-67c54c1d",
              "ami-d21b98a8",
              "ami-9d199ae7",
              "ami-d71a99ad",
              "ami-c3199ab9",
              "ami-00189b7a",
              "ami-07189b7d",
              "ami-b8b033c2",
              "ami-2faf2c55",
              "ami-49af2c33",
              "ami-80a320fa",
              "ami-45a2213f",
              "ami-79a62503",
              "ami-47a1223d",
              "ami-d7a122ad",
              "ami-e29c1f98",
              "ami-a39c1fd9",
              "ami-6944c513",
              "ami-32cd4b48",
              "ami-3fcd4b45",
              "ami-b02cabca",
              "ami-6b2daa11",
              "ami-1b2aad61",
              "ami-692daa13",
              "ami-e52ea99f",
              "ami-ca2daab0",
              "ami-0124a37b",
              "ami-6c23a416",
              "ami-b07ff8ca",
              "ami-377dfa4d",
              "ami-4c70f736",
              "ami-4b70f731",
              "ami-0f7ef975",
              "ami-5c70f726",
              "ami-c170f7bb",
              "ami-707ff80a",
              "ami-547dfa2e",
              "ami-537dfa29",
              "ami-887ff8f2",
              "ami-897ff8f3",
              "ami-4074f33a",
              "ami-2871f652",
              "ami-0d72f577",
              "ami-3771f64d",
              "ami-dd76f1a7",
              "ami-0972f573",
              "ami-6875f212",
              "ami-6172f51b",
              "ami-7e73f404",
              "ami-e376f199",
              "ami-9652d5ec",
              "ami-3451d64e",
              "ami-9252d5e8",
              "ami-6652d51c",
              "ami-f84bcc82",
              "ami-5949ce23",
              "ami-895adef3",
              "ami-405ade3a",
              "ami-5c42c626",
              "ami-f346c289",
              "ami-9307bce9",
              "ami-4a07bc30",
              "ami-f9fa4183",
              "ami-a0f843da",
              "ami-784cf402",
              "ami-f74bf38d",
              "ami-e84bf392",
              "ami-cb49f1b1",
              "ami-0b4df571",
              "ami-0c4df576",
              "ami-6b4bf311",
              "ami-cc49f1b6",
              "ami-7c54ec06",
              "ami-0954ec73",
              "ami-ea5ae290",
              "ami-e15ae29b",
              "ami-2b67de51",
              "ami-4b65dc31",
              "ami-5664dd2c",
              "ami-9860d9e2",
              "ami-2b66df51",
              "ami-9362dbe9",
              "ami-9462dbee",
              "ami-e065dc9a",
              "ami-9662dbec",
              "ami-a867ded2",
              "ami-71ef560b",
              "ami-9ff841e5",
              "ami-6dff4617",
              "ami-d113adab",
              "ami-190eb063",
              "ami-9d10aee7",
              "ami-700cb20a",
              "ami-9710aeed",
              "ami-ce13adb4",
              "ami-d942fca3",
              "ami-ff40fe85",
              "ami-c641ffbc",
              "ami-1f41ff65",
              "ami-e9ad1393",
              "ami-efac1295",
              "ami-fcbc0386",
              "ami-90bc03ea",
              "ami-0efe4174",
              "ami-47ff403d",
              "ami-aa11a2d0",
              "ami-5f209325",
              "ami-3943f043",
              "ami-6d50e517",
              "ami-8b57e2f1",
              "ami-d86adfa2",
              "ami-6057e21a",
              "ami-c555e0bf",
              "ami-8e55e0f4",
              "ami-ff55e085",
              "ami-dc54e1a6",
              "ami-f957e283",
              "ami-aa56e3d0",
              "ami-20ff515a",
              "ami-15ce6c6f",
              "ami-58c86a22",
              "ami-0cc96876",
              "ami-0fc96875",
              "ami-4716b23d",
              "ami-5af95d20",
              "ami-b3c560c9",
              "ami-5de63c27",
              "ami-72e03a08",
              "ami-faec3680",
              "ami-f9ec3683",
              "ami-7ee13b04",
              "ami-cce339b6",
              "ami-41e3393b",
              "ami-7de33907",
              "ami-3bee3441",
              "ami-2cef3556",
              "ami-44c81b3e",
              "ami-d9c91aa3",
              "ami-9c8e5de6",
              "ami-eb8c5f91",
              "ami-2f1ccc55",
              "ami-291aca53",
              "ami-8218c8f8",
              "ami-3718c84d",
              "ami-de16c6a4",
              "ami-b111c1cb",
              "ami-1014c46a",
              "ami-9210c0e8",
              "ami-1414c46e",
              "ami-0114c47b",
              "ami-bd66b0c7",
              "ami-2767b15d",
              "ami-4365b339",
              "ami-0e64b274",
              "ami-a179afdb",
              "ami-3979af43",
              "ami-ea78ae90",
              "ami-2479af5e",
              "ami-1066b06a",
              "ami-6d78ae17",
              "ami-04f0267e",
              "ami-a466b1de",
              "ami-3f66b145",
              "ami-2b66b151",
              "ami-cf65b2b5",
              "ami-2065b25a",
              "ami-7e66b104",
              "ami-4164b33b",
              "ami-f378af89",
              "ami-5865b222",
              "ami-eb7aad91",
              "ami-78994d02",
              "ami-0318d279",
              "ami-e305cf99",
              "ami-b104cecb",
              "ami-f105cf8b",
              "ami-3207cd48",
              "ami-9704ceed",
              "ami-4c05cf36",
              "ami-4305cf39",
              "ami-9207cde8",
              "ami-9707cded",
              "ami-37bb714d",
              "ami-8a3ef5f0",
              "ami-d8c60fa2",
              "ami-67c60f1d",
              "ami-63c70e19",
              "ami-77c50c0d",
              "ami-4bc50c31",
              "ami-c8c108b2",
              "ami-63c20b19",
              "ami-43c50c39",
              "ami-5dc20b27",
              "ami-61c1081b",
              "ami-7ccc0506",
              "ami-e4cb029e",
              "ami-47ba433d",
              "ami-ae41bfd4",
              "ami-67bb421d",
              "ami-fe43bd84",
              "ami-fe16e884",
              "ami-b419e7ce",
              "ami-ec19e796",
              "ami-8c1be5f6",
              "ami-c017e9ba",
              "ami-a518e6df",
              "ami-ec33cc96",
              "ami-d855a2a2",
              "ami-7851a602",
              "ami-bb0ef9c1",
              "ami-2a0cfb50",
              "ami-df0ef9a5",
              "ami-f20ff888",
              "ami-b90ef9c3",
              "ami-e90bfc93",
              "ami-040ef97e",
              "ami-0e0ef974",
              "ami-dc0ff8a6",
              "ami-2e00f754",
              "ami-eb00f791",
              "ami-ea00f790",
              "ami-a213e4d8",
              "ami-8b12e5f1",
              "ami-e112e59b",
              "ami-c710e7bd",
              "ami-9721caed",
              "ami-c6f31dbc",
              "ami-fff21c85",
              "ami-b3f51bc9",
              "ami-85f618ff",
              "ami-6af51b10",
              "ami-f9f41a83",
              "ami-69f41a13",
              "ami-b6f719cc",
              "ami-01f41a7b",
              "ami-62f41a18",
              "ami-39759a43",
              "ami-827b94f8",
              "ami-a4749bde",
              "ami-9c7699e6",
              "ami-cd759ab7",
              "ami-cb759ab1",
              "ami-42658a38",
              "ami-29678853",
              "ami-d56788af",
              "ami-19648b63",
              "ami-c41af5be",
              "ami-231af559",
              "ami-5b1cf321",
              "ami-c01cf3ba",
              "ami-581cf322",
              "ami-c81ff0b2",
              "ami-5c00ef26",
              "ami-5b00ef21",
              "ami-841ff0fe",
              "ami-261bf45c",
              "ami-251bf45f",
              "ami-db1ff0a1",
              "ami-c605eabc",
              "ami-c00ae5ba",
              "ami-da1ff0a0",
              "ami-361bf44c",
              "ami-e735da9d",
              "ami-5b35da21",
              "ami-5ee10024",
              "ami-679c7d1d",
              "ami-42987938",
              "ami-319d7c4b",
              "ami-d79776ad",
              "ami-f194758b",
              "ami-9b9071e1",
              "ami-e697769c",
              "ami-e58e6f9f",
              "ami-53947529",
              "ami-bde90fc7",
              "ami-06e80e7c",
              "ami-81a3b9fa",
              "ami-3d8d9746",
              "ami-378d974c",
              "ami-5e8c9625",
              "ami-9c8298e7",
              "ami-e98f9592",
              "ami-ab8c96d0",
              "ami-2b8f9550",
              "ami-d48e94af",
              "ami-1f8d9764",
              "ami-e53e239e",
              "ami-b6100dcd",
              "ami-991508e2",
              "ami-61a4b71a",
              "ami-d2ccdfa9",
              "ami-51cedd2a",
              "ami-57e3f22c",
              "ami-71e1f00a",
              "ami-10e3f26b",
              "ami-71e0f10a",
              "ami-c66d66bd",
              "ami-c06269bb",
              "ami-126c6769",
              "ami-7c626907",
              "ami-91616aea",
              "ami-96616aed",
              "ami-2163685a",
              "ami-a16269da",
              "ami-d0606bab",
              "ami-d6606bad",
              "ami-d86269a3",
              "ami-8b6269f0",
              "ami-39636842",
              "ami-0b6e6570",
              "ami-e36c6798",
              "ami-aa6368d1",
              "ami-626d6619",
              "ami-636d6618",
              "ami-7063680b",
              "ami-a66368dd",
              "ami-b86269c3",
              "ami-7163680a",
              "ami-e0fdf49b",
              "ami-a5a4a8de",
              "ami-04aaa67f",
              "ami-6ae3ef11",
              "ami-1cfff367",
              "ami-8bfdf1f0",
              "ami-03fcf078",
              "ami-3dd2de46",
              "ami-32ece049",
              "ami-1fd3df64",
              "ami-90eee2eb",
              "ami-1ed3df65",
              "ami-e0ede19b",
              "ami-bfede1c4",
              "ami-beede1c5",
              "ami-2b0b0750",
              "ami-9b0408e0",
              "ami-43797538",
              "ami-1d7f7366",
              "ami-52909d29",
              "ami-76969b0d",
              "ami-99939ee2",
              "ami-3e919c45",
              "ami-50939e2b",
              "ami-d9909da2",
              "ami-6bfcf110",
              "ami-19f9f462",
              "ami-c8fff2b3",
              "ami-c5fff2be",
              "ami-c4fff2bf",
              "ami-31fef34a",
              "ami-fe222f85",
              "ami-3d3d3046",
              "ami-ccb6b4b7",
              "ami-1cb6b467",
              "ami-e8828093",
              "ami-4bfffd30",
              "ami-bc9e98c7",
              "ami-bf9096c4",
              "ami-32949249",
              "ami-ea959391",
              "ami-4a959331",
              "ami-e597919e",
              "ami-0c929477",
              "ami-0a898f71",
              "ami-a78b8ddc",
              "ami-9eb4b1e5",
              "ami-d57845ae",
              "ami-277b465c",
              "ami-207b465b",
              "ami-fe754885",
              "ami-197a4762",
              "ami-897449f2",
              "ami-b17548ca",
              "ami-c27b46b9",
              "ami-35ebd84e",
              "ami-d74a7aac",
              "ami-a64e7edd",
              "ami-f34c7c88",
              "ami-634b7b18",
              "ami-4149793a",
              "ami-324a7a49",
              "ami-374a7a4c",
              "ami-fe4c7c85",
              "ami-53487828",
              "ami-13487868",
              "ami-254a7a5e",
              "ami-ff497984",
              "ami-a44a7adf",
              "ami-4b477730",
              "ami-faebdd81",
              "ami-b3eddbc8",
              "ami-5d063026",
              "ami-8b0731f0",
              "ami-29053352",
              "ami-940432ef",
              "ami-a00533db",
              "ami-ad0533d6",
              "ami-f95a6c82",
              "ami-465f693d",
              "ami-d8685ea3",
              "ami-bc5462c7",
              "ami-32685e49",
              "ami-416b5d3a",
              "ami-dd6a5ca6",
              "ami-e7685e9c",
              "ami-056b5d7e",
              "ami-ee685e95",
              "ami-cb9aadb0",
              "ami-2f98af54",
              "ami-6391a618",
              "ami-e491a69f",
              "ami-99e1d6e2",
              "ami-2ae0d751",
              "ami-ecfccb97",
              "ami-3cfdca47",
              "ami-4fffc834",
              "ami-a7fdcadc",
              "ami-8cfec9f7",
              "ami-21ffc85a",
              "ami-3af1c641",
              "ami-3af0c741",
              "ami-38f0c743",
              "ami-03f3c478",
              "ami-6bf6c110",
              "ami-3ff6c144",
              "ami-750b3c0e",
              "ami-460c3b3d",
              "ami-170d3a6c",
              "ami-630b3c18",
              "ami-1c0d3a67",
              "ami-870a3dfc",
              "ami-d61027ad",
              "ami-042e197f",
              "ami-962017ed",
              "ami-d22116a9",
              "ami-722e1909",
              "ami-f7f4dc8c",
              "ami-8df0d8f6",
              "ami-8ef0d8f5",
              "ami-3be7cf40",
              "ami-22f8d059",
              "ami-a2f9d1d9",
              "ami-eef9d195",
              "ami-05e3cb7e",
              "ami-58e3cb23",
              "ami-7b5e7e00",
              "ami-dd5e7ea6",
              "ami-745b7b0f",
              "ami-d95a7aa2",
              "ami-5759792c",
              "ami-cc5777b7",
              "ami-8b5a7af0",
              "ami-bc5b7bc7",
              "ami-42577739",
              "ami-d65676ad",
              "ami-c75170bc",
              "ami-ee507195",
              "ami-f8517083",
              "ami-2c4c6d57",
              "ami-364a6b4d",
              "ami-e2446599",
              "ami-2447665f",
              "ami-ad4263d6",
              "ami-4e416035",
              "ami-5441602f",
              "ami-23ccea58",
              "ami-02cee879",
              "ami-a5cceade",
              "ami-4ac3e531",
              "ami-d8c0e6a3",
              "ami-70c3e50b",
              "ami-03c3e578",
              "ami-33cee848",
              "ami-9cc3e5e7",
              "ami-0cc7e177",
              "ami-24ddfa5f",
              "ami-d1def9aa",
              "ami-60d4f31b",
              "ami-5bc0e720",
              "ami-26cfe85d",
              "ami-95c2e5ee",
              "ami-23c1e658",
              "ami-84c4e3ff",
              "ami-34c1e64f",
              "ami-56c4e32d",
              "ami-43b1e838",
              "ami-bebce5c5",
              "ami-8a91c8f1",
              "ami-d39ec7a8",
              "ami-5e762f25",
              "ami-f6752c8d",
              "ami-3eb5a728",
              "ami-60849676",
              "ami-a08092b6",
              "ami-a98795bf",
              "ami-42879554",
              "ami-a48795b2",
              "ami-24869432",
              "ami-10839106",
              "ami-ef8193f9",
              "ami-73819365",
              "ami-59f5e54f",
              "ami-cff7e7d9",
              "ami-2edccb38",
              "ami-70717b66",
              "ami-cd7278db",
              "ami-747c7662",
              "ami-727f7564",
              "ami-937a7085",
              "ami-f87b71ee",
              "ami-ba616bac",
              "ami-39666c2f",
              "ami-46666c50",
              "ami-82666c94",
              "ami-40454e56",
              "ami-3c474c2a",
              "ami-57404b41",
              "ami-46474c50",
              "ami-57474c41",
              "ami-02404b14",
              "ami-17404b01",
              "ami-f5474ce3",
              "ami-249b9332",
              "ami-599c944f",
              "ami-59151d4f",
              "ami-7a171f6c",
              "ami-75151d63",
              "ami-de161ec8",
              "ami-d0141cc6",
              "ami-1a121a0c",
              "ami-480a025e",
              "ami-f70901e1",
              "ami-b8767eae",
              "ami-bb767ead",
              "ami-36757d20",
              "ami-7b777f6d",
              "ami-0e8d8418",
              "ami-078a8311",
              "ami-6cdbd27a",
              "ami-78dcd56e",
              "ami-f9ddd4ef",
              "ami-cfdad3d9",
              "ami-9e161f88",
              "ami-54171e42",
              "ami-9f767889",
              "ami-90777986",
              "ami-26e0ef30",
              "ami-41fff057",
              "ami-7dd3dc6b",
              "ami-86d6d990",
              "ami-50f6f246",
              "ami-ed2420fb",
              "ami-4e030758",
              "ami-d75e6dc1",
              "ami-ae586bb8",
              "ami-4f586b59",
              "ami-665a6970",
              "ami-4b5a695d",
              "ami-0d54671b",
              "ami-9a55668c",
              "ami-97556681",
              "ami-df5665c9",
              "ami-95556683",
              "ami-bb5063ad",
              "ami-42546754",
              "ami-b66c5fa0",
              "ami-5f536049",
              "ami-d55360c3",
              "ami-f05360e6",
              "ami-696e5d7f",
              "ami-af6f5cb9",
              "ami-8f6f5c99",
              "ami-30685b26",
              "ami-4b44745d",
              "ami-da8ebfcc",
              "ami-ec7040fa",
              "ami-b78cbda1",
              "ami-058cbd13",
              "ami-e18fbef7",
              "ami-308dbc26",
              "ami-c18fbed7",
              "ami-6088b976",
              "ami-2d89b83b",
              "ami-228dbc34",
              "ami-9d8cbd8b",
              "ami-6ff1c079",
              "ami-edf1c0fb",
              "ami-84ddeb92",
              "ami-85dee893",
              "ami-2a380e3c",
              "ami-a03b0db6",
              "ami-34003722",
              "ami-d90037cf",
              "ami-31023527",
              "ami-0b03341d",
              "ami-cc4e79da",
              "ami-62407774",
              "ami-1a42750c",
              "ami-454e7953",
              "ami-8d6f589b",
              "ami-bd6354ab",
              "ami-866f5890",
              "ami-846f5892",
              "ami-f56156e3",
              "ami-46605750",
              "ami-2964533f",
              "ami-fb6354ed",
              "ami-cc6255da",
              "ami-be6453a8",
              "ami-45635453",
              "ami-f56354e3",
              "ami-2872453e",
              "ami-807d4a96",
              "ami-aa7641bc",
              "ami-17774001",
              "ami-4977405f",
              "ami-f47740e2",
              "ami-0e754218",
              "ami-4a76415c",
              "ami-0f774019",
              "ami-4c74435a",
              "ami-02f1c514",
              "ami-22f6c234",
              "ami-80a09596",
              "ami-82a09594",
              "ami-09b3861f",
              "ami-4fb08559",
              "ami-cab184dc",
              "ami-51b38647",
              "ami-d4c5efc2",
              "ami-a4c7edb2",
              "ami-44c0ea52",
              "ami-34c0ea22",
              "ami-abc1ebbd",
              "ami-50c0ea46",
              "ami-3ac1eb2c",
              "ami-97c7ed81",
              "ami-48c6ec5e",
              "ami-bcc0eaaa",
              "ami-04351e12",
              "ami-2ad5fd3c",
              "ami-5c153c4a",
              "ami-f30e27e5",
              "ami-00391016",
              "ami-255b7233",
              "ami-1a775e0c",
              "ami-5c0b254a",
              "ami-a20f21b4",
              "ami-9939178f",
              "ami-133a1405",
              "ami-c63c12d0",
              "ami-79210f6f",
              "ami-ed644afb",
              "ami-b06e40a6",
              "ami-8fac8399",
              "ami-83af8395",
              "ami-533d1f45",
              "ami-293a183f",
              "ami-513d1f47",
              "ami-473a1851",
              "ami-643b1972",
              "ami-843e1c92",
              "ami-cb391bdd",
              "ami-453a1853",
              "ami-c8391bde",
              "ami-76381a60",
              "ami-ca7157dc",
              "ami-25725433",
              "ami-6f735579",
              "ami-2e755338",
              "ami-1973550f",
              "ami-12735504",
              "ami-a293c9b4",
              "ami-d29cc6c4",
              "ami-2492c832",
              "ami-a192c8b7",
              "ami-8c9fc59a",
              "ami-0e297018",
              "ami-7b40176d",
              "ami-b67e2aa0",
              "ami-e47723f2",
              "ami-0989f51f",
              "ami-e392eef5",
              "ami-539be745",
              "ami-009be716",
              "ami-d49ae6c2",
              "ami-5b9be74d",
              "ami-c09be7d6",
              "ami-b49ae6a2",
              "ami-fe9ae6e8",
              "ami-259be733",
              "ami-cf9be7d9",
              "ami-a19be7b7",
              "ami-3a9de12c",
              "ami-149fe302",
              "ami-a39fe3b5",
              "ami-c59de1d3",
              "ami-c5aed2d3",
              "ami-ebafd3fd",
              "ami-23acd035",
              "ami-d8acd0ce",
              "ami-22add134",
              "ami-60b3cf76",
              "ami-26097530",
              "ami-2809753e",
              "ami-951a6683",
              "ami-ee1e62f8",
              "ami-6f364a79",
              "ami-60364a76",
              "ami-8a93ee9c",
              "ami-0190ed17",
              "ami-5094e946",
              "ami-ec96ebfa",
              "ami-5f94e949",
              "ami-2696eb30",
              "ami-0d97ea1b",
              "ami-ca97eadc",
              "ami-1d96eb0b",
              "ami-b397eaa5",
              "ami-344e3322",
              "ami-464c3150",
              "ami-64146672",
              "ami-61146677",
              "ami-1ffd9f09",
              "ami-8fc2a099",
              "ami-92f19384",
              "ami-1af2900c",
              "ami-409bf956",
              "ami-5d9bf94b",
              "ami-ba2e4cac",
              "ami-b62e4ca0",
              "ami-b6294ba0",
              "ami-e12e4cf7",
              "ami-4f284a59",
              "ami-82294b94",
              "ami-a3b3d4b5",
              "ami-87118e91",
              "ami-2f108f39",
              "ami-8237aa94",
              "ami-c137aad7",
              "ami-30b12026",
              "ami-258e1f33",
              "ami-668f1e70",
              "ami-898b1a9f",
              "ami-c58c1dd3",
              "ami-6f8c1d79",
              "ami-fd8617eb",
              "ami-c38a1bd5",
              "ami-178c1d01",
              "ami-cf8918d9",
              "ami-fb8e19ed",
              "ami-3d50d02b",
              "ami-064fcf10",
              "ami-3aaa2a2c",
              "ami-1aa9290c",
              "ami-b18909a7",
              "ami-74880862",
              "ami-98ea6a8e",
              "ami-21ec6c37",
              "ami-07b63711",
              "ami-b5b736a3",
              "ami-7cb7366a",
              "ami-75b63763",
              "ami-3eb43528",
              "ami-3ab5342c",
              "ami-40b53456",
              "ami-54b53442",
              "ami-79c7466f",
              "ami-6ec34278",
              "ami-0521a713",
              "ami-8323a595",
              "ami-62159374",
              "ami-b30a8ca5",
              "ami-f20385e4",
              "ami-7801876e",
              "ami-d50385c3",
              "ami-03008615",
              "ami-5c02844a",
              "ami-e10284f7",
              "ami-6974f27f",
              "ami-6c74f27a",
              "ami-bd76f0ab",
              "ami-b076f0a6",
              "ami-3f68ee29",
              "ami-c568eed3",
              "ami-945adc82",
              "ami-945bdd82",
              "ami-9b56d08d",
              "ami-4957d15f",
              "ami-a748ceb1",
              "ami-974bcd81",
              "ami-6eea6c78",
              "ami-bdee68ab",
              "ami-60ef6976",
              "ami-7aef696c",
              "ami-e4e167f2",
              "ami-a3e563b5",
              "ami-a7e563b1",
              "ami-cbe264dd",
              "ami-d5cf48c3",
              "ami-76cb4c60",
              "ami-22ce4934",
              "ami-eccf48fa",
              "ami-20ce4936",
              "ami-27ce4931",
              "ami-38cd4a2e",
              "ami-75cc4b63",
              "ami-1fcf4809",
              "ami-1ecf4808",
              "ami-b975cbaf",
              "ami-bf72cca9",
              "ami-e975cbff",
              "ami-2172cc37",
              "ami-2a72cc3c",
              "ami-a672ccb0",
              "ami-5a71cf4c",
              "ami-4c71cf5a",
              "ami-0573cd13",
              "ami-c275cbd4",
              "ami-b83689ae",
              "ami-f73788e1",
              "ami-6356e975",
              "ami-365ae520",
              "ami-db71cecd",
              "ami-9b75ca8d",
              "ami-27942331",
              "ami-64932472",
              "ami-5b94234d",
              "ami-33962125",
              "ami-0994231f",
              "ami-31962127",
              "ami-5e972048",
              "ami-faa91eec",
              "ami-00942316",
              "ami-60952276",
              "ami-9f50f989",
              "ami-9548e783",
              "ami-e7c96af1",
              "ami-14e74402",
              "ami-7ee24168",
              "ami-70e24166",
              "ami-bd1dbdab",
              "ami-54e24142",
              "ami-b81ebeae",
              "ami-275ffe31",
              "ami-f92e88ef",
              "ami-b12187a7",
              "ami-a52086b3",
              "ami-2820863e",
              "ami-d52e88c3",
              "ami-032e8815",
              "ami-045cfa12",
              "ami-d25dfbc4",
              "ami-e850f6fe",
              "ami-da5ef8cc",
              "ami-2751f731",
              "ami-555cfa43",
              "ami-3557f123",
              "ami-4456f052",
              "ami-f377d1e5",
              "ami-8776d091",
              "ami-c269cfd4",
              "ami-af6bcdb9",
              "ami-1b77d10d",
              "ami-9769cf81",
              "ami-9b68ce8d",
              "ami-fa6dcbec",
              "ami-3a68ce2c",
              "ami-1f6bcd09",
              "ami-b36ec8a5",
              "ami-236ec835",
              "ami-066fc910",
              "ami-de6ccac8",
              "ami-5cc6604a",
              "ami-d3c660c5",
              "ami-f211b6e4",
              "ami-111eb907",
              "ami-d96bcccf",
              "ami-cbae09dd",
              "ami-92855f84",
              "ami-d3855fc5",
              "ami-1b61b90d",
              "ami-ec70a8fa",
              "ami-268a5630",
              "ami-8fc21599",
              "ami-3fc11629",
              "ami-d4c413c2",
              "ami-86c31490",
              "ami-c8c611de",
              "ami-bfc215a9",
              "ami-53c41345",
              "ami-aac215bc",
              "ami-e8c512fe",
              "ami-61c31477",
              "ami-b8c611ae",
              "ami-33c51225",
              "ami-99d80f8f",
              "ami-10c41306",
              "ami-7cc5126a",
              "ami-33c41325",
              "ami-79c6116f",
              "ami-6bc5127d",
              "ami-9dd90e8b",
              "ami-9cd90e8a",
              "ami-6fc51279",
              "ami-71c61167",
              "ami-d1da0dc7",
              "ami-a6c710b0",
              "ami-c9d90edf",
              "ami-c5d80fd3",
              "ami-8ddb0c9b",
              "ami-42db0c54",
              "ami-40db0c56",
              "ami-bfdb0ca9",
              "ami-70da0d66",
              "ami-89dc0b9f",
              "ami-56dd0a40",
              "ami-f1dd0ae7",
              "ami-4edd0a58",
              "ami-cfde09d9",
              "ami-7eae7a68",
              "ami-0dae7a1b",
              "ami-e60bc0f0",
              "ami-b20bc0a4",
              "ami-b40ac1a2",
              "ami-050bc013",
              "ami-f1f53ee7",
              "ami-09f53e1f",
              "ami-b0f63da6",
              "ami-2af53e3c",
              "ami-2af63d3c",
              "ami-95f23983",
              "ami-39f63d2f",
              "ami-63f73c75",
              "ami-e6f239f0",
              "ami-8cf03b9a",
              "ami-abf13abd",
              "ami-72f73c64",
              "ami-2ef13a38",
              "ami-96f33880",
              "ami-e4cf04f2",
              "ami-c0c902d6",
              "ami-cfc902d9",
              "ami-e9ca01ff",
              "ami-e59c57f3",
              "ami-e49c57f2",
              "ami-17915a01",
              "ami-499d565f",
              "ami-eb9c57fd",
              "ami-519c5747",
              "ami-39915a2f",
              "ami-e99f54ff",
              "ami-829d5694",
              "ami-6f9d5679",
              "ami-13935805",
              "ami-cb9952dd",
              "ami-3568a023",
              "ami-011fd717",
              "ami-841ad292",
              "ami-69d1127f",
              "ami-a324e2b5",
              "ami-e318def5",
              "ami-6027e176",
              "ami-1927e10f",
              "ami-4618de50",
              "ami-ba27e1ac",
              "ami-5719df41",
              "ami-2927e13f",
              "ami-2e27e138",
              "ami-2327e135",
              "ami-04718212",
              "ami-8d0cff9b",
              "ami-290dfe3f",
              "ami-e509faf3",
              "ami-4f0cff59",
              "ami-d209fac4",
              "ami-3a0ffc2c",
              "ami-b70af9a1",
              "ami-2513e033",
              "ami-a42eddb2",
              "ami-8f3ccf99",
              "ami-f03fcce6",
              "ami-c33dced5",
              "ami-bf3ecda9",
              "ami-0a3dce1c",
              "ami-893fcc9f",
              "ami-b739caa1",
              "ami-273fcc31",
              "ami-7f3fcc69",
              "ami-0b3ecd1d",
              "ami-4ec33058",
              "ami-d3de2dc5",
              "ami-acdd2eba",
              "ami-1ec23108",
              "ami-1dc2310b",
              "ami-fedf2ce8",
              "ami-57dc2f41",
              "ami-3ddd2e2b",
              "ami-41dc2f57",
              "ami-acdc2fba",
              "ami-aadc2fbc",
              "ami-84c33092",
              "ami-b2df2ca4",
              "ami-fed023e8",
              "ami-15d52603",
              "ami-7dd2256b",
              "ami-dd3dd7cb",
              "ami-4a3cd65c",
              "ami-7a3dd76c",
              "ami-0b33d91d",
              "ami-8d3fd59b",
              "ami-f73cd6e1",
              "ami-1d32d80b",
              "ami-eb3ed4fd",
              "ami-e83ed4fe",
              "ami-543dd742",
              "ami-d69c74c0",
              "ami-d7c92bc1",
              "ami-24cf2d32",
              "ami-24f51732",
              "ami-97f61481",
              "ami-58e6044e",
              "ami-f4e002e2",
              "ami-73bc5f65",
              "ami-e4ba59f2",
              "ami-76b65560",
              "ami-3abb582c",
              "ami-a58760b3",
              "ami-552e3a42",
              "ami-f12d39e6",
              "ami-24e7f233",
              "ami-33e4f124",
              "ami-9be6f38c",
              "ami-4de4f15a",
              "ami-c7e7f2d0",
              "ami-f8e7f2ef",
              "ami-48e7f25f",
              "ami-5df8ed4a",
              "ami-6ffbee78",
              "ami-4fe1f458",
              "ami-fb1218ec",
              "ami-72dcd765",
              "ami-71dcd766",
              "ami-72545f65",
              "ami-06565d11",
              "ami-335e5524",
              "ami-245f5433",
              "ami-5b5c574c",
              "ami-6b53587c",
              "ami-c25d56d5",
              "ami-b25f54a5",
              "ami-af5e55b8",
              "ami-cb5d56dc",
              "ami-3a5f542d",
              "ami-ee5d56f9",
              "ami-965d5681",
              "ami-3d5f542a",
              "ami-ce5f54d9",
              "ami-0d58531a",
              "ami-955d5682",
              "ami-4a5f545d",
              "ami-4b5f545c",
              "ami-925d5685",
              "ami-05595212",
              "ami-d45f54c3",
              "ami-d25f54c5",
              "ami-00595217",
              "ami-cc5853db",
              "ami-fe5d56e9",
              "ami-d05f54c7",
              "ami-13585304",
              "ami-b25952a5",
              "ami-085a511f",
              "ami-47585350",
              "ami-295a513e",
              "ami-852d2492",
              "ami-e92e27fe",
              "ami-d2020bc5",
              "ami-bf020ba8",
              "ami-ae7f76b9",
              "ami-237d7434",
              "ami-3a8a852d",
              "ami-fde4ebea",
              "ami-76e6e961",
              "ami-097f721e",
              "ami-c37974d4",
              "ami-c8e7e5df",
              "ami-8ee4e699",
              "ami-6df8fe7a",
              "ami-b71328a0",
              "ami-a7112ab0",
              "ami-5e122949",
              "ami-12132805",
              "ami-bab28aad",
              "ami-41b58d56",
              "ami-4ec3fb59",
              "ami-27c1f930",
              "ami-79d1e96e",
              "ami-2fd0e838",
              "ami-97e4dc80",
              "ami-cde6deda",
              "ami-31e2da26",
              "ami-b8e3dbaf",
              "ami-3be0d82c",
              "ami-e9e3dbfe",
              "ami-25e0d832",
              "ami-d5e3dbc2",
              "ami-eca289fb",
              "ami-18072c0f",
              "ami-e40d26f3",
              "ami-b2240fa5",
              "ami-cf250ed8",
              "ami-c0507bd7",
              "ami-ae5378b9",
              "ami-ff614ce8",
              "ami-5396b444",
              "ami-6f86a478",
              "ami-0ee0c619",
              "ami-9f1d3b88",
              "ami-5e123449",
              "ami-863b6391",
              "ami-b73b63a0",
              "ami-3c3b632b",
              "ami-17396100",
              "ami-ca075fdd",
              "ami-9f396188",
              "ami-7c38606b",
              "ami-de3860c9",
              "ami-55065e42",
              "ami-963a6281",
              "ami-4946185e",
              "ami-0b48161c",
              "ami-0f481618",
              "ami-b14719a6",
              "ami-84376993",
              "ami-523b6545",
              "ami-94396783",
              "ami-63366874",
              "ami-f43668e3",
              "ami-953b6582",
              "ami-0b38661c",
              "ami-e73668f0",
              "ami-b53967a2",
              "ami-e23b65f5",
              "ami-823b6595",
              "ami-3a3b652d",
              "ami-223b6535",
              "ami-cb3c62dc",
              "ami-531f4144",
              "ami-b11d43a6",
              "ami-c21f41d5",
              "ami-e61d43f1",
              "ami-341e4023",
              "ami-11e0bf06",
              "ami-2e2d7239",
              "ami-6f316e78",
              "ami-62306f75",
              "ami-a22e71b5",
              "ami-05336c12",
              "ami-d8356acf",
              "ami-5a015e4d",
              "ami-783f606f",
              "ami-1ec09c09",
              "ami-03c09c14",
              "ami-ba3567ad",
              "ami-7f0c5e68",
              "ami-1d0f5d0a",
              "ami-cb0351dc",
              "ami-70065467",
              "ami-f50250e2",
              "ami-1eeab909",
              "ami-cae4b7dd",
              "ami-1924770e",
              "ami-ae5307b9",
              "ami-21530736",
              "ami-2e297d39",
              "ami-a32a7eb4",
              "ami-b02672a7",
              "ami-25277332",
              "ami-2ac4843d",
              "ami-45c18152",
              "ami-9dc3838a",
              "ami-b7c484a0",
              "ami-40286957",
              "aki-04206613",
              "aki-5c21674b",
              "ami-0a084c1d",
              "ami-d2ee95c5",
              "ami-c481fad3",
              "ami-bd86fdaa",
              "ami-4487fc53",
              "ami-4287fc55",
              "ami-4d87fc5a",
              "ami-c981fade",
              "ami-b386fda4",
              "ami-ee80fbf9",
              "ami-ed80fbfa",
              "ami-6b0f747c",
              "ami-570f7440",
              "ami-71126966",
              "ami-46116a51",
              "ami-bc1a61ab",
              "ami-15245f02",
              "ami-91295586",
              "ami-3c28542b",
              "ami-3d55272a",
              "ami-17dab000",
              "ami-12dab005",
              "ami-28dab03f",
              "ami-3bc5af2c",
              "ami-addbb1ba",
              "ami-45c4ae52",
              "ami-b1dab0a6",
              "ami-cadab0dd",
              "ami-e94328fe",
              "ami-504b2047",
              "ami-d6751ec1",
              "ami-d5751ec2",
              "ami-ba4a21ad",
              "ami-6b2f4d7c",
              "ami-f93250ee",
              "ami-3d2c4e2a",
              "ami-f82f4def",
              "ami-342c4e23",
              "ami-25573732",
              "ami-ee5737f9",
              "ami-957b1b82",
              "ami-6a79197d",
              "ami-57771740",
              "ami-a97919be",
              "ami-d57717c2",
              "ami-84791993",
              "ami-f67515e1",
              "ami-cd7515da",
              "ami-6fea8b78",
              "ami-79eb8a6e",
              "ami-64bcdd73",
              "ami-51bbda46",
              "ami-d4bddcc3",
              "ami-91bcdd86",
              "ami-8e7f1e99",
              "ami-fc7a1beb",
              "ami-337f1e24",
              "ami-f37a1be4",
              "ami-f37d1ce4",
              "ami-1c7f1e0b",
              "ami-9c90f68b",
              "ami-e293f5f5",
              "ami-f595f3e2",
              "ami-bf92f4a8",
              "ami-fa6e08ed",
              "ami-a66c0ab1",
              "ami-07345210",
              "ami-4d34525a",
              "ami-6bb2d67c",
              "ami-06315511",
              "ami-af3054b8",
              "ami-a5d9bcb2",
              "ami-17d9bc00",
              "ami-adc2a7ba",
              "ami-a8c1a4bf",
              "ami-52cd5445",
              "ami-c17ce0d6",
              "ami-99db478e",
              "ami-2cd5493b",
              "ami-92db4785",
              "ami-95db4782",
              "ami-eadb47fd",
              "ami-54d54943",
              "ami-1bd74b0c",
              "ami-32db4725",
              "ami-451a8852",
              "ami-166efc01",
              "ami-2d7cee3a",
              "ami-b6f163a1",
              "ami-13c95b04",
              "ami-e6d547f1",
              "ami-0434a713",
              "ami-fa0c8fed",
              "ami-df0d8ec8",
              "ami-990e8d8e",
              "ami-900e8d87",
              "ami-520d8e45",
              "ami-f60d8ee1",
              "ami-55870742",
              "ami-2fa46b42",
              "ami-5ca26d31",
              "ami-486ea225",
              "ami-896ca0e4",
              "ami-e7529e8a",
              "ami-c36da1ae",
              "ami-d3539fbe",
              "ami-8e6ca0e3",
              "ami-d9529eb4",
              "ami-21529e4c",
              "ami-d1529ebc",
              "ami-796da114",
              "ami-b7519dda",
              "ami-b0509cdd",
              "ami-07539f6a",
              "ami-bb579bd6",
              "ami-73529e1e",
              "ami-146ca079",
              "ami-0b6ca066",
              "ami-a6519dcb",
              "ami-466da12b",
              "ami-62539f0f",
              "ami-9f5599f2",
              "ami-9d5599f0",
              "ami-9d5a96f0",
              "ami-a95498c4",
              "ami-995498f4",
              "ami-2a559947",
              "ami-b85f93d5",
              "ami-bd5f93d0",
              "ami-4f38f422",
              "ami-bf23efd2",
              "ami-a88a46c5",
              "ami-4868ab25",
              "ami-7f6aa912",
              "ami-2a69aa47",
              "ami-6869aa05",
              "ami-ed6aa980",
              "ami-806ba8ed",
              "ami-8e6ba8e3",
              "ami-dc6aa9b1",
              "ami-e364a78e",
              "ami-376ba85a",
              "ami-c2db1aaf",
              "ami-58df1e35",
              "ami-07d8196a",
              "ami-a7d415ca",
              "ami-dfd415b2",
              "ami-9bd312f6",
              "ami-a4827dc9",
              "ami-b58679d8",
              "ami-8a8778e7",
              "ami-8d8976e0",
              "ami-0188776c",
              "ami-1186797c",
              "ami-8f8976e2",
              "ami-41857a2c",
              "ami-928877ff",
              "ami-05887768",
              "ami-8f7687e2",
              "ami-41e1162c",
              "ami-f1e1169c",
              "ami-42f90e2f",
              "ami-09fb0c64",
              "ami-b4f106d9",
              "ami-04f00769",
              "ami-b51cf3d8",
              "ami-af1cf3c2",
              "ami-dccc23b1",
              "ami-64c92609",
              "ami-98cf20f5",
              "ami-74ca2519",
              "ami-17ce217a",
              "ami-57cc233a",
              "ami-b3bc5fde",
              "ami-b7be5dda",
              "ami-afbe5dc2",
              "ami-b5b85bd8",
              "ami-5ebe5d33",
              "ami-c0b85bad",
              "ami-7db85b10",
              "ami-66b95a0b",
              "ami-d7ba59ba",
              "ami-73bd5e1e",
              "ami-b7b457da",
              "ami-81b556ec",
              "ami-59b75434",
              "ami-b8b053d5",
              "ami-eab75487",
              "ami-ebb75486",
              "ami-8f47a7e2",
              "ami-c849a9a5",
              "ami-18719175",
              "ami-e06e8e8d",
              "ami-a1fa1acc",
              "ami-f5f41398",
              "ami-8ff710e2",
              "ami-bae80fd7",
              "ami-c3f611ae",
              "ami-54f71039",
              "ami-69f41304",
              "ami-6cf41301",
              "ami-78f41315",
              "ami-70f6111d",
              "ami-92e90eff",
              "ami-5247a23f",
              "ami-c94e56a3",
              "ami-2a4b5340",
              "ami-fd534b97",
              "ami-7550481f",
              "ami-77a5bc1d",
              "ami-6ba2bb01",
              "ami-f53a289f",
              "ami-67a3a90d",
              "ami-d84e44b2",
              "ami-434c4629",
              "ami-9e4f45f4",
              "ami-1149437b",
              "ami-db4842b1",
              "ami-2b4e4441",
              "ami-b94842d3",
              "ami-be4842d4",
              "ami-b04842da",
              "ami-4a494320",
              "ami-c14f45ab",
              "ami-ea4b4180",
              "ami-09bfb463",
              "ami-d2bbb0b8",
              "ami-adb9b2c7",
              "ami-9db9b2f7",
              "ami-06bfb46c",
              "ami-93b9b2f9",
              "ami-8cb8b3e6",
              "ami-54bab13e",
              "ami-36a4af5c",
              "ami-e9bab183",
              "ami-b7bab1dd",
              "ami-c3bbb0a9",
              "ami-c2bbb0a8",
              "ami-4fbab125",
              "ami-5fbbb035",
              "ami-12a4af78",
              "ami-83b9b2e9",
              "ami-7bbbb011",
              "ami-a8bab1c2",
              "ami-afbab1c5",
              "ami-ab5559c1",
              "ami-6b5a5601",
              "ami-595a5633",
              "ami-13fff279",
              "ami-24fef34e",
              "ami-c6e5e8ac",
              "ami-75ebe61f",
              "ami-a3efe2c9",
              "ami-07d2df6d",
              "ami-d9a6a4b3",
              "ami-311a1a5b",
              "ami-e010108a",
              "ami-4f111125",
              "ami-08111162",
              "ami-22111148",
              "ami-1b141471",
              "ami-1d141477",
              "ami-861313ec",
              "ami-8b1313e1",
              "ami-3112125b",
              "ami-d291afb8",
              "ami-0599a76f",
              "ami-7f98a615",
              "ami-4caa9426",
              "ami-c6aa94ac",
              "ami-33b48a59",
              "ami-50ba843a",
              "ami-6ebd8304",
              "ami-3bb38e51",
              "ami-e7b18c8d",
              "ami-7bb88511",
              "ami-a7b885cd",
              "ami-9abe83f0",
              "ami-c2b885a8",
              "ami-1ac2ff70",
              "ami-45bf822f",
              "ami-debd80b4",
              "ami-d8bd80b2",
              "ami-25c2ff4f",
              "ami-bdbd80d7",
              "ami-e9c6fb83",
              "ami-3fc1fc55",
              "ami-15c7fa7f",
              "ami-f0c0fd9a",
              "ami-a2c0fdc8",
              "ami-23c6fb49",
              "ami-3cc6fb56",
              "ami-fbc1fc91",
              "ami-fec7fa94",
              "ami-58cff232",
              "ami-4acdf020",
              "ami-54caf73e",
              "ami-9ac9f4f0",
              "ami-91cdf0fb",
              "ami-b44d70de",
              "ami-bf506dd5",
              "ami-9e566bf4",
              "ami-8e5568e4",
              "ami-cd5a67a7",
              "ami-c05b66aa",
              "ami-d45a67be",
              "ami-075a676d",
              "ami-065a676c",
              "ami-365c615c",
              "ami-725d6018",
              "ami-8f5d60e5",
              "ami-0c5d6066",
              "ami-c72517ad",
              "ami-9d3507f7",
              "ami-ad3200c7",
              "ami-23467449",
              "ami-43043329",
              "ami-e3a59189",
              "ami-72a69218",
              "ami-65bb8f0f",
              "ami-8abb8fe0",
              "ami-35def45f",
              "ami-0bd8f261",
              "ami-84d9f3ee",
              "ami-26d8f24c",
              "ami-c1c5efab",
              "ami-abdbf1c1",
              "ami-8bc6ece1",
              "ami-49c0ea23",
              "ami-0dc6ec67",
              "ami-fcc1eb96",
              "ami-90c3e9fa",
              "ami-a5c6eccf",
              "ami-17c9e37d",
              "ami-61cfe50b",
              "ami-a6cce6cc",
              "ami-cacfe5a0",
              "ami-8fcee4e5",
              "ami-b8cfe5d2",
              "ami-c0cfe5aa",
              "ami-11cee47b",
              "ami-86cee4ec",
              "ami-87cee4ed",
              "ami-84cee4ee",
              "ami-46c8e22c",
              "ami-5ccbe136",
              "ami-89c9e3e3",
              "ami-03c8e269",
              "ami-bbc8e2d1",
              "ami-91cbe1fb",
              "ami-63cbe109",
              "ami-f8cbe192",
              "ami-29f5df43",
              "ami-d6f7ddbc",
              "ami-d4f7ddbe",
              "ami-a7f5dfcd",
              "ami-2df5df47",
              "ami-c8f7dda2",
              "ami-b0f4deda",
              "ami-0ef6dc64",
              "ami-c3f6dca9",
              "ami-f3133199",
              "ami-530c2e39",
              "ami-68062402",
              "ami-bf0a28d5",
              "ami-6605270c",
              "ami-6705270d",
              "ami-cb2305a1",
              "ami-2b3b6041",
              "ami-a6431fcc",
              "ami-5578243f",
              "ami-7448141e",
              "ami-da4915b0",
              "ami-800559ea",
              "ami-3b0b5751",
              "ami-5e055934",
              "ami-4f045825",
              "ami-b30a56d9",
              "ami-650b570f",
              "ami-d9e7bab3",
              "ami-41e6bb2b",
              "ami-7deab717",
              "ami-7eeab714",
              "ami-62cc9e08",
              "ami-1bf2a071",
              "ami-43cd9f29",
              "ami-3cce9c56",
              "ami-5ec89a34",
              "ami-35ca985f",
              "ami-79c99b13",
              "ami-98c89af2",
              "ami-3fd98b55",
              "ami-ecde8c86",
              "ami-80de8cea",
              "ami-68d88a02",
              "ami-e2d88a88",
              "ami-5ade8c30",
              "ami-afd587c5",
              "ami-58db8932",
              "ami-aea8fac4",
              "ami-27affd4d",
              "ami-3c1d4956",
              "ami-041e4a6e",
              "ami-ecd79d86",
              "ami-26db914c",
              "ami-53c48e39",
              "ami-b7b4fedd",
              "ami-1ebaf074",
              "ami-68115b02",
              "ami-1679317c",
              "ami-ed793187",
              "ami-c9632ba3",
              "ami-74622a1e",
              "ami-ca541ca0",
              "ami-af5119c5",
              "ami-6ff4bd05",
              "ami-76105e1c",
              "ami-93a4e2f9",
              "ami-4b034421",
              "ami-1449327e",
              "ami-804a31ea",
              "ami-0a512a60",
              "ami-b4562dde",
              "ami-655d260f",
              "ami-c35f24a9",
              "ami-c7275cad",
              "ami-f2d5ad98",
              "ami-e01a638a",
              "ami-5b1b6231",
              "ami-3f225b55",
              "ami-4b275e21",
              "ami-a02158ca",
              "ami-bb2f56d1",
              "ami-f61d639c",
              "ami-e11c628b",
              "ami-75205e1f",
              "ami-f21f6198",
              "ami-19245a73",
              "ami-82255be8",
              "ami-62027e08",
              "ami-dc7d01b6",
              "ami-fa770590",
              "ami-fb770591",
              "ami-55ef9c3f",
              "ami-b1ef9cdb",
              "ami-ebfd8e81",
              "ami-bcff8cd6",
              "ami-628cff08",
              "ami-09f28163",
              "ami-850172ef",
              "ami-fe057694",
              "ami-3e007354",
              "ami-5006753a",
              "ami-611c6f0b",
              "ami-f3007399",
              "ami-a01d6eca",
              "ami-62037008",
              "ami-621e6d08",
              "ami-3e1c6f54",
              "ami-fc027196",
              "ami-b91d6ed3",
              "ami-d32d5eb9",
              "ami-59136033",
              "ami-692e5d03",
              "ami-4b2b5821",
              "ami-c7295aad",
              "ami-582b5832",
              "ami-6b2b5801",
              "ami-982b58f2",
              "ami-8f2a59e5",
              "ami-76285b1c",
              "ami-a22a59c8",
              "ami-ec295a86",
              "ami-842556ee",
              "ami-ff295a95",
              "ami-2c2b5846",
              "ami-1426557e",
              "ami-60b6c60a",
              "ami-40b7c72a",
              "ami-5fb8c835",
              "ami-30b6c65a",
              "ami-66b6c60c",
              "ami-fbb9c991",
              "ami-93b7c7f9",
              "ami-dab7c7b0",
              "ami-01b4c46b",
              "ami-ddc7b6b7",
              "ami-35bfe050",
              "ami-27bfe042",
              "ami-358ad550",
              "ami-a18bd4c4",
              "ami-a39cc3c6",
              "ami-159cc370",
              "ami-11c69a74",
              "ami-35c59950",
              "ami-a9d18dcc",
              "ami-0fd18d6a",
              "ami-29a3ff4c",
              "ami-5fa3ff3a",
              "ami-dd4f12b8",
              "ami-fd4f1298",
              "ami-055b0660",
              "ami-c75805a2",
              "ami-a52b76c0",
              "ami-332b7656",
              "ami-7981d31c",
              "ami-9b80d2fe",
              "ami-9195c7f4",
              "ami-9f96c4fa",
              "ami-05693b60",
              "ami-63683a06",
              "ami-3394c756",
              "ami-d190c3b4",
              "ami-7965361c",
              "ami-4f63302a",
              "ami-cb7724ae",
              "ami-c97724ac",
              "ami-61194e04",
              "ami-9f1c4bfa",
              "ami-591c4b3c",
              "ami-df5918ba",
              "ami-d93677bc",
              "ami-7937761c",
              "ami-c16422a4",
              "ami-55116b30",
              "ami-7f116b1a",
              "ami-55196330",
              "ami-4f19632a",
              "ami-6d621908",
              "ami-9f6318fa",
              "ami-7da9d918",
              "ami-99a8d8fc",
              "ami-1fa6d67a",
              "ami-4da6d628",
              "ami-87a4d4e2",
              "ami-bba4d4de",
              "ami-1da3d378",
              "ami-03a3d366",
              "ami-454f3f20",
              "ami-734f3f16",
              "ami-173c4c72",
              "ami-0f3c4c6a",
              "ami-953949f0",
              "ami-a73949c2",
              "ami-fb34449e",
              "ami-f1344494",
              "ami-8792e4e2",
              "ami-8592e4e0",
              "ami-fba1d79e",
              "ami-ffa1d79a",
              "ami-ada3d5c8",
              "ami-d9a3d5bc",
              "ami-d9a5d3bc",
              "ami-c9a5d3ac",
              "ami-65116700",
              "ami-971066f2",
              "ami-d71066b2",
              "ami-cf1066aa",
              "ami-e3106686",
              "ami-6d106608",
              "ami-61106604",
              "ami-bb1365de",
              "ami-b31365d6",
              "ami-5997e03c",
              "ami-d1a8dfb4",
              "ami-f7a8df92",
              "ami-5da8df38",
              "ami-4ba8df2e",
              "ami-4da8df28",
              "ami-55224c30",
              "ami-1ddcb378",
              "ami-e1e28d84",
              "ami-4fe4852a",
              "ami-47a2122c",
              "ami-61a1110a",
              "ami-2df44446",
              "ami-1b4cfd70",
              "ami-0d4cfd66",
              "ami-0f4cfd64",
              "ami-094cfd62",
              "ami-0b4cfd60",
              "ami-354cfd5e",
              "ami-314cfd5a",
              "ami-d34dfcb8",
              "ami-c74dfcac",
              "ami-b540eade",
              "ami-ff7ed294",
              "ami-fb7ed290",
              "ami-397ed252",
              "ami-2b7ed240",
              "ami-c37dd1a8",
              "ami-fd7dd196",
              "ami-fb7dd190",
              "ami-797dd112",
              "ami-e97cd082",
              "ami-eb7cd080",
              "ami-5b63cf30",
              "ami-4763cf2c",
              "ami-bd62ced6",
              "ami-d362ceb8",
              "ami-5b60cc30",
              "ami-4f60cc24",
              "ami-af65c9c4",
              "ami-d165c9ba",
              "ami-c36bc7a8",
              "ami-e76bc78c",
              "ami-176ec27c",
              "ami-156ec27e",
              "ami-656dc10e",
              "ami-676dc10c",
              "ami-51933f3a",
              "ami-53933f38",
              "ami-85b91bee",
              "ami-c5fa5aae",
              "ami-bb61c4d0",
              "ami-0d61c466",
              "ami-f366c398",
              "ami-e966c382",
              "ami-5f67c234",
              "ami-1964c172",
              "ami-d3ff5ab8",
              "ami-71f2571a",
              "ami-23ec3648",
              "ami-a5ef35ce",
              "ami-31bb615a",
              "ami-59ba6032",
              "ami-8f875de4",
              "ami-a7875dcc",
              "ami-578c563c",
              "ami-a166bdca",
              "ami-c766bdac",
              "ami-f977ac92",
              "ami-ef77ac84",
              "ami-97538bfc",
              "ami-b3538bd8",
              "ami-43a77828",
              "ami-85a975ee",
              "ami-1d8c5e76",
              "ami-4d8a5826",
              "ami-d38557b8",
              "ami-a9f324c2",
              "ami-d5f324be",
              "ami-3bf32750",
              "ami-fff22694",
              "ami-5f64a834",
              "ami-876ba7ec",
              "ami-8da458e6",
              "ami-853bcbee",
              "ami-013aca6a",
              "ami-033aca68",
              "ami-6538c80e",
              "ami-3332c258",
              "ami-3932c252",
              "ami-3d629556",
              "ami-2d629546",
              "ami-4f916624",
              "ami-7191661a",
              "ami-879760ec",
              "ami-fba85f90",
              "ami-2bba4d40",
              "ami-57ba4d3c",
              "ami-e7bc4b8c",
              "ami-85bd4aee",
              "ami-c3b047a8",
              "ami-e7b0478c",
              "ami-fdb14696",
              "ami-e3b14688",
              "ami-3db34456",
              "ami-2fb34444",
              "ami-7bb64110",
              "ami-91b740fa",
              "ami-1f4bbf74",
              "ami-0d4bbf66",
              "ami-5f59ac34",
              "ami-23ff0a48",
              "ami-f593669e",
              "ami-f778929c",
              "ami-e226388a",
              "ami-e0263888",
              "ami-ca2a34a2",
              "ami-ee2a3486",
              "ami-0a302e62",
              "ami-08302e60",
              "ami-56322c3e",
              "ami-52322c3a",
              "ami-ae3729c6",
              "ami-ac3729c4",
              "ami-ea3b2582",
              "ami-143b257c",
              "ami-163a247e",
              "ami-143a247c",
              "ami-7a3a2412",
              "ami-9a3d23f2",
              "ami-643c220c",
              "ami-6e3c2206",
              "ami-b03e20d8",
              "ami-a03e20c8",
              "ami-be011fd6",
              "ami-a2011fca",
              "ami-de001eb6",
              "ami-dc001eb4",
              "ami-d8021cb0",
              "ami-e0021c88",
              "ami-4ea5b526",
              "ami-98beaef0",
              "ami-b6b5a5de",
              "ami-d0b9acb8",
              "ami-bae3f6d2",
              "ami-aae3f6c2",
              "ami-46c9dc2e",
              "ami-40c9dc28",
              "ami-2c3a3744",
              "ami-2a3a3742",
              "ami-c43835ac",
              "ami-c23835aa",
              "ami-70383518",
              "ami-78383510",
              "ami-5495923c",
              "ami-58959230",
              "ami-f696919e",
              "ami-f0969198",
              "ami-68969100",
              "ami-8a9790e2",
              "ami-bc0f08d4",
              "ami-96407afe",
              "ami-94407afc",
              "ami-f8aa9190",
              "ami-100f3478",
              "ami-ee093286",
              "ami-0e8fb766",
              "ami-088fb760",
              "ami-dcb78fb4",
              "ami-fc390194",
              "ami-7438001c",
              "ami-e8477f80",
              "ami-f4437b9c",
              "ami-f8437b90",
              "ami-f8427a90",
              "ami-e6427a8e",
              "ami-e8427a80",
              "ami-7a427a12",
              "ami-2441794c",
              "ami-9c4078f4",
              "ami-ecd5e884",
              "ami-f457679c",
              "ami-f257679a",
              "ami-08566660",
              "ami-3256665a",
              "ami-2a566642",
              "ami-5a566632",
              "ami-845565ec",
              "ami-805565e8",
              "ami-2c556544",
              "ami-5655653e",
              "ami-50556538",
              "ami-7c556514",
              "ami-4e546426",
              "ami-48546420",
              "ami-6652620e",
              "ami-6252620a",
              "ami-5a506032",
              "ami-4250602a",
              "ami-0c6f5f64",
              "ami-346f5f5c",
              "ami-d2301fba",
              "ami-f6331c9e",
              "ami-f2331c9a",
              "ami-e2331c8a",
              "ami-303b1458",
              "ami-b0210ed8",
              "ami-c02b04a8",
              "ami-10cae778",
              "ami-1ecae776",
              "ami-1ccae774",
              "ami-2ccae744",
              "ami-28cae740",
              "ami-5ccae734",
              "ami-40cae728",
              "ami-4ccae724",
              "ami-94cbe6fc",
              "ami-286b4640",
              "ami-c06944a8",
              "ami-f269449a",
              "ami-fc694494",
              "ami-f24d6f9a",
              "ami-e64d6f8e",
              "ami-e04d6f88",
              "ami-801544e8",
              "ami-4ab3f722",
              "ami-72b3f71a",
              "ami-62b3f70a",
              "ami-dc94d0b4",
              "ami-1a83c772",
              "ami-0883c760",
              "ami-3483c75c",
              "ami-3e83c756",
              "ami-7083c718",
              "ami-ec82c684",
              "ami-0e82c666",
              "ami-8e682ce6",
              "ami-b0682cd8",
              "ami-02682c6a",
              "ami-0c682c64",
              "ami-086f2b60",
              "ami-306f2b58",
              "ami-ee6e2a86",
              "ami-ea6e2a82",
              "ami-146e2a7c",
              "ami-8a6d29e2",
              "ami-886d29e0",
              "ami-a06d29c8",
              "ami-846c28ec",
              "ami-8e6c28e6",
              "ami-8c6c28e4",
              "ami-9c6327f4",
              "ami-986327f0",
              "ami-8e6327e6",
              "ami-6663270e",
              "ami-946226fc",
              "ami-926226fa",
              "ami-70622618",
              "ami-7e622616",
              "ami-966125fe",
              "ami-906125f8",
              "ami-9a6125f2",
              "ami-846125ec",
              "ami-7e612516",
              "ami-78612510",
              "ami-6461250c",
              "ami-ec602484",
              "ami-e8602480",
              "ami-10602478",
              "ami-b66723de",
              "ami-b86723d0",
              "ami-a66723ce",
              "ami-6e672306",
              "ami-b46622dc",
              "ami-bc6622d4",
              "ami-10bfc778",
              "ami-86bdc5ee",
              "ami-d0bdc5b8",
              "ami-38532d50",
              "ami-88710ce0",
              "ami-9a760bf2",
              "ami-a8f280c0",
              "ami-248dff4c",
              "ami-34ddbe5c",
              "ami-6673100e",
              "ami-10bbdd78",
              "ami-9cbddbf4",
              "ami-8ebddbe6",
              "ami-50e97538",
              "ami-5ce97534",
              "ami-5ae97532",
              "ami-94e879fc",
              "ami-50e87938",
              "ami-a2e978ca",
              "ami-a2a12eca",
              "ami-aea12ec6",
              "ami-aaa12ec2",
              "ami-a81599c0",
              "ami-c01599a8",
              "ami-3a159952",
              "ami-e295178a",
              "ami-ee951786",
              "ami-1695177e",
              "ami-8848c9e0",
              "ami-d848c9b0",
              "ami-0048c968",
              "ami-c421a7ac",
              "ami-784fc910",
              "ami-1687017e",
              "ami-0c860064",
              "ami-0a860062",
              "ami-aeb532c6",
              "ami-48b63120",
              "ami-08a22560",
              "ami-34a2255c",
              "ami-32a2255a",
              "ami-e4a3248c",
              "ami-eea32486",
              "ami-eca32484",
              "ami-184dc970",
              "ami-224dc94a",
              "ami-d204bcba",
              "ami-d004bcb8",
              "ami-e009b188",
              "ami-ea09b182",
              "ami-ba1ca4d2",
              "ami-a01ca4c8",
              "ami-de1ca4b6",
              "ami-6c1ca404",
              "ami-901ba3f8",
              "ami-9e1ba3f6",
              "ami-9a1ba3f2",
              "ami-8c1ba3e4",
              "ami-8a1ba3e2",
              "ami-4e1aa226",
              "ami-721aa21a",
              "ami-7c1aa214",
              "ami-ce19a1a6",
              "ami-cc19a1a4",
              "ami-f619a19e",
              "ami-fc19a194",
              "ami-f819a190",
              "ami-e019a188",
              "ami-766bd61e",
              "ami-ec68d584",
              "ami-0268d56a",
              "ami-9a6ed3f2",
              "ami-886ed3e0",
              "ami-b66ed3de",
              "ami-b06ed3d8",
              "ami-246ed34c",
              "ami-5c6ed334",
              "ami-7c6ed314",
              "ami-a06fd2c8",
              "ami-ba6cd1d2",
              "ami-f46cd19c",
              "ami-d6cc7abe",
              "ami-f8cf7990",
              "ami-eecf7986",
              "ami-34ce785c",
              "ami-26ce784e",
              "ami-94c177fc",
              "ami-b2c177da",
              "ami-bec177d6",
              "ami-18c17770",
              "ami-00c17768",
              "ami-0cc17764",
              "ami-08c17760",
              "ami-36c1775e",
              "ami-34c1775c",
              "ami-3ec17756",
              "ami-3cc17754",
              "ami-50c17738",
              "ami-5cc17734",
              "ami-42982d2a",
              "ami-4e982d26",
              "ami-4a982d22",
              "ami-5232983a",
              "ami-623d960a",
              "ami-3c228954",
              "ami-0c842d64",
              "ami-08842d60",
              "ami-34842d5c",
              "ami-50842d38",
              "ami-5a842d32",
              "ami-40842d28",
              "ami-92852cfa",
              "ami-82852cea",
              "ami-8e852ce6",
              "ami-be852cd6",
              "ami-ba852cd2",
              "ami-e6852c8e",
              "ami-16852c7e",
              "ami-3879a450",
              "ami-5e79a436",
              "ami-487ea320",
              "ami-cca775a4",
              "ami-8ebf6de6",
              "ami-4c9e4b24",
              "ami-6e9e4b06",
              "ami-809f4ae8",
              "ami-1e4c8476",
              "ami-8e4981e6",
              "ami-904880f8",
              "aki-f4bc469c",
              "ami-56d62a3e",
              "ami-8cd529e4",
              "ami-b2d529da",
              "ami-aaf408c2",
              "ami-1a619c72",
              "ami-54807d3c",
              "ami-7c807d14",
              "ami-d2817cba",
              "ami-20817c48",
              "ami-58817c30",
              "ami-4e817c26",
              "ami-76817c1e",
              "ami-82867bea",
              "ami-a6867bce",
              "ami-a2867bca",
              "ami-16867b7e",
              "ami-64867b0c",
              "ami-b46190dc",
              "ami-ac6190c4",
              "ami-d26190ba",
              "ami-709e7b18",
              "ami-11b1a978",
              "ami-19b1a970",
              "ami-395a4250",
              "ami-277a634e",
              "ami-fb8e9292",
              "ami-ed8e9284",
              "ami-178e927e",
              "ami-658e920c",
              "ami-978d91fe",
              "ami-8b8d91e2",
              "ami-d58d91bc",
              "ami-f78d919e",
              "ami-098d9160",
              "ami-318d9158",
              "ami-3576645c",
              "ami-a99685c0",
              "ami-0d392e64",
              "ami-2f726546",
              "ami-4b726522",
              "ami-6b726502",
              "ami-f9736490",
              "ami-5573643c",
              "ami-51736438",
              "ami-877463ee",
              "ami-897463e0",
              "ami-c77463ae",
              "ami-f1746398",
              "ami-834d45ea",
              "ami-354a4c5c",
              "ami-5d487534",
              "ami-3d4c7154",
              "ami-21341f48",
              "ami-b7a38fde",
              "ami-bba18dd2",
              "ami-d7a18dbe",
              "ami-e9a18d80",
              "ami-1ba18d72",
              "ami-31a18d58",
              "ami-53a18d3a",
              "ami-85a08cec",
              "ami-c3a08caa",
              "ami-eba08c82",
              "ami-73290b1a",
              "ami-87dcfdee",
              "ami-d1bfe4b8",
              "ami-dfbfe4b6",
              "ami-83e4bcea",
              "ami-cde4bca4",
              "ami-3be4bc52",
              "ami-5be4bc32",
              "ami-b5e3bbdc",
              "ami-abe3bbc2",
              "ami-dbe3bbb2",
              "ami-13e3bb7a",
              "ami-ad227cc4",
              "ami-09055560",
              "ami-4f732226",
              "aki-499ccb20",
              "aki-659ccb0c",
              "aki-919dcaf8",
              "aki-8f9dcae6",
              "ami-3565305c",
              "ami-7365301a",
              "ami-35792c5c",
              "ami-51792c38",
              "ami-5b792c32",
              "ami-65792c0c",
              "ami-6f792c06",
              "ami-69792c00",
              "ami-3b7e2b52",
              "ami-89216ae0",
              "ami-ea93ec83",
              "ami-86d8a5ef",
              "ami-4f9fee26",
              "ami-0503726c",
              "ami-c5066eac",
              "ami-570f603e",
              "ami-b3345bda",
              "ami-05355a6c",
              "ami-3b355a52",
              "ami-7f355a16",
              "ami-933659fa",
              "ami-bd3659d4",
              "ami-c73659ae",
              "ami-a73758ce",
              "ami-f494f19d",
              "ami-8edb41e7",
              "ami-e024bf89",
              "ami-fc75ee95",
              "ami-3275ee5b",
              "ami-3875ee51",
              "ami-5675ee3f",
              "ami-6a75ee03",
              "ami-6875ee01",
              "ami-8a76ede3",
              "ami-da76edb3",
              "ami-d876edb1",
              "ami-60a03d09",
              "ami-0cbe2d65",
              "ami-04cf5c6d",
              "ami-2ccf5c45",
              "ami-54cf5c3d",
              "ami-7ecf5c17",
              "ami-aec85bc7",
              "ami-a8c85bc1",
              "ami-c0c85ba9",
              "ami-f4c85b9d",
              "ami-16c85b7f",
              "ami-9f72f1f6",
              "ami-964ef4ff",
              "ami-e8249881",
              "ami-1624987f",
              "ami-10249879",
              "ami-1a249873",
              "ami-08249861",
              "ami-20249849",
              "ami-2a249843",
              "ami-70249819",
              "ami-922b97fb",
              "ami-49ec5a20",
              "ami-75ec5a1c",
              "ami-0380356a",
              "ami-3380355a",
              "ami-ff812b96",
              "ami-15812b7c",
              "ami-976dc3fe",
              "ami-916dc3f8",
              "ami-6702ad0e",
              "ami-cb0ca3a2",
              "ami-6d842b04",
              "ami-bf8d22d6",
              "ami-418d2228",
              "ami-8bb21de2",
              "ami-e9d27d80",
              "ami-cbd47ba2",
              "ami-8dd778e4",
              "ami-5bd97632",
              "ami-1d852974",
              "ami-2b852942",
              "ami-94cd60fd",
              "ami-b6cd60df",
              "ami-a0cd60c9",
              "ami-aecd60c7",
              "ami-a8cd60c1",
              "ami-a83f9dc1",
              "ami-de3f9db7",
              "ami-0278da6b",
              "ami-0078da69",
              "ami-6678da0f",
              "ami-6078da09",
              "ami-6e78da07",
              "ami-ccca69a5",
              "ami-f4ca699d",
              "ami-e6ca698f",
              "ami-e2ca698b",
              "ami-f619c29f",
              "ami-2e1bc047",
              "ami-cf5987a6",
              "ami-f759879e",
              "ami-db65bab2",
              "ami-f565ba9c",
              "ami-e565ba8c",
              "ami-ed65ba84",
              "ami-e965ba80",
              "ami-dc3ee1b5",
              "ami-d83ee1b1",
              "aki-88aa75e1",
              "aki-b6aa75df",
              "aki-b4aa75dd",
              "aki-b2aa75db",
              "ami-b9ec3cd0",
              "ami-adec3cc4",
              "ami-abec3cc2",
              "ami-d5ec3cbc",
              "ami-cb7bb1a2",
              "ami-e77bb18e",
              "ami-e57bb18c",
              "ami-ef7bb186",
              "ami-97ed27fe",
              "ami-ef0fc686",
              "ami-130fc67a",
              "ami-1b0fc672",
              "ami-0b0fc662",
              "ami-174c827e",
              "ami-0da96764",
              "ami-1b814f72",
              "ami-31814f58",
              "ami-41814f28",
              "ami-4b814f22",
              "ami-81a768e8",
              "ami-aba768c2",
              "ami-cfab67a6",
              "ami-cbab67a2",
              "ami-f7ab679e",
              "ami-3fa96556",
              "ami-df4183b6",
              "ami-7341831a",
              "ami-7f418316",
              "ami-954082fc",
              "ami-9f4082f6",
              "ami-05c0026c",
              "ami-53c0023a",
              "ami-318e4c58",
              "ami-278e4c4e",
              "ami-518e4c38",
              "ami-4f8e4c26",
              "ami-39de1f50",
              "ami-23de1f4a",
              "ami-79de1f10",
              "ami-6dde1f04",
              "ami-454c8a2c",
              "ami-4f4c8a26",
              "ami-0737f16e",
              "ami-2537f14c",
              "ami-8ba96fe2",
              "ami-b7a96fde",
              "ami-83ad6bea",
              "ami-ffac6a96",
              "ami-01965068",
              "ami-f9814790",
              "ami-3783455e",
              "ami-3383455a",
              "ami-c762a5ae",
              "ami-c963a4a0",
              "ami-25f0374c",
              "ami-53f0373a",
              "ami-adf334c4",
              "ami-1ff33476",
              "ami-6bf53202",
              "ami-9df631f4",
              "ami-33f6315a",
              "ami-31f63158",
              "ami-9df730f4",
              "ami-99f730f0",
              "ami-f331f59a",
              "ami-f131f598",
              "ami-1330f47a",
              "ami-1b30f472",
              "ari-e6bc478f",
              "aki-eabc4783",
              "aki-825ea7eb",
              "aki-805ea7e9",
              "aki-8e5ea7e7",
              "aki-525ea73b",
              "ami-524db23b",
              "ami-5e4db237",
              "ami-424db22b",
              "ami-404db229",
              "ami-b8c539d1",
              "ami-a4c539cd",
              "ami-80c438e9",
              "ami-4ad72b23",
              "ami-cabd41a3",
              "ami-eebd4187",
              "ami-005daf69",
              "ami-385daf51",
              "ami-d8699bb1",
              "ami-c6699baf",
              "ami-aa8476c3",
              "ami-d08476b9",
              "ami-2a58ab43",
              "ami-b659aadf",
              "ami-2463904d",
              "ami-20639049",
              "ami-321eed5b",
              "ami-8e1fece7",
              "ami-8c1fece5",
              "ami-221fec4b",
              "ami-2a1fec43",
              "ami-3014e759",
              "ami-3e14e757",
              "ami-f617e49f",
              "ami-f417e49d",
              "ami-7017e419",
              "ami-6e17e407",
              "ami-b210e3db",
              "ami-ac10e3c5",
              "ami-8211e2eb",
              "ami-8e11e2e7",
              "ami-d411e2bd",
              "ami-da11e2b3",
              "ami-7a11e213",
              "ami-6411e20d",
              "ami-c213e0ab",
              "ami-c813e0a1",
              "ami-2613e04f",
              "ami-2213e04b",
              "ami-7813e011",
              "ami-6213e00b",
              "ami-b425d6dd",
              "ami-4825d621",
              "ami-100fff79",
              "ami-060fff6f",
              "ami-2412e24d",
              "ami-fefd0d97",
              "ami-fafd0d93",
              "ami-b209f8db",
              "ami-7609f81f",
              "ami-42a2532b",
              "ami-76f0061f",
              "ami-74f0061d",
              "ami-a99d6bc0",
              "ami-d59d6bbc",
              "ami-aa30c7c3",
              "ami-08728661",
              "ami-2272864b",
              "ami-987185f1",
              "ami-827185eb",
              "ari-0ccd3965",
              "aki-1c669375",
              "ari-580bfe31",
              "aki-460bfe2f",
              "aki-cc06f3a5",
              "ari-f606f39f",
              "ari-f406f39d",
              "aki-f006f399",
              "ami-3ac33653",
              "ami-38c33651",
              "ami-8ec035e7",
              "ami-8cc035e5",
              "ami-0af30663",
              "ami-30f30659",
              "ami-daf005b3",
              "ami-d8f005b1",
              "ari-868174ef",
              "ari-888174e1",
              "aki-b28174db",
              "aki-9ed53ff7",
              "ari-42907a2b",
              "aki-4a907a23",
              "aki-427d952b",
              "aki-407d9529",
              "aki-4e7d9527",
              "aki-4c7d9525",
              "ami-7ea24a17",
              "ari-024aa86b",
              "aki-0a4aa863",
              "ari-604aa809",
              "aki-9645a7ff",
              "ari-2242a04b",
              "ari-2c42a045",
              "aki-2a42a043",
              "aki-5642a03f",
              "ari-3238da5b",
              "aki-3038da59",
              "ami-b232d0db",
              "ami-86db39ef",
              "ami-84db39ed",
              "ari-56ce2c3f",
              "aki-54ce2c3d",
              "ami-20b65349",
              "ami-d1ca2db8",
              "aki-d4ca2dbd",
              "aki-4d58b924",
              "aki-e5c1218c",
              "ami-205fba49",
              "ami-225fba4b",
              "ami-48aa4921",
              "aki-b51cf9dc",
              "ami-2e5fba47",
              "aki-a71cf9ce",
              "aki-f5c1219c",
              "aki-46e7002f",
              "ami-36ff1a5f",
              "ami-22b6534b",
              "ami-235fba4a",
              "ami-2a5fba43",
              "ami-5647a33f",
              "ami-f61dfd9f",
              "aki-a6f210cf",
              "ami-23b6534a",
              "aki-a53adfcc",
              "ami-215fba48",
              "ami-26b6534f",
              "aki-6248a80b",
              "aki-a3d737ca",
              "ami-25b6534c",
              "ami-f51aff9c",
              "ami-255fba4c",
              "aki-9800e5f1",
              "aki-12f0127b",
              "ami-3c47a355",
              "aki-94c527fd",
              "aki-6eaa4907",
              "ami-2b5fba42",
              "ari-42b95a2b",
              "ari-4f58b926",
              "ari-4fdf3f26",
              "aki-b9e707d0",
              "aki-6f917106",
              "ami-11ca2d78",
              "ari-64b95e0d",
              "ari-6591710c",
              "ari-67b95e0e",
              "ari-7cb95a15",
              "ami-2f5fba46",
              "ami-2d5fba44",
              "ari-96c527ff",
              "ari-a23adfcb",
              "ari-a51cf9cc",
              "ari-b31cf9da",
              "ari-baf210d3",
              "ari-bde707d4",
              "ari-dbc121b2",
              "ari-e3c1218a",
              "ami-2547a34c",
              "ari-e7dc3c8e",
              "ami-f21aff9b",
              "aki-9b00e5f2"
            ],
            "name_regex": null,
            "owners": [
              "amazon"
            ],
            "sort_ascending": false
          }
        }
      ]
    },
    {
      "mode": "data",
      "type": "aws_subnet_ids",
      "name": "default_subnets",
      "provider": "provider.aws",
      "instances": [
        {
          "schema_version": 0,
          "attributes": {
            "filter": null,
            "id": "vpc-924b8ee8",
            "ids": [
              "subnet-217acc7d",
              "subnet-5f10a071",
              "subnet-7698f279",
              "subnet-8570c4e2",
              "subnet-8603f8b8",
              "subnet-9eaeebd4"
            ],
            "tags": null,
            "vpc_id": "vpc-924b8ee8"
          }
        }
      ]
    },
    {
      "mode": "data",
      "type": "aws_subnet_ids",
      "name": "default_subnets_test",
      "provider": "provider.aws",
      "instances": [
        {
          "schema_version": 0,
          "attributes": {
            "filter": null,
            "id": "vpc-924b8ee8",
            "ids": [
              "subnet-217acc7d",
              "subnet-5f10a071",
              "subnet-7698f279",
              "subnet-8570c4e2",
              "subnet-8603f8b8",
              "subnet-9eaeebd4"
            ],
            "tags": null,
            "vpc_id": "vpc-924b8ee8"
          }
        }
      ]
    },
    {
      "mode": "managed",
      "type": "aws_default_vpc",
      "name": "default",
      "provider": "provider.aws",
      "instances": [
        {
          "schema_version": 1,
          "attributes": {
            "arn": "arn:aws:ec2:us-east-1:324576235387:vpc/vpc-924b8ee8",
            "assign_generated_ipv6_cidr_block": false,
            "cidr_block": "172.31.0.0/16",
            "default_network_acl_id": "acl-3568454f",
            "default_route_table_id": "rtb-ea2aad95",
            "default_security_group_id": "sg-bb2f8bf1",
            "dhcp_options_id": "dopt-d3d9bea8",
            "enable_classiclink": false,
            "enable_classiclink_dns_support": false,
            "enable_dns_hostnames": true,
            "enable_dns_support": true,
            "id": "vpc-924b8ee8",
            "instance_tenancy": "default",
            "ipv6_association_id": "",
            "ipv6_cidr_block": "",
            "main_route_table_id": "rtb-ea2aad95",
            "owner_id": "324576235387",
            "tags": {
              "Name": "Default VPC"
            }
          },
          "private": "eyJzY2hlbWFfdmVyc2lvbiI6IjEifQ=="
        }
      ]
    },
    {
      "mode": "managed",
      "type": "aws_instance",
      "name": "http_instance",
      "provider": "provider.aws",
      "instances": [
        {
          "schema_version": 1,
          "attributes": {
            "ami": "ami-0323c3dd2da7fb37d",
            "arn": "arn:aws:ec2:us-east-1:324576235387:instance/i-08c741bb0c628e681",
            "associate_public_ip_address": true,
            "availability_zone": "us-east-1d",
            "cpu_core_count": 1,
            "cpu_threads_per_core": 1,
            "credit_specification": [
              {
                "cpu_credits": "standard"
              }
            ],
            "disable_api_termination": false,
            "ebs_block_device": [],
            "ebs_optimized": false,
            "ephemeral_block_device": [],
            "get_password_data": false,
            "hibernation": false,
            "host_id": null,
            "iam_instance_profile": "",
            "id": "i-08c741bb0c628e681",
            "instance_initiated_shutdown_behavior": null,
            "instance_state": "running",
            "instance_type": "t2.small",
            "ipv6_address_count": 0,
            "ipv6_addresses": [],
            "key_name": "aditya6",
            "metadata_options": [
              {
                "http_endpoint": "enabled",
                "http_put_response_hop_limit": 1,
                "http_tokens": "optional"
              }
            ],
            "monitoring": false,
            "network_interface": [],
            "network_interface_id": null,
            "password_data": "",
            "placement_group": "",
            "primary_network_interface_id": "eni-0de37b57f904710b2",
            "private_dns": "ip-172-31-44-206.ec2.internal",
            "private_ip": "172.31.44.206",
            "public_dns": "ec2-54-224-117-63.compute-1.amazonaws.com",
            "public_ip": "54.224.117.63",
            "root_block_device": [
              {
                "delete_on_termination": true,
                "encrypted": false,
                "iops": 100,
                "kms_key_id": "",
                "volume_id": "vol-060b0216440571f25",
                "volume_size": 8,
                "volume_type": "gp2"
              }
            ],
            "security_groups": [
              "Demiliterzed_SG"
            ],
            "source_dest_check": true,
            "subnet_id": "subnet-217acc7d",
            "tags": null,
            "tenancy": "default",
            "timeouts": null,
            "user_data": null,
            "user_data_base64": null,
            "volume_tags": {},
            "vpc_security_group_ids": [
              "sg-0a5d6a888b0d9c42f"
            ]
          },
          "private": "eyJlMmJmYjczMC1lY2FhLTExZTYtOGY4OC0zNDM2M2JjN2M0YzAiOnsiY3JlYXRlIjo2MDAwMDAwMDAwMDAsImRlbGV0ZSI6MTIwMDAwMDAwMDAwMCwidXBkYXRlIjo2MDAwMDAwMDAwMDB9LCJzY2hlbWFfdmVyc2lvbiI6IjEifQ==",
          "dependencies": [
            "aws_security_group.my_first_security_group"
          ]
        }
      ]
    },
    {
      "mode": "managed",
      "type": "aws_security_group",
      "name": "my_first_security_group",
      "provider": "provider.aws",
      "instances": [
        {
          "schema_version": 1,
          "attributes": {
            "arn": "arn:aws:ec2:us-east-1:324576235387:security-group/sg-0a5d6a888b0d9c42f",
            "description": "Managed by Terraform",
            "egress": [
              {
                "cidr_blocks": [
                  "0.0.0.0/0"
                ],
                "description": "",
                "from_port": 0,
                "ipv6_cidr_blocks": [],
                "prefix_list_ids": [],
                "protocol": "-1",
                "security_groups": [],
                "self": false,
                "to_port": 0
              }
            ],
            "id": "sg-0a5d6a888b0d9c42f",
            "ingress": [
              {
                "cidr_blocks": [
                  "0.0.0.0/0"
                ],
                "description": "",
                "from_port": 22,
                "ipv6_cidr_blocks": [],
                "prefix_list_ids": [],
                "protocol": "tcp",
                "security_groups": [],
                "self": false,
                "to_port": 22
              },
              {
                "cidr_blocks": [
                  "0.0.0.0/0"
                ],
                "description": null,
                "from_port": 80,
                "ipv6_cidr_blocks": [],
                "prefix_list_ids": [],
                "protocol": "tcp",
                "security_groups": [],
                "self": false,
                "to_port": 80
              }
            ],
            "name": "Demiliterzed_SG",
            "name_prefix": null,
            "owner_id": "324576235387",
            "revoke_rules_on_delete": false,
            "tags": {
              "name": "Http_Server_SG_TEST"
            },
            "timeouts": null,
            "vpc_id": "vpc-924b8ee8"
          },
          "private": "eyJlMmJmYjczMC1lY2FhLTExZTYtOGY4OC0zNDM2M2JjN2M0YzAiOnsiY3JlYXRlIjo2MDAwMDAwMDAwMDAsImRlbGV0ZSI6NjAwMDAwMDAwMDAwfSwic2NoZW1hX3ZlcnNpb24iOiIxIn0="
        }
      ]
    }
  ]
}
